<?xml version="1.0" encoding="utf-8"?>
<Project ToolsVersion="16.0" xmlns="http://schemas.microsoft.com/developer/msbuild/2003">
  <ItemGroup>
    <CustomBuild Include="C:\Users\p1419778\Downloads\SimbodyBuild\CMakeFiles\ed92be34675cf19d6f7dea2e00ac76a3\RUN_TESTS_force.rule">
      <Filter>CMake Rules</Filter>
    </CustomBuild>
  </ItemGroup>
  <ItemGroup>
    <Filter Include="CMake Rules">
      <UniqueIdentifier>{CA3E55A4-1BD3-3F4A-BD53-032E4EF08D13}</UniqueIdentifier>
    </Filter>
  </ItemGroup>
</Project>
