Microsoft Visual Studio Solution File, Format Version 12.00
# Visual Studio 16
Project("{8BC9CEB8-8B4A-11D0-8D11-00A0C91BC942}") = "ALL_BUILD", "ALL_BUILD.vcxproj", "{BC182BFA-BB8E-33CE-9D35-257FDE21AFD5}"
	ProjectSection(ProjectDependencies) = postProject
		{EE682C57-1833-339D-B6A5-60678B62FC3E} = {EE682C57-1833-339D-B6A5-60678B62FC3E}
		{EF2A37EC-2A41-3787-B70F-10D93C8DAA85} = {EF2A37EC-2A41-3787-B70F-10D93C8DAA85}
		{9F50EF7F-FC17-3416-8D9A-237B024760EC} = {9F50EF7F-FC17-3416-8D9A-237B024760EC}
		{733F6092-1668-3C6C-A9E7-BEC06339BF7A} = {733F6092-1668-3C6C-A9E7-BEC06339BF7A}
		{65162B98-F93E-382A-9B5C-5C44CEAB8D58} = {65162B98-F93E-382A-9B5C-5C44CEAB8D58}
		{D3C13B2C-EFAE-3DC5-8DF6-4CE43280B108} = {D3C13B2C-EFAE-3DC5-8DF6-4CE43280B108}
		{E05BCB10-5459-3ADB-A3BA-DFFBF4E4E058} = {E05BCB10-5459-3ADB-A3BA-DFFBF4E4E058}
		{2BC128B3-1391-3419-A213-498E725B444E} = {2BC128B3-1391-3419-A213-498E725B444E}
		{F52BE148-95C7-3578-943A-1D642AF453B1} = {F52BE148-95C7-3578-943A-1D642AF453B1}
		{2F031CF3-7BE4-3F8A-A39B-AA6661984976} = {2F031CF3-7BE4-3F8A-A39B-AA6661984976}
		{43E7FA84-B553-300B-9D23-DD2C1D02E724} = {43E7FA84-B553-300B-9D23-DD2C1D02E724}
		{595D1791-B947-35B9-A176-514B9285A72A} = {595D1791-B947-35B9-A176-514B9285A72A}
		{BA598A32-9779-3F9E-B70F-C1DB51E44B08} = {BA598A32-9779-3F9E-B70F-C1DB51E44B08}
		{33277412-10C6-398F-A84E-ED8460551FD9} = {33277412-10C6-398F-A84E-ED8460551FD9}
		{3D47D80E-B8DC-3B35-83C0-2282B41A3BBB} = {3D47D80E-B8DC-3B35-83C0-2282B41A3BBB}
		{C983AED5-2C53-3CA7-B231-38DED21BF8B7} = {C983AED5-2C53-3CA7-B231-38DED21BF8B7}
		{A7E24F65-65FB-3CEC-8DF4-0EC8546887FE} = {A7E24F65-65FB-3CEC-8DF4-0EC8546887FE}
		{AC8D504C-4B4B-3A90-A9D2-C11C82211642} = {AC8D504C-4B4B-3A90-A9D2-C11C82211642}
		{D9DF1DD3-7321-3F61-BB11-898EF67415FF} = {D9DF1DD3-7321-3F61-BB11-898EF67415FF}
		{1ECB2A72-2973-3D5E-9FEF-5293CC6075E9} = {1ECB2A72-2973-3D5E-9FEF-5293CC6075E9}
		{F054D452-CC71-33A4-96D9-8544B832BCEF} = {F054D452-CC71-33A4-96D9-8544B832BCEF}
		{0D57CAA1-217F-3903-9897-2610943D9622} = {0D57CAA1-217F-3903-9897-2610943D9622}
		{85B1B68D-EDBB-3F5B-AEEE-8B4CAF0F4E66} = {85B1B68D-EDBB-3F5B-AEEE-8B4CAF0F4E66}
		{56786DCB-234F-39BD-8B22-A41BAEACA697} = {56786DCB-234F-39BD-8B22-A41BAEACA697}
		{A907FEB8-1B11-301A-BC54-1A7B8650DC72} = {A907FEB8-1B11-301A-BC54-1A7B8650DC72}
		{CCCB8B41-36B2-38C4-8268-80A566564B3F} = {CCCB8B41-36B2-38C4-8268-80A566564B3F}
		{6165FDC0-878E-301E-AE7C-0B1A3ADFC989} = {6165FDC0-878E-301E-AE7C-0B1A3ADFC989}
		{898E5A51-5174-3B73-93BC-15DB1DCB6B4C} = {898E5A51-5174-3B73-93BC-15DB1DCB6B4C}
		{16415B50-759A-3605-9F46-A895FC1ED56A} = {16415B50-759A-3605-9F46-A895FC1ED56A}
		{A0175FBA-8730-3DAF-B788-7B26BED1B0E6} = {A0175FBA-8730-3DAF-B788-7B26BED1B0E6}
		{FDD33A19-3337-3EB2-A058-D34E70469451} = {FDD33A19-3337-3EB2-A058-D34E70469451}
		{C582B7B8-BDE6-3CA1-A686-E67E3BFBC313} = {C582B7B8-BDE6-3CA1-A686-E67E3BFBC313}
		{6E88353B-7AA9-33DC-B1DD-84E27D899886} = {6E88353B-7AA9-33DC-B1DD-84E27D899886}
		{BFE36581-C40E-3E10-BA4C-81377F982F2F} = {BFE36581-C40E-3E10-BA4C-81377F982F2F}
		{2F665F2C-07CE-3629-939E-567DFCDF240C} = {2F665F2C-07CE-3629-939E-567DFCDF240C}
		{097E40BB-931D-3A54-95AC-368707039A27} = {097E40BB-931D-3A54-95AC-368707039A27}
		{5013DB87-5D76-33FD-A38A-F5EA22C7ECD8} = {5013DB87-5D76-33FD-A38A-F5EA22C7ECD8}
		{265A3C3D-3A9C-3F56-AE0F-C68195BE24AB} = {265A3C3D-3A9C-3F56-AE0F-C68195BE24AB}
		{1F29940B-04B4-3EFE-8FE2-04750829DB2D} = {1F29940B-04B4-3EFE-8FE2-04750829DB2D}
		{14532A88-D6BD-3DE5-9C06-33C5D8E0A8B0} = {14532A88-D6BD-3DE5-9C06-33C5D8E0A8B0}
		{ED265CBD-F091-3EE2-B98E-9EAA67B92EE0} = {ED265CBD-F091-3EE2-B98E-9EAA67B92EE0}
		{BE170EBC-8DDE-36FF-852D-3DCFED3CB651} = {BE170EBC-8DDE-36FF-852D-3DCFED3CB651}
		{C179777E-D098-30FD-8DA2-24C8AFDE9786} = {C179777E-D098-30FD-8DA2-24C8AFDE9786}
		{D331DFFC-8554-37F0-AC1D-02AF7EF9239F} = {D331DFFC-8554-37F0-AC1D-02AF7EF9239F}
		{24D7D4EA-585F-37C4-A0EC-C700DEC80CE3} = {24D7D4EA-585F-37C4-A0EC-C700DEC80CE3}
		{BCF5ECF3-04D6-3EF9-8A05-062545B38C61} = {BCF5ECF3-04D6-3EF9-8A05-062545B38C61}
		{25F816D5-1AC9-3554-A474-2057D14FDF7F} = {25F816D5-1AC9-3554-A474-2057D14FDF7F}
		{F7AA6620-7858-3664-BF85-EFBEA963DA15} = {F7AA6620-7858-3664-BF85-EFBEA963DA15}
		{75D5C2AB-4DED-357A-BA1E-7B7AD0DFD60C} = {75D5C2AB-4DED-357A-BA1E-7B7AD0DFD60C}
		{A7786D0D-81F3-32D6-81A2-AA784D3C801E} = {A7786D0D-81F3-32D6-81A2-AA784D3C801E}
		{C52CB74C-BB49-371E-81CB-D492CC7434E8} = {C52CB74C-BB49-371E-81CB-D492CC7434E8}
		{2B5774D1-FD4C-3018-9BC3-1C845308C971} = {2B5774D1-FD4C-3018-9BC3-1C845308C971}
		{B50AFA5A-EF57-3E74-89AB-4B728DD499A6} = {B50AFA5A-EF57-3E74-89AB-4B728DD499A6}
		{AF318DAB-521C-3D22-8E22-B1222A73DCA6} = {AF318DAB-521C-3D22-8E22-B1222A73DCA6}
		{12C5E072-084A-34BE-B894-44B5D9832E4A} = {12C5E072-084A-34BE-B894-44B5D9832E4A}
		{FE63E6AB-30D2-34AD-9B76-3ECB9E75EA6C} = {FE63E6AB-30D2-34AD-9B76-3ECB9E75EA6C}
		{64DDE705-2E52-3D93-BA22-C5184B106741} = {64DDE705-2E52-3D93-BA22-C5184B106741}
		{70632754-C66C-34B1-B65F-1101F0C4FC9F} = {70632754-C66C-34B1-B65F-1101F0C4FC9F}
		{E0BD2C9A-BB81-31C5-9B26-415414A6F5E3} = {E0BD2C9A-BB81-31C5-9B26-415414A6F5E3}
		{F38531E7-79B8-34CA-B1F4-4FC060FDCE2A} = {F38531E7-79B8-34CA-B1F4-4FC060FDCE2A}
		{A6463296-2A96-3131-9A94-0357291D78C0} = {A6463296-2A96-3131-9A94-0357291D78C0}
		{63018CCF-8F17-3559-A596-7A39AF7693E6} = {63018CCF-8F17-3559-A596-7A39AF7693E6}
		{2CA70A53-A7AA-3926-9D5A-9A1CE4C05C68} = {2CA70A53-A7AA-3926-9D5A-9A1CE4C05C68}
		{EEBBBD9B-EBC8-3BFF-B892-9B6DD038803A} = {EEBBBD9B-EBC8-3BFF-B892-9B6DD038803A}
		{B1F1C3FE-D25D-3472-A7FA-578404D698FA} = {B1F1C3FE-D25D-3472-A7FA-578404D698FA}
		{79DAD132-1732-3D2F-8C28-32BB3C936AE9} = {79DAD132-1732-3D2F-8C28-32BB3C936AE9}
		{E4A066AA-13BE-3425-8DB0-02614993B74C} = {E4A066AA-13BE-3425-8DB0-02614993B74C}
	EndProjectSection
EndProject
Project("{8BC9CEB8-8B4A-11D0-8D11-00A0C91BC942}") = "BilateralContactConstraints", "tests\adhoc\BilateralContactConstraints.vcxproj", "{EE682C57-1833-339D-B6A5-60678B62FC3E}"
	ProjectSection(ProjectDependencies) = postProject
		{57A7D7C0-0C91-3A20-9348-1A4502E3D36F} = {57A7D7C0-0C91-3A20-9348-1A4502E3D36F}
		{FF0FE57D-8DBC-3E9A-A7E5-C6B77C7FB2D5} = {FF0FE57D-8DBC-3E9A-A7E5-C6B77C7FB2D5}
		{FDD33A19-3337-3EB2-A058-D34E70469451} = {FDD33A19-3337-3EB2-A058-D34E70469451}
		{79DAD132-1732-3D2F-8C28-32BB3C936AE9} = {79DAD132-1732-3D2F-8C28-32BB3C936AE9}
		{E4A066AA-13BE-3425-8DB0-02614993B74C} = {E4A066AA-13BE-3425-8DB0-02614993B74C}
	EndProjectSection
EndProject
Project("{8BC9CEB8-8B4A-11D0-8D11-00A0C91BC942}") = "CableOverBicubicSurfaces", "tests\adhoc\CableOverBicubicSurfaces.vcxproj", "{EF2A37EC-2A41-3787-B70F-10D93C8DAA85}"
	ProjectSection(ProjectDependencies) = postProject
		{57A7D7C0-0C91-3A20-9348-1A4502E3D36F} = {57A7D7C0-0C91-3A20-9348-1A4502E3D36F}
		{FF0FE57D-8DBC-3E9A-A7E5-C6B77C7FB2D5} = {FF0FE57D-8DBC-3E9A-A7E5-C6B77C7FB2D5}
		{FDD33A19-3337-3EB2-A058-D34E70469451} = {FDD33A19-3337-3EB2-A058-D34E70469451}
		{79DAD132-1732-3D2F-8C28-32BB3C936AE9} = {79DAD132-1732-3D2F-8C28-32BB3C936AE9}
		{E4A066AA-13BE-3425-8DB0-02614993B74C} = {E4A066AA-13BE-3425-8DB0-02614993B74C}
	EndProjectSection
EndProject
Project("{8BC9CEB8-8B4A-11D0-8D11-00A0C91BC942}") = "CoarseRNA", "tests\adhoc\CoarseRNA.vcxproj", "{9F50EF7F-FC17-3416-8D9A-237B024760EC}"
	ProjectSection(ProjectDependencies) = postProject
		{57A7D7C0-0C91-3A20-9348-1A4502E3D36F} = {57A7D7C0-0C91-3A20-9348-1A4502E3D36F}
		{FF0FE57D-8DBC-3E9A-A7E5-C6B77C7FB2D5} = {FF0FE57D-8DBC-3E9A-A7E5-C6B77C7FB2D5}
		{FDD33A19-3337-3EB2-A058-D34E70469451} = {FDD33A19-3337-3EB2-A058-D34E70469451}
		{79DAD132-1732-3D2F-8C28-32BB3C936AE9} = {79DAD132-1732-3D2F-8C28-32BB3C936AE9}
		{E4A066AA-13BE-3425-8DB0-02614993B74C} = {E4A066AA-13BE-3425-8DB0-02614993B74C}
	EndProjectSection
EndProject
Project("{8BC9CEB8-8B4A-11D0-8D11-00A0C91BC942}") = "CompliantBlockImpact", "tests\adhoc\CompliantBlockImpact.vcxproj", "{733F6092-1668-3C6C-A9E7-BEC06339BF7A}"
	ProjectSection(ProjectDependencies) = postProject
		{57A7D7C0-0C91-3A20-9348-1A4502E3D36F} = {57A7D7C0-0C91-3A20-9348-1A4502E3D36F}
		{FF0FE57D-8DBC-3E9A-A7E5-C6B77C7FB2D5} = {FF0FE57D-8DBC-3E9A-A7E5-C6B77C7FB2D5}
		{FDD33A19-3337-3EB2-A058-D34E70469451} = {FDD33A19-3337-3EB2-A058-D34E70469451}
		{79DAD132-1732-3D2F-8C28-32BB3C936AE9} = {79DAD132-1732-3D2F-8C28-32BB3C936AE9}
		{E4A066AA-13BE-3425-8DB0-02614993B74C} = {E4A066AA-13BE-3425-8DB0-02614993B74C}
	EndProjectSection
EndProject
Project("{8BC9CEB8-8B4A-11D0-8D11-00A0C91BC942}") = "ContactBigMeshes", "tests\adhoc\ContactBigMeshes.vcxproj", "{65162B98-F93E-382A-9B5C-5C44CEAB8D58}"
	ProjectSection(ProjectDependencies) = postProject
		{57A7D7C0-0C91-3A20-9348-1A4502E3D36F} = {57A7D7C0-0C91-3A20-9348-1A4502E3D36F}
		{FF0FE57D-8DBC-3E9A-A7E5-C6B77C7FB2D5} = {FF0FE57D-8DBC-3E9A-A7E5-C6B77C7FB2D5}
		{FDD33A19-3337-3EB2-A058-D34E70469451} = {FDD33A19-3337-3EB2-A058-D34E70469451}
		{79DAD132-1732-3D2F-8C28-32BB3C936AE9} = {79DAD132-1732-3D2F-8C28-32BB3C936AE9}
		{E4A066AA-13BE-3425-8DB0-02614993B74C} = {E4A066AA-13BE-3425-8DB0-02614993B74C}
	EndProjectSection
EndProject
Project("{8BC9CEB8-8B4A-11D0-8D11-00A0C91BC942}") = "ContactBrickTest", "tests\adhoc\ContactBrickTest.vcxproj", "{D3C13B2C-EFAE-3DC5-8DF6-4CE43280B108}"
	ProjectSection(ProjectDependencies) = postProject
		{57A7D7C0-0C91-3A20-9348-1A4502E3D36F} = {57A7D7C0-0C91-3A20-9348-1A4502E3D36F}
		{FF0FE57D-8DBC-3E9A-A7E5-C6B77C7FB2D5} = {FF0FE57D-8DBC-3E9A-A7E5-C6B77C7FB2D5}
		{FDD33A19-3337-3EB2-A058-D34E70469451} = {FDD33A19-3337-3EB2-A058-D34E70469451}
		{79DAD132-1732-3D2F-8C28-32BB3C936AE9} = {79DAD132-1732-3D2F-8C28-32BB3C936AE9}
		{E4A066AA-13BE-3425-8DB0-02614993B74C} = {E4A066AA-13BE-3425-8DB0-02614993B74C}
	EndProjectSection
EndProject
Project("{8BC9CEB8-8B4A-11D0-8D11-00A0C91BC942}") = "ContactTest", "tests\adhoc\ContactTest.vcxproj", "{E05BCB10-5459-3ADB-A3BA-DFFBF4E4E058}"
	ProjectSection(ProjectDependencies) = postProject
		{57A7D7C0-0C91-3A20-9348-1A4502E3D36F} = {57A7D7C0-0C91-3A20-9348-1A4502E3D36F}
		{FF0FE57D-8DBC-3E9A-A7E5-C6B77C7FB2D5} = {FF0FE57D-8DBC-3E9A-A7E5-C6B77C7FB2D5}
		{FDD33A19-3337-3EB2-A058-D34E70469451} = {FDD33A19-3337-3EB2-A058-D34E70469451}
		{79DAD132-1732-3D2F-8C28-32BB3C936AE9} = {79DAD132-1732-3D2F-8C28-32BB3C936AE9}
		{E4A066AA-13BE-3425-8DB0-02614993B74C} = {E4A066AA-13BE-3425-8DB0-02614993B74C}
	EndProjectSection
EndProject
Project("{8BC9CEB8-8B4A-11D0-8D11-00A0C91BC942}") = "ElasticFoundation", "tests\adhoc\ElasticFoundation.vcxproj", "{2BC128B3-1391-3419-A213-498E725B444E}"
	ProjectSection(ProjectDependencies) = postProject
		{57A7D7C0-0C91-3A20-9348-1A4502E3D36F} = {57A7D7C0-0C91-3A20-9348-1A4502E3D36F}
		{FF0FE57D-8DBC-3E9A-A7E5-C6B77C7FB2D5} = {FF0FE57D-8DBC-3E9A-A7E5-C6B77C7FB2D5}
		{FDD33A19-3337-3EB2-A058-D34E70469451} = {FDD33A19-3337-3EB2-A058-D34E70469451}
		{79DAD132-1732-3D2F-8C28-32BB3C936AE9} = {79DAD132-1732-3D2F-8C28-32BB3C936AE9}
		{E4A066AA-13BE-3425-8DB0-02614993B74C} = {E4A066AA-13BE-3425-8DB0-02614993B74C}
	EndProjectSection
EndProject
Project("{8BC9CEB8-8B4A-11D0-8D11-00A0C91BC942}") = "FreeWater", "tests\adhoc\FreeWater.vcxproj", "{F52BE148-95C7-3578-943A-1D642AF453B1}"
	ProjectSection(ProjectDependencies) = postProject
		{57A7D7C0-0C91-3A20-9348-1A4502E3D36F} = {57A7D7C0-0C91-3A20-9348-1A4502E3D36F}
		{FF0FE57D-8DBC-3E9A-A7E5-C6B77C7FB2D5} = {FF0FE57D-8DBC-3E9A-A7E5-C6B77C7FB2D5}
		{FDD33A19-3337-3EB2-A058-D34E70469451} = {FDD33A19-3337-3EB2-A058-D34E70469451}
		{79DAD132-1732-3D2F-8C28-32BB3C936AE9} = {79DAD132-1732-3D2F-8C28-32BB3C936AE9}
		{E4A066AA-13BE-3425-8DB0-02614993B74C} = {E4A066AA-13BE-3425-8DB0-02614993B74C}
	EndProjectSection
EndProject
Project("{8BC9CEB8-8B4A-11D0-8D11-00A0C91BC942}") = "GazeboBasicControllerResponse", "tests\GazeboBasicControllerResponse.vcxproj", "{2F031CF3-7BE4-3F8A-A39B-AA6661984976}"
	ProjectSection(ProjectDependencies) = postProject
		{57A7D7C0-0C91-3A20-9348-1A4502E3D36F} = {57A7D7C0-0C91-3A20-9348-1A4502E3D36F}
		{FF0FE57D-8DBC-3E9A-A7E5-C6B77C7FB2D5} = {FF0FE57D-8DBC-3E9A-A7E5-C6B77C7FB2D5}
		{FDD33A19-3337-3EB2-A058-D34E70469451} = {FDD33A19-3337-3EB2-A058-D34E70469451}
		{79DAD132-1732-3D2F-8C28-32BB3C936AE9} = {79DAD132-1732-3D2F-8C28-32BB3C936AE9}
	EndProjectSection
EndProject
Project("{8BC9CEB8-8B4A-11D0-8D11-00A0C91BC942}") = "GazeboInelasticCollision", "tests\GazeboInelasticCollision.vcxproj", "{43E7FA84-B553-300B-9D23-DD2C1D02E724}"
	ProjectSection(ProjectDependencies) = postProject
		{57A7D7C0-0C91-3A20-9348-1A4502E3D36F} = {57A7D7C0-0C91-3A20-9348-1A4502E3D36F}
		{FF0FE57D-8DBC-3E9A-A7E5-C6B77C7FB2D5} = {FF0FE57D-8DBC-3E9A-A7E5-C6B77C7FB2D5}
		{FDD33A19-3337-3EB2-A058-D34E70469451} = {FDD33A19-3337-3EB2-A058-D34E70469451}
		{79DAD132-1732-3D2F-8C28-32BB3C936AE9} = {79DAD132-1732-3D2F-8C28-32BB3C936AE9}
	EndProjectSection
EndProject
Project("{8BC9CEB8-8B4A-11D0-8D11-00A0C91BC942}") = "GazeboReactionForce", "tests\GazeboReactionForce.vcxproj", "{595D1791-B947-35B9-A176-514B9285A72A}"
	ProjectSection(ProjectDependencies) = postProject
		{57A7D7C0-0C91-3A20-9348-1A4502E3D36F} = {57A7D7C0-0C91-3A20-9348-1A4502E3D36F}
		{FF0FE57D-8DBC-3E9A-A7E5-C6B77C7FB2D5} = {FF0FE57D-8DBC-3E9A-A7E5-C6B77C7FB2D5}
		{FDD33A19-3337-3EB2-A058-D34E70469451} = {FDD33A19-3337-3EB2-A058-D34E70469451}
		{79DAD132-1732-3D2F-8C28-32BB3C936AE9} = {79DAD132-1732-3D2F-8C28-32BB3C936AE9}
	EndProjectSection
EndProject
Project("{8BC9CEB8-8B4A-11D0-8D11-00A0C91BC942}") = "GazeboReactionForceWithAppliedForceCompliant", "tests\GazeboReactionForceWithAppliedForceCompliant.vcxproj", "{BA598A32-9779-3F9E-B70F-C1DB51E44B08}"
	ProjectSection(ProjectDependencies) = postProject
		{57A7D7C0-0C91-3A20-9348-1A4502E3D36F} = {57A7D7C0-0C91-3A20-9348-1A4502E3D36F}
		{FF0FE57D-8DBC-3E9A-A7E5-C6B77C7FB2D5} = {FF0FE57D-8DBC-3E9A-A7E5-C6B77C7FB2D5}
		{FDD33A19-3337-3EB2-A058-D34E70469451} = {FDD33A19-3337-3EB2-A058-D34E70469451}
		{79DAD132-1732-3D2F-8C28-32BB3C936AE9} = {79DAD132-1732-3D2F-8C28-32BB3C936AE9}
	EndProjectSection
EndProject
Project("{8BC9CEB8-8B4A-11D0-8D11-00A0C91BC942}") = "GazeboReactionForceWithAppliedForceRigid", "tests\GazeboReactionForceWithAppliedForceRigid.vcxproj", "{33277412-10C6-398F-A84E-ED8460551FD9}"
	ProjectSection(ProjectDependencies) = postProject
		{57A7D7C0-0C91-3A20-9348-1A4502E3D36F} = {57A7D7C0-0C91-3A20-9348-1A4502E3D36F}
		{FF0FE57D-8DBC-3E9A-A7E5-C6B77C7FB2D5} = {FF0FE57D-8DBC-3E9A-A7E5-C6B77C7FB2D5}
		{FDD33A19-3337-3EB2-A058-D34E70469451} = {FDD33A19-3337-3EB2-A058-D34E70469451}
		{79DAD132-1732-3D2F-8C28-32BB3C936AE9} = {79DAD132-1732-3D2F-8C28-32BB3C936AE9}
	EndProjectSection
EndProject
Project("{8BC9CEB8-8B4A-11D0-8D11-00A0C91BC942}") = "GeometryPlayground", "tests\adhoc\GeometryPlayground.vcxproj", "{3D47D80E-B8DC-3B35-83C0-2282B41A3BBB}"
	ProjectSection(ProjectDependencies) = postProject
		{57A7D7C0-0C91-3A20-9348-1A4502E3D36F} = {57A7D7C0-0C91-3A20-9348-1A4502E3D36F}
		{FF0FE57D-8DBC-3E9A-A7E5-C6B77C7FB2D5} = {FF0FE57D-8DBC-3E9A-A7E5-C6B77C7FB2D5}
		{FDD33A19-3337-3EB2-A058-D34E70469451} = {FDD33A19-3337-3EB2-A058-D34E70469451}
		{79DAD132-1732-3D2F-8C28-32BB3C936AE9} = {79DAD132-1732-3D2F-8C28-32BB3C936AE9}
		{E4A066AA-13BE-3425-8DB0-02614993B74C} = {E4A066AA-13BE-3425-8DB0-02614993B74C}
	EndProjectSection
EndProject
Project("{8BC9CEB8-8B4A-11D0-8D11-00A0C91BC942}") = "INSTALL", "INSTALL.vcxproj", "{72EA73D7-4161-3DA5-8F57-C62863D27418}"
	ProjectSection(ProjectDependencies) = postProject
		{BC182BFA-BB8E-33CE-9D35-257FDE21AFD5} = {BC182BFA-BB8E-33CE-9D35-257FDE21AFD5}
		{79DAD132-1732-3D2F-8C28-32BB3C936AE9} = {79DAD132-1732-3D2F-8C28-32BB3C936AE9}
	EndProjectSection
EndProject
Project("{8BC9CEB8-8B4A-11D0-8D11-00A0C91BC942}") = "JunkMain1", "tests\adhoc\JunkMain1.vcxproj", "{C983AED5-2C53-3CA7-B231-38DED21BF8B7}"
	ProjectSection(ProjectDependencies) = postProject
		{57A7D7C0-0C91-3A20-9348-1A4502E3D36F} = {57A7D7C0-0C91-3A20-9348-1A4502E3D36F}
		{FF0FE57D-8DBC-3E9A-A7E5-C6B77C7FB2D5} = {FF0FE57D-8DBC-3E9A-A7E5-C6B77C7FB2D5}
		{FDD33A19-3337-3EB2-A058-D34E70469451} = {FDD33A19-3337-3EB2-A058-D34E70469451}
		{79DAD132-1732-3D2F-8C28-32BB3C936AE9} = {79DAD132-1732-3D2F-8C28-32BB3C936AE9}
		{E4A066AA-13BE-3425-8DB0-02614993B74C} = {E4A066AA-13BE-3425-8DB0-02614993B74C}
	EndProjectSection
EndProject
Project("{8BC9CEB8-8B4A-11D0-8D11-00A0C91BC942}") = "JunkMain2", "tests\adhoc\JunkMain2.vcxproj", "{A7E24F65-65FB-3CEC-8DF4-0EC8546887FE}"
	ProjectSection(ProjectDependencies) = postProject
		{57A7D7C0-0C91-3A20-9348-1A4502E3D36F} = {57A7D7C0-0C91-3A20-9348-1A4502E3D36F}
		{FF0FE57D-8DBC-3E9A-A7E5-C6B77C7FB2D5} = {FF0FE57D-8DBC-3E9A-A7E5-C6B77C7FB2D5}
		{FDD33A19-3337-3EB2-A058-D34E70469451} = {FDD33A19-3337-3EB2-A058-D34E70469451}
		{79DAD132-1732-3D2F-8C28-32BB3C936AE9} = {79DAD132-1732-3D2F-8C28-32BB3C936AE9}
		{E4A066AA-13BE-3425-8DB0-02614993B74C} = {E4A066AA-13BE-3425-8DB0-02614993B74C}
	EndProjectSection
EndProject
Project("{8BC9CEB8-8B4A-11D0-8D11-00A0C91BC942}") = "LockUnlockConstraint", "tests\adhoc\LockUnlockConstraint.vcxproj", "{AC8D504C-4B4B-3A90-A9D2-C11C82211642}"
	ProjectSection(ProjectDependencies) = postProject
		{57A7D7C0-0C91-3A20-9348-1A4502E3D36F} = {57A7D7C0-0C91-3A20-9348-1A4502E3D36F}
		{FF0FE57D-8DBC-3E9A-A7E5-C6B77C7FB2D5} = {FF0FE57D-8DBC-3E9A-A7E5-C6B77C7FB2D5}
		{FDD33A19-3337-3EB2-A058-D34E70469451} = {FDD33A19-3337-3EB2-A058-D34E70469451}
		{79DAD132-1732-3D2F-8C28-32BB3C936AE9} = {79DAD132-1732-3D2F-8C28-32BB3C936AE9}
		{E4A066AA-13BE-3425-8DB0-02614993B74C} = {E4A066AA-13BE-3425-8DB0-02614993B74C}
	EndProjectSection
EndProject
Project("{8BC9CEB8-8B4A-11D0-8D11-00A0C91BC942}") = "LookAtPolygonalMesh", "tests\adhoc\LookAtPolygonalMesh.vcxproj", "{D9DF1DD3-7321-3F61-BB11-898EF67415FF}"
	ProjectSection(ProjectDependencies) = postProject
		{57A7D7C0-0C91-3A20-9348-1A4502E3D36F} = {57A7D7C0-0C91-3A20-9348-1A4502E3D36F}
		{FF0FE57D-8DBC-3E9A-A7E5-C6B77C7FB2D5} = {FF0FE57D-8DBC-3E9A-A7E5-C6B77C7FB2D5}
		{FDD33A19-3337-3EB2-A058-D34E70469451} = {FDD33A19-3337-3EB2-A058-D34E70469451}
		{79DAD132-1732-3D2F-8C28-32BB3C936AE9} = {79DAD132-1732-3D2F-8C28-32BB3C936AE9}
		{E4A066AA-13BE-3425-8DB0-02614993B74C} = {E4A066AA-13BE-3425-8DB0-02614993B74C}
	EndProjectSection
EndProject
Project("{8BC9CEB8-8B4A-11D0-8D11-00A0C91BC942}") = "MiscConstraints", "tests\adhoc\MiscConstraints.vcxproj", "{1ECB2A72-2973-3D5E-9FEF-5293CC6075E9}"
	ProjectSection(ProjectDependencies) = postProject
		{57A7D7C0-0C91-3A20-9348-1A4502E3D36F} = {57A7D7C0-0C91-3A20-9348-1A4502E3D36F}
		{FF0FE57D-8DBC-3E9A-A7E5-C6B77C7FB2D5} = {FF0FE57D-8DBC-3E9A-A7E5-C6B77C7FB2D5}
		{FDD33A19-3337-3EB2-A058-D34E70469451} = {FDD33A19-3337-3EB2-A058-D34E70469451}
		{79DAD132-1732-3D2F-8C28-32BB3C936AE9} = {79DAD132-1732-3D2F-8C28-32BB3C936AE9}
		{E4A066AA-13BE-3425-8DB0-02614993B74C} = {E4A066AA-13BE-3425-8DB0-02614993B74C}
	EndProjectSection
EndProject
Project("{8BC9CEB8-8B4A-11D0-8D11-00A0C91BC942}") = "MovingMusclePointMomentArm", "tests\adhoc\MovingMusclePointMomentArm.vcxproj", "{F054D452-CC71-33A4-96D9-8544B832BCEF}"
	ProjectSection(ProjectDependencies) = postProject
		{57A7D7C0-0C91-3A20-9348-1A4502E3D36F} = {57A7D7C0-0C91-3A20-9348-1A4502E3D36F}
		{FF0FE57D-8DBC-3E9A-A7E5-C6B77C7FB2D5} = {FF0FE57D-8DBC-3E9A-A7E5-C6B77C7FB2D5}
		{FDD33A19-3337-3EB2-A058-D34E70469451} = {FDD33A19-3337-3EB2-A058-D34E70469451}
		{79DAD132-1732-3D2F-8C28-32BB3C936AE9} = {79DAD132-1732-3D2F-8C28-32BB3C936AE9}
		{E4A066AA-13BE-3425-8DB0-02614993B74C} = {E4A066AA-13BE-3425-8DB0-02614993B74C}
	EndProjectSection
EndProject
Project("{8BC9CEB8-8B4A-11D0-8D11-00A0C91BC942}") = "OpenSimPartyDemoCable", "tests\adhoc\OpenSimPartyDemoCable.vcxproj", "{0D57CAA1-217F-3903-9897-2610943D9622}"
	ProjectSection(ProjectDependencies) = postProject
		{57A7D7C0-0C91-3A20-9348-1A4502E3D36F} = {57A7D7C0-0C91-3A20-9348-1A4502E3D36F}
		{FF0FE57D-8DBC-3E9A-A7E5-C6B77C7FB2D5} = {FF0FE57D-8DBC-3E9A-A7E5-C6B77C7FB2D5}
		{FDD33A19-3337-3EB2-A058-D34E70469451} = {FDD33A19-3337-3EB2-A058-D34E70469451}
		{79DAD132-1732-3D2F-8C28-32BB3C936AE9} = {79DAD132-1732-3D2F-8C28-32BB3C936AE9}
		{E4A066AA-13BE-3425-8DB0-02614993B74C} = {E4A066AA-13BE-3425-8DB0-02614993B74C}
	EndProjectSection
EndProject
Project("{8BC9CEB8-8B4A-11D0-8D11-00A0C91BC942}") = "ParallelIpoptTest", "tests\adhoc\ParallelIpoptTest.vcxproj", "{85B1B68D-EDBB-3F5B-AEEE-8B4CAF0F4E66}"
	ProjectSection(ProjectDependencies) = postProject
		{57A7D7C0-0C91-3A20-9348-1A4502E3D36F} = {57A7D7C0-0C91-3A20-9348-1A4502E3D36F}
		{FF0FE57D-8DBC-3E9A-A7E5-C6B77C7FB2D5} = {FF0FE57D-8DBC-3E9A-A7E5-C6B77C7FB2D5}
		{FDD33A19-3337-3EB2-A058-D34E70469451} = {FDD33A19-3337-3EB2-A058-D34E70469451}
		{79DAD132-1732-3D2F-8C28-32BB3C936AE9} = {79DAD132-1732-3D2F-8C28-32BB3C936AE9}
		{E4A066AA-13BE-3425-8DB0-02614993B74C} = {E4A066AA-13BE-3425-8DB0-02614993B74C}
	EndProjectSection
EndProject
Project("{8BC9CEB8-8B4A-11D0-8D11-00A0C91BC942}") = "PassThrough", "tests\adhoc\PassThrough.vcxproj", "{56786DCB-234F-39BD-8B22-A41BAEACA697}"
	ProjectSection(ProjectDependencies) = postProject
		{57A7D7C0-0C91-3A20-9348-1A4502E3D36F} = {57A7D7C0-0C91-3A20-9348-1A4502E3D36F}
		{FF0FE57D-8DBC-3E9A-A7E5-C6B77C7FB2D5} = {FF0FE57D-8DBC-3E9A-A7E5-C6B77C7FB2D5}
		{FDD33A19-3337-3EB2-A058-D34E70469451} = {FDD33A19-3337-3EB2-A058-D34E70469451}
		{79DAD132-1732-3D2F-8C28-32BB3C936AE9} = {79DAD132-1732-3D2F-8C28-32BB3C936AE9}
		{E4A066AA-13BE-3425-8DB0-02614993B74C} = {E4A066AA-13BE-3425-8DB0-02614993B74C}
	EndProjectSection
EndProject
Project("{8BC9CEB8-8B4A-11D0-8D11-00A0C91BC942}") = "PendulumExample", "tests\adhoc\PendulumExample.vcxproj", "{A907FEB8-1B11-301A-BC54-1A7B8650DC72}"
	ProjectSection(ProjectDependencies) = postProject
		{57A7D7C0-0C91-3A20-9348-1A4502E3D36F} = {57A7D7C0-0C91-3A20-9348-1A4502E3D36F}
		{FF0FE57D-8DBC-3E9A-A7E5-C6B77C7FB2D5} = {FF0FE57D-8DBC-3E9A-A7E5-C6B77C7FB2D5}
		{FDD33A19-3337-3EB2-A058-D34E70469451} = {FDD33A19-3337-3EB2-A058-D34E70469451}
		{79DAD132-1732-3D2F-8C28-32BB3C936AE9} = {79DAD132-1732-3D2F-8C28-32BB3C936AE9}
		{E4A066AA-13BE-3425-8DB0-02614993B74C} = {E4A066AA-13BE-3425-8DB0-02614993B74C}
	EndProjectSection
EndProject
Project("{8BC9CEB8-8B4A-11D0-8D11-00A0C91BC942}") = "PlatformFiles", "..\\PlatformFiles.vcxproj", "{1CB29F8F-40C2-3C05-8D79-C31CEF5D804A}"
	ProjectSection(ProjectDependencies) = postProject
		{D910E1BF-6C67-3421-805D-89F126701ECA} = {D910E1BF-6C67-3421-805D-89F126701ECA}
		{79DAD132-1732-3D2F-8C28-32BB3C936AE9} = {79DAD132-1732-3D2F-8C28-32BB3C936AE9}
	EndProjectSection
EndProject
Project("{8BC9CEB8-8B4A-11D0-8D11-00A0C91BC942}") = "PlatformFiles_subdir", "..\Platform\PlatformFiles_subdir.vcxproj", "{D910E1BF-6C67-3421-805D-89F126701ECA}"
	ProjectSection(ProjectDependencies) = postProject
		{79DAD132-1732-3D2F-8C28-32BB3C936AE9} = {79DAD132-1732-3D2F-8C28-32BB3C936AE9}
	EndProjectSection
EndProject
Project("{8BC9CEB8-8B4A-11D0-8D11-00A0C91BC942}") = "PrescribedMotionPlayground", "tests\adhoc\PrescribedMotionPlayground.vcxproj", "{CCCB8B41-36B2-38C4-8268-80A566564B3F}"
	ProjectSection(ProjectDependencies) = postProject
		{57A7D7C0-0C91-3A20-9348-1A4502E3D36F} = {57A7D7C0-0C91-3A20-9348-1A4502E3D36F}
		{FF0FE57D-8DBC-3E9A-A7E5-C6B77C7FB2D5} = {FF0FE57D-8DBC-3E9A-A7E5-C6B77C7FB2D5}
		{FDD33A19-3337-3EB2-A058-D34E70469451} = {FDD33A19-3337-3EB2-A058-D34E70469451}
		{79DAD132-1732-3D2F-8C28-32BB3C936AE9} = {79DAD132-1732-3D2F-8C28-32BB3C936AE9}
		{E4A066AA-13BE-3425-8DB0-02614993B74C} = {E4A066AA-13BE-3425-8DB0-02614993B74C}
	EndProjectSection
EndProject
Project("{8BC9CEB8-8B4A-11D0-8D11-00A0C91BC942}") = "RUN_TESTS", "RUN_TESTS.vcxproj", "{C0C7E728-CEDF-3B82-BD0E-B9369B6E104D}"
	ProjectSection(ProjectDependencies) = postProject
		{79DAD132-1732-3D2F-8C28-32BB3C936AE9} = {79DAD132-1732-3D2F-8C28-32BB3C936AE9}
	EndProjectSection
EndProject
Project("{8BC9CEB8-8B4A-11D0-8D11-00A0C91BC942}") = "RadusDrifter", "tests\adhoc\RadusDrifter.vcxproj", "{6165FDC0-878E-301E-AE7C-0B1A3ADFC989}"
	ProjectSection(ProjectDependencies) = postProject
		{57A7D7C0-0C91-3A20-9348-1A4502E3D36F} = {57A7D7C0-0C91-3A20-9348-1A4502E3D36F}
		{FF0FE57D-8DBC-3E9A-A7E5-C6B77C7FB2D5} = {FF0FE57D-8DBC-3E9A-A7E5-C6B77C7FB2D5}
		{FDD33A19-3337-3EB2-A058-D34E70469451} = {FDD33A19-3337-3EB2-A058-D34E70469451}
		{79DAD132-1732-3D2F-8C28-32BB3C936AE9} = {79DAD132-1732-3D2F-8C28-32BB3C936AE9}
		{E4A066AA-13BE-3425-8DB0-02614993B74C} = {E4A066AA-13BE-3425-8DB0-02614993B74C}
	EndProjectSection
EndProject
Project("{8BC9CEB8-8B4A-11D0-8D11-00A0C91BC942}") = "RattleBack_ReverseEllipsoid", "tests\adhoc\RattleBack_ReverseEllipsoid.vcxproj", "{898E5A51-5174-3B73-93BC-15DB1DCB6B4C}"
	ProjectSection(ProjectDependencies) = postProject
		{57A7D7C0-0C91-3A20-9348-1A4502E3D36F} = {57A7D7C0-0C91-3A20-9348-1A4502E3D36F}
		{FF0FE57D-8DBC-3E9A-A7E5-C6B77C7FB2D5} = {FF0FE57D-8DBC-3E9A-A7E5-C6B77C7FB2D5}
		{FDD33A19-3337-3EB2-A058-D34E70469451} = {FDD33A19-3337-3EB2-A058-D34E70469451}
		{79DAD132-1732-3D2F-8C28-32BB3C936AE9} = {79DAD132-1732-3D2F-8C28-32BB3C936AE9}
		{E4A066AA-13BE-3425-8DB0-02614993B74C} = {E4A066AA-13BE-3425-8DB0-02614993B74C}
	EndProjectSection
EndProject
Project("{8BC9CEB8-8B4A-11D0-8D11-00A0C91BC942}") = "RigidContact1", "tests\adhoc\RigidContact1.vcxproj", "{16415B50-759A-3605-9F46-A895FC1ED56A}"
	ProjectSection(ProjectDependencies) = postProject
		{57A7D7C0-0C91-3A20-9348-1A4502E3D36F} = {57A7D7C0-0C91-3A20-9348-1A4502E3D36F}
		{FF0FE57D-8DBC-3E9A-A7E5-C6B77C7FB2D5} = {FF0FE57D-8DBC-3E9A-A7E5-C6B77C7FB2D5}
		{FDD33A19-3337-3EB2-A058-D34E70469451} = {FDD33A19-3337-3EB2-A058-D34E70469451}
		{79DAD132-1732-3D2F-8C28-32BB3C936AE9} = {79DAD132-1732-3D2F-8C28-32BB3C936AE9}
		{E4A066AA-13BE-3425-8DB0-02614993B74C} = {E4A066AA-13BE-3425-8DB0-02614993B74C}
	EndProjectSection
EndProject
Project("{8BC9CEB8-8B4A-11D0-8D11-00A0C91BC942}") = "SBPendulum1", "tests\adhoc\SBPendulum1.vcxproj", "{A0175FBA-8730-3DAF-B788-7B26BED1B0E6}"
	ProjectSection(ProjectDependencies) = postProject
		{57A7D7C0-0C91-3A20-9348-1A4502E3D36F} = {57A7D7C0-0C91-3A20-9348-1A4502E3D36F}
		{FF0FE57D-8DBC-3E9A-A7E5-C6B77C7FB2D5} = {FF0FE57D-8DBC-3E9A-A7E5-C6B77C7FB2D5}
		{FDD33A19-3337-3EB2-A058-D34E70469451} = {FDD33A19-3337-3EB2-A058-D34E70469451}
		{79DAD132-1732-3D2F-8C28-32BB3C936AE9} = {79DAD132-1732-3D2F-8C28-32BB3C936AE9}
		{E4A066AA-13BE-3425-8DB0-02614993B74C} = {E4A066AA-13BE-3425-8DB0-02614993B74C}
	EndProjectSection
EndProject
Project("{8BC9CEB8-8B4A-11D0-8D11-00A0C91BC942}") = "SimTKcommon", "..\SimTKcommon\sharedTarget\SimTKcommon.vcxproj", "{57A7D7C0-0C91-3A20-9348-1A4502E3D36F}"
	ProjectSection(ProjectDependencies) = postProject
		{1CB29F8F-40C2-3C05-8D79-C31CEF5D804A} = {1CB29F8F-40C2-3C05-8D79-C31CEF5D804A}
		{79DAD132-1732-3D2F-8C28-32BB3C936AE9} = {79DAD132-1732-3D2F-8C28-32BB3C936AE9}
	EndProjectSection
EndProject
Project("{8BC9CEB8-8B4A-11D0-8D11-00A0C91BC942}") = "SimTKmath", "..\SimTKmath\sharedTarget\SimTKmath.vcxproj", "{FF0FE57D-8DBC-3E9A-A7E5-C6B77C7FB2D5}"
	ProjectSection(ProjectDependencies) = postProject
		{57A7D7C0-0C91-3A20-9348-1A4502E3D36F} = {57A7D7C0-0C91-3A20-9348-1A4502E3D36F}
		{79DAD132-1732-3D2F-8C28-32BB3C936AE9} = {79DAD132-1732-3D2F-8C28-32BB3C936AE9}
	EndProjectSection
EndProject
Project("{8BC9CEB8-8B4A-11D0-8D11-00A0C91BC942}") = "SimTKsimbody", "sharedTarget\SimTKsimbody.vcxproj", "{FDD33A19-3337-3EB2-A058-D34E70469451}"
	ProjectSection(ProjectDependencies) = postProject
		{57A7D7C0-0C91-3A20-9348-1A4502E3D36F} = {57A7D7C0-0C91-3A20-9348-1A4502E3D36F}
		{FF0FE57D-8DBC-3E9A-A7E5-C6B77C7FB2D5} = {FF0FE57D-8DBC-3E9A-A7E5-C6B77C7FB2D5}
		{79DAD132-1732-3D2F-8C28-32BB3C936AE9} = {79DAD132-1732-3D2F-8C28-32BB3C936AE9}
	EndProjectSection
EndProject
Project("{8BC9CEB8-8B4A-11D0-8D11-00A0C91BC942}") = "SphericalCoordsMobilizerTest", "tests\adhoc\SphericalCoordsMobilizerTest.vcxproj", "{C582B7B8-BDE6-3CA1-A686-E67E3BFBC313}"
	ProjectSection(ProjectDependencies) = postProject
		{57A7D7C0-0C91-3A20-9348-1A4502E3D36F} = {57A7D7C0-0C91-3A20-9348-1A4502E3D36F}
		{FF0FE57D-8DBC-3E9A-A7E5-C6B77C7FB2D5} = {FF0FE57D-8DBC-3E9A-A7E5-C6B77C7FB2D5}
		{FDD33A19-3337-3EB2-A058-D34E70469451} = {FDD33A19-3337-3EB2-A058-D34E70469451}
		{79DAD132-1732-3D2F-8C28-32BB3C936AE9} = {79DAD132-1732-3D2F-8C28-32BB3C936AE9}
		{E4A066AA-13BE-3425-8DB0-02614993B74C} = {E4A066AA-13BE-3425-8DB0-02614993B74C}
	EndProjectSection
EndProject
Project("{8BC9CEB8-8B4A-11D0-8D11-00A0C91BC942}") = "TestAngleConversions", "tests\TestAngleConversions.vcxproj", "{6E88353B-7AA9-33DC-B1DD-84E27D899886}"
	ProjectSection(ProjectDependencies) = postProject
		{57A7D7C0-0C91-3A20-9348-1A4502E3D36F} = {57A7D7C0-0C91-3A20-9348-1A4502E3D36F}
		{FF0FE57D-8DBC-3E9A-A7E5-C6B77C7FB2D5} = {FF0FE57D-8DBC-3E9A-A7E5-C6B77C7FB2D5}
		{FDD33A19-3337-3EB2-A058-D34E70469451} = {FDD33A19-3337-3EB2-A058-D34E70469451}
		{79DAD132-1732-3D2F-8C28-32BB3C936AE9} = {79DAD132-1732-3D2F-8C28-32BB3C936AE9}
	EndProjectSection
EndProject
Project("{8BC9CEB8-8B4A-11D0-8D11-00A0C91BC942}") = "TestCollisionDetectionAlgorithm", "tests\TestCollisionDetectionAlgorithm.vcxproj", "{BFE36581-C40E-3E10-BA4C-81377F982F2F}"
	ProjectSection(ProjectDependencies) = postProject
		{57A7D7C0-0C91-3A20-9348-1A4502E3D36F} = {57A7D7C0-0C91-3A20-9348-1A4502E3D36F}
		{FF0FE57D-8DBC-3E9A-A7E5-C6B77C7FB2D5} = {FF0FE57D-8DBC-3E9A-A7E5-C6B77C7FB2D5}
		{FDD33A19-3337-3EB2-A058-D34E70469451} = {FDD33A19-3337-3EB2-A058-D34E70469451}
		{79DAD132-1732-3D2F-8C28-32BB3C936AE9} = {79DAD132-1732-3D2F-8C28-32BB3C936AE9}
	EndProjectSection
EndProject
Project("{8BC9CEB8-8B4A-11D0-8D11-00A0C91BC942}") = "TestConstraints", "tests\TestConstraints.vcxproj", "{2F665F2C-07CE-3629-939E-567DFCDF240C}"
	ProjectSection(ProjectDependencies) = postProject
		{57A7D7C0-0C91-3A20-9348-1A4502E3D36F} = {57A7D7C0-0C91-3A20-9348-1A4502E3D36F}
		{FF0FE57D-8DBC-3E9A-A7E5-C6B77C7FB2D5} = {FF0FE57D-8DBC-3E9A-A7E5-C6B77C7FB2D5}
		{FDD33A19-3337-3EB2-A058-D34E70469451} = {FDD33A19-3337-3EB2-A058-D34E70469451}
		{79DAD132-1732-3D2F-8C28-32BB3C936AE9} = {79DAD132-1732-3D2F-8C28-32BB3C936AE9}
	EndProjectSection
EndProject
Project("{8BC9CEB8-8B4A-11D0-8D11-00A0C91BC942}") = "TestCustomConstraints", "tests\TestCustomConstraints.vcxproj", "{097E40BB-931D-3A54-95AC-368707039A27}"
	ProjectSection(ProjectDependencies) = postProject
		{57A7D7C0-0C91-3A20-9348-1A4502E3D36F} = {57A7D7C0-0C91-3A20-9348-1A4502E3D36F}
		{FF0FE57D-8DBC-3E9A-A7E5-C6B77C7FB2D5} = {FF0FE57D-8DBC-3E9A-A7E5-C6B77C7FB2D5}
		{FDD33A19-3337-3EB2-A058-D34E70469451} = {FDD33A19-3337-3EB2-A058-D34E70469451}
		{79DAD132-1732-3D2F-8C28-32BB3C936AE9} = {79DAD132-1732-3D2F-8C28-32BB3C936AE9}
	EndProjectSection
EndProject
Project("{8BC9CEB8-8B4A-11D0-8D11-00A0C91BC942}") = "TestCustomMobilizedBodies", "tests\TestCustomMobilizedBodies.vcxproj", "{5013DB87-5D76-33FD-A38A-F5EA22C7ECD8}"
	ProjectSection(ProjectDependencies) = postProject
		{57A7D7C0-0C91-3A20-9348-1A4502E3D36F} = {57A7D7C0-0C91-3A20-9348-1A4502E3D36F}
		{FF0FE57D-8DBC-3E9A-A7E5-C6B77C7FB2D5} = {FF0FE57D-8DBC-3E9A-A7E5-C6B77C7FB2D5}
		{FDD33A19-3337-3EB2-A058-D34E70469451} = {FDD33A19-3337-3EB2-A058-D34E70469451}
		{79DAD132-1732-3D2F-8C28-32BB3C936AE9} = {79DAD132-1732-3D2F-8C28-32BB3C936AE9}
	EndProjectSection
EndProject
Project("{8BC9CEB8-8B4A-11D0-8D11-00A0C91BC942}") = "TestElasticFoundationForce", "tests\TestElasticFoundationForce.vcxproj", "{265A3C3D-3A9C-3F56-AE0F-C68195BE24AB}"
	ProjectSection(ProjectDependencies) = postProject
		{57A7D7C0-0C91-3A20-9348-1A4502E3D36F} = {57A7D7C0-0C91-3A20-9348-1A4502E3D36F}
		{FF0FE57D-8DBC-3E9A-A7E5-C6B77C7FB2D5} = {FF0FE57D-8DBC-3E9A-A7E5-C6B77C7FB2D5}
		{FDD33A19-3337-3EB2-A058-D34E70469451} = {FDD33A19-3337-3EB2-A058-D34E70469451}
		{79DAD132-1732-3D2F-8C28-32BB3C936AE9} = {79DAD132-1732-3D2F-8C28-32BB3C936AE9}
	EndProjectSection
EndProject
Project("{8BC9CEB8-8B4A-11D0-8D11-00A0C91BC942}") = "TestForces", "tests\TestForces.vcxproj", "{1F29940B-04B4-3EFE-8FE2-04750829DB2D}"
	ProjectSection(ProjectDependencies) = postProject
		{57A7D7C0-0C91-3A20-9348-1A4502E3D36F} = {57A7D7C0-0C91-3A20-9348-1A4502E3D36F}
		{FF0FE57D-8DBC-3E9A-A7E5-C6B77C7FB2D5} = {FF0FE57D-8DBC-3E9A-A7E5-C6B77C7FB2D5}
		{FDD33A19-3337-3EB2-A058-D34E70469451} = {FDD33A19-3337-3EB2-A058-D34E70469451}
		{79DAD132-1732-3D2F-8C28-32BB3C936AE9} = {79DAD132-1732-3D2F-8C28-32BB3C936AE9}
	EndProjectSection
EndProject
Project("{8BC9CEB8-8B4A-11D0-8D11-00A0C91BC942}") = "TestFunctionBasedMobilizedBodies", "tests\TestFunctionBasedMobilizedBodies.vcxproj", "{14532A88-D6BD-3DE5-9C06-33C5D8E0A8B0}"
	ProjectSection(ProjectDependencies) = postProject
		{57A7D7C0-0C91-3A20-9348-1A4502E3D36F} = {57A7D7C0-0C91-3A20-9348-1A4502E3D36F}
		{FF0FE57D-8DBC-3E9A-A7E5-C6B77C7FB2D5} = {FF0FE57D-8DBC-3E9A-A7E5-C6B77C7FB2D5}
		{FDD33A19-3337-3EB2-A058-D34E70469451} = {FDD33A19-3337-3EB2-A058-D34E70469451}
		{79DAD132-1732-3D2F-8C28-32BB3C936AE9} = {79DAD132-1732-3D2F-8C28-32BB3C936AE9}
	EndProjectSection
EndProject
Project("{8BC9CEB8-8B4A-11D0-8D11-00A0C91BC942}") = "TestGravity", "tests\TestGravity.vcxproj", "{ED265CBD-F091-3EE2-B98E-9EAA67B92EE0}"
	ProjectSection(ProjectDependencies) = postProject
		{57A7D7C0-0C91-3A20-9348-1A4502E3D36F} = {57A7D7C0-0C91-3A20-9348-1A4502E3D36F}
		{FF0FE57D-8DBC-3E9A-A7E5-C6B77C7FB2D5} = {FF0FE57D-8DBC-3E9A-A7E5-C6B77C7FB2D5}
		{FDD33A19-3337-3EB2-A058-D34E70469451} = {FDD33A19-3337-3EB2-A058-D34E70469451}
		{79DAD132-1732-3D2F-8C28-32BB3C936AE9} = {79DAD132-1732-3D2F-8C28-32BB3C936AE9}
	EndProjectSection
EndProject
Project("{8BC9CEB8-8B4A-11D0-8D11-00A0C91BC942}") = "TestHuntCrossleyForce", "tests\TestHuntCrossleyForce.vcxproj", "{BE170EBC-8DDE-36FF-852D-3DCFED3CB651}"
	ProjectSection(ProjectDependencies) = postProject
		{57A7D7C0-0C91-3A20-9348-1A4502E3D36F} = {57A7D7C0-0C91-3A20-9348-1A4502E3D36F}
		{FF0FE57D-8DBC-3E9A-A7E5-C6B77C7FB2D5} = {FF0FE57D-8DBC-3E9A-A7E5-C6B77C7FB2D5}
		{FDD33A19-3337-3EB2-A058-D34E70469451} = {FDD33A19-3337-3EB2-A058-D34E70469451}
		{79DAD132-1732-3D2F-8C28-32BB3C936AE9} = {79DAD132-1732-3D2F-8C28-32BB3C936AE9}
	EndProjectSection
EndProject
Project("{8BC9CEB8-8B4A-11D0-8D11-00A0C91BC942}") = "TestLinearBushing", "tests\TestLinearBushing.vcxproj", "{C179777E-D098-30FD-8DA2-24C8AFDE9786}"
	ProjectSection(ProjectDependencies) = postProject
		{57A7D7C0-0C91-3A20-9348-1A4502E3D36F} = {57A7D7C0-0C91-3A20-9348-1A4502E3D36F}
		{FF0FE57D-8DBC-3E9A-A7E5-C6B77C7FB2D5} = {FF0FE57D-8DBC-3E9A-A7E5-C6B77C7FB2D5}
		{FDD33A19-3337-3EB2-A058-D34E70469451} = {FDD33A19-3337-3EB2-A058-D34E70469451}
		{79DAD132-1732-3D2F-8C28-32BB3C936AE9} = {79DAD132-1732-3D2F-8C28-32BB3C936AE9}
	EndProjectSection
EndProject
Project("{8BC9CEB8-8B4A-11D0-8D11-00A0C91BC942}") = "TestLoneParticle", "tests\TestLoneParticle.vcxproj", "{D331DFFC-8554-37F0-AC1D-02AF7EF9239F}"
	ProjectSection(ProjectDependencies) = postProject
		{57A7D7C0-0C91-3A20-9348-1A4502E3D36F} = {57A7D7C0-0C91-3A20-9348-1A4502E3D36F}
		{FF0FE57D-8DBC-3E9A-A7E5-C6B77C7FB2D5} = {FF0FE57D-8DBC-3E9A-A7E5-C6B77C7FB2D5}
		{FDD33A19-3337-3EB2-A058-D34E70469451} = {FDD33A19-3337-3EB2-A058-D34E70469451}
		{79DAD132-1732-3D2F-8C28-32BB3C936AE9} = {79DAD132-1732-3D2F-8C28-32BB3C936AE9}
	EndProjectSection
EndProject
Project("{8BC9CEB8-8B4A-11D0-8D11-00A0C91BC942}") = "TestMassMatrix", "tests\TestMassMatrix.vcxproj", "{24D7D4EA-585F-37C4-A0EC-C700DEC80CE3}"
	ProjectSection(ProjectDependencies) = postProject
		{57A7D7C0-0C91-3A20-9348-1A4502E3D36F} = {57A7D7C0-0C91-3A20-9348-1A4502E3D36F}
		{FF0FE57D-8DBC-3E9A-A7E5-C6B77C7FB2D5} = {FF0FE57D-8DBC-3E9A-A7E5-C6B77C7FB2D5}
		{FDD33A19-3337-3EB2-A058-D34E70469451} = {FDD33A19-3337-3EB2-A058-D34E70469451}
		{79DAD132-1732-3D2F-8C28-32BB3C936AE9} = {79DAD132-1732-3D2F-8C28-32BB3C936AE9}
	EndProjectSection
EndProject
Project("{8BC9CEB8-8B4A-11D0-8D11-00A0C91BC942}") = "TestMobilizedBody", "tests\TestMobilizedBody.vcxproj", "{BCF5ECF3-04D6-3EF9-8A05-062545B38C61}"
	ProjectSection(ProjectDependencies) = postProject
		{57A7D7C0-0C91-3A20-9348-1A4502E3D36F} = {57A7D7C0-0C91-3A20-9348-1A4502E3D36F}
		{FF0FE57D-8DBC-3E9A-A7E5-C6B77C7FB2D5} = {FF0FE57D-8DBC-3E9A-A7E5-C6B77C7FB2D5}
		{FDD33A19-3337-3EB2-A058-D34E70469451} = {FDD33A19-3337-3EB2-A058-D34E70469451}
		{79DAD132-1732-3D2F-8C28-32BB3C936AE9} = {79DAD132-1732-3D2F-8C28-32BB3C936AE9}
	EndProjectSection
EndProject
Project("{8BC9CEB8-8B4A-11D0-8D11-00A0C91BC942}") = "TestMobilizerReactionForces", "tests\TestMobilizerReactionForces.vcxproj", "{25F816D5-1AC9-3554-A474-2057D14FDF7F}"
	ProjectSection(ProjectDependencies) = postProject
		{57A7D7C0-0C91-3A20-9348-1A4502E3D36F} = {57A7D7C0-0C91-3A20-9348-1A4502E3D36F}
		{FF0FE57D-8DBC-3E9A-A7E5-C6B77C7FB2D5} = {FF0FE57D-8DBC-3E9A-A7E5-C6B77C7FB2D5}
		{FDD33A19-3337-3EB2-A058-D34E70469451} = {FDD33A19-3337-3EB2-A058-D34E70469451}
		{79DAD132-1732-3D2F-8C28-32BB3C936AE9} = {79DAD132-1732-3D2F-8C28-32BB3C936AE9}
	EndProjectSection
EndProject
Project("{8BC9CEB8-8B4A-11D0-8D11-00A0C91BC942}") = "TestMultibodyPerformance", "tests\adhoc\TestMultibodyPerformance.vcxproj", "{F7AA6620-7858-3664-BF85-EFBEA963DA15}"
	ProjectSection(ProjectDependencies) = postProject
		{57A7D7C0-0C91-3A20-9348-1A4502E3D36F} = {57A7D7C0-0C91-3A20-9348-1A4502E3D36F}
		{FF0FE57D-8DBC-3E9A-A7E5-C6B77C7FB2D5} = {FF0FE57D-8DBC-3E9A-A7E5-C6B77C7FB2D5}
		{FDD33A19-3337-3EB2-A058-D34E70469451} = {FDD33A19-3337-3EB2-A058-D34E70469451}
		{79DAD132-1732-3D2F-8C28-32BB3C936AE9} = {79DAD132-1732-3D2F-8C28-32BB3C936AE9}
		{E4A066AA-13BE-3425-8DB0-02614993B74C} = {E4A066AA-13BE-3425-8DB0-02614993B74C}
	EndProjectSection
EndProject
Project("{8BC9CEB8-8B4A-11D0-8D11-00A0C91BC942}") = "TestNoseHooverThermostat", "tests\TestNoseHooverThermostat.vcxproj", "{75D5C2AB-4DED-357A-BA1E-7B7AD0DFD60C}"
	ProjectSection(ProjectDependencies) = postProject
		{57A7D7C0-0C91-3A20-9348-1A4502E3D36F} = {57A7D7C0-0C91-3A20-9348-1A4502E3D36F}
		{FF0FE57D-8DBC-3E9A-A7E5-C6B77C7FB2D5} = {FF0FE57D-8DBC-3E9A-A7E5-C6B77C7FB2D5}
		{FDD33A19-3337-3EB2-A058-D34E70469451} = {FDD33A19-3337-3EB2-A058-D34E70469451}
		{79DAD132-1732-3D2F-8C28-32BB3C936AE9} = {79DAD132-1732-3D2F-8C28-32BB3C936AE9}
	EndProjectSection
EndProject
Project("{8BC9CEB8-8B4A-11D0-8D11-00A0C91BC942}") = "TestObservedPointFitter", "tests\TestObservedPointFitter.vcxproj", "{A7786D0D-81F3-32D6-81A2-AA784D3C801E}"
	ProjectSection(ProjectDependencies) = postProject
		{57A7D7C0-0C91-3A20-9348-1A4502E3D36F} = {57A7D7C0-0C91-3A20-9348-1A4502E3D36F}
		{FF0FE57D-8DBC-3E9A-A7E5-C6B77C7FB2D5} = {FF0FE57D-8DBC-3E9A-A7E5-C6B77C7FB2D5}
		{FDD33A19-3337-3EB2-A058-D34E70469451} = {FDD33A19-3337-3EB2-A058-D34E70469451}
		{79DAD132-1732-3D2F-8C28-32BB3C936AE9} = {79DAD132-1732-3D2F-8C28-32BB3C936AE9}
	EndProjectSection
EndProject
Project("{8BC9CEB8-8B4A-11D0-8D11-00A0C91BC942}") = "TestOrientedBoundingBox", "tests\TestOrientedBoundingBox.vcxproj", "{C52CB74C-BB49-371E-81CB-D492CC7434E8}"
	ProjectSection(ProjectDependencies) = postProject
		{57A7D7C0-0C91-3A20-9348-1A4502E3D36F} = {57A7D7C0-0C91-3A20-9348-1A4502E3D36F}
		{FF0FE57D-8DBC-3E9A-A7E5-C6B77C7FB2D5} = {FF0FE57D-8DBC-3E9A-A7E5-C6B77C7FB2D5}
		{FDD33A19-3337-3EB2-A058-D34E70469451} = {FDD33A19-3337-3EB2-A058-D34E70469451}
		{79DAD132-1732-3D2F-8C28-32BB3C936AE9} = {79DAD132-1732-3D2F-8C28-32BB3C936AE9}
	EndProjectSection
EndProject
Project("{8BC9CEB8-8B4A-11D0-8D11-00A0C91BC942}") = "TestPLUS_SingleBrick", "tests\adhoc\TestPLUS_SingleBrick.vcxproj", "{2B5774D1-FD4C-3018-9BC3-1C845308C971}"
	ProjectSection(ProjectDependencies) = postProject
		{57A7D7C0-0C91-3A20-9348-1A4502E3D36F} = {57A7D7C0-0C91-3A20-9348-1A4502E3D36F}
		{FF0FE57D-8DBC-3E9A-A7E5-C6B77C7FB2D5} = {FF0FE57D-8DBC-3E9A-A7E5-C6B77C7FB2D5}
		{FDD33A19-3337-3EB2-A058-D34E70469451} = {FDD33A19-3337-3EB2-A058-D34E70469451}
		{79DAD132-1732-3D2F-8C28-32BB3C936AE9} = {79DAD132-1732-3D2F-8C28-32BB3C936AE9}
		{E4A066AA-13BE-3425-8DB0-02614993B74C} = {E4A066AA-13BE-3425-8DB0-02614993B74C}
	EndProjectSection
EndProject
Project("{8BC9CEB8-8B4A-11D0-8D11-00A0C91BC942}") = "TestParallelForces", "tests\TestParallelForces.vcxproj", "{B50AFA5A-EF57-3E74-89AB-4B728DD499A6}"
	ProjectSection(ProjectDependencies) = postProject
		{57A7D7C0-0C91-3A20-9348-1A4502E3D36F} = {57A7D7C0-0C91-3A20-9348-1A4502E3D36F}
		{FF0FE57D-8DBC-3E9A-A7E5-C6B77C7FB2D5} = {FF0FE57D-8DBC-3E9A-A7E5-C6B77C7FB2D5}
		{FDD33A19-3337-3EB2-A058-D34E70469451} = {FDD33A19-3337-3EB2-A058-D34E70469451}
		{79DAD132-1732-3D2F-8C28-32BB3C936AE9} = {79DAD132-1732-3D2F-8C28-32BB3C936AE9}
	EndProjectSection
EndProject
Project("{8BC9CEB8-8B4A-11D0-8D11-00A0C91BC942}") = "TestPimpl1", "tests\TestPimpl1.vcxproj", "{AF318DAB-521C-3D22-8E22-B1222A73DCA6}"
	ProjectSection(ProjectDependencies) = postProject
		{57A7D7C0-0C91-3A20-9348-1A4502E3D36F} = {57A7D7C0-0C91-3A20-9348-1A4502E3D36F}
		{FF0FE57D-8DBC-3E9A-A7E5-C6B77C7FB2D5} = {FF0FE57D-8DBC-3E9A-A7E5-C6B77C7FB2D5}
		{FDD33A19-3337-3EB2-A058-D34E70469451} = {FDD33A19-3337-3EB2-A058-D34E70469451}
		{79DAD132-1732-3D2F-8C28-32BB3C936AE9} = {79DAD132-1732-3D2F-8C28-32BB3C936AE9}
	EndProjectSection
EndProject
Project("{8BC9CEB8-8B4A-11D0-8D11-00A0C91BC942}") = "TestReverseMobilizers", "tests\TestReverseMobilizers.vcxproj", "{12C5E072-084A-34BE-B894-44B5D9832E4A}"
	ProjectSection(ProjectDependencies) = postProject
		{57A7D7C0-0C91-3A20-9348-1A4502E3D36F} = {57A7D7C0-0C91-3A20-9348-1A4502E3D36F}
		{FF0FE57D-8DBC-3E9A-A7E5-C6B77C7FB2D5} = {FF0FE57D-8DBC-3E9A-A7E5-C6B77C7FB2D5}
		{FDD33A19-3337-3EB2-A058-D34E70469451} = {FDD33A19-3337-3EB2-A058-D34E70469451}
		{79DAD132-1732-3D2F-8C28-32BB3C936AE9} = {79DAD132-1732-3D2F-8C28-32BB3C936AE9}
	EndProjectSection
EndProject
Project("{8BC9CEB8-8B4A-11D0-8D11-00A0C91BC942}") = "TestRiboseMobilizer", "tests\adhoc\TestRiboseMobilizer.vcxproj", "{FE63E6AB-30D2-34AD-9B76-3ECB9E75EA6C}"
	ProjectSection(ProjectDependencies) = postProject
		{57A7D7C0-0C91-3A20-9348-1A4502E3D36F} = {57A7D7C0-0C91-3A20-9348-1A4502E3D36F}
		{FF0FE57D-8DBC-3E9A-A7E5-C6B77C7FB2D5} = {FF0FE57D-8DBC-3E9A-A7E5-C6B77C7FB2D5}
		{FDD33A19-3337-3EB2-A058-D34E70469451} = {FDD33A19-3337-3EB2-A058-D34E70469451}
		{79DAD132-1732-3D2F-8C28-32BB3C936AE9} = {79DAD132-1732-3D2F-8C28-32BB3C936AE9}
		{E4A066AA-13BE-3425-8DB0-02614993B74C} = {E4A066AA-13BE-3425-8DB0-02614993B74C}
	EndProjectSection
EndProject
Project("{8BC9CEB8-8B4A-11D0-8D11-00A0C91BC942}") = "TestThermostat", "tests\adhoc\TestThermostat.vcxproj", "{64DDE705-2E52-3D93-BA22-C5184B106741}"
	ProjectSection(ProjectDependencies) = postProject
		{57A7D7C0-0C91-3A20-9348-1A4502E3D36F} = {57A7D7C0-0C91-3A20-9348-1A4502E3D36F}
		{FF0FE57D-8DBC-3E9A-A7E5-C6B77C7FB2D5} = {FF0FE57D-8DBC-3E9A-A7E5-C6B77C7FB2D5}
		{FDD33A19-3337-3EB2-A058-D34E70469451} = {FDD33A19-3337-3EB2-A058-D34E70469451}
		{79DAD132-1732-3D2F-8C28-32BB3C936AE9} = {79DAD132-1732-3D2F-8C28-32BB3C936AE9}
		{E4A066AA-13BE-3425-8DB0-02614993B74C} = {E4A066AA-13BE-3425-8DB0-02614993B74C}
	EndProjectSection
EndProject
Project("{8BC9CEB8-8B4A-11D0-8D11-00A0C91BC942}") = "TimsBox", "tests\adhoc\TimsBox.vcxproj", "{70632754-C66C-34B1-B65F-1101F0C4FC9F}"
	ProjectSection(ProjectDependencies) = postProject
		{57A7D7C0-0C91-3A20-9348-1A4502E3D36F} = {57A7D7C0-0C91-3A20-9348-1A4502E3D36F}
		{FF0FE57D-8DBC-3E9A-A7E5-C6B77C7FB2D5} = {FF0FE57D-8DBC-3E9A-A7E5-C6B77C7FB2D5}
		{FDD33A19-3337-3EB2-A058-D34E70469451} = {FDD33A19-3337-3EB2-A058-D34E70469451}
		{79DAD132-1732-3D2F-8C28-32BB3C936AE9} = {79DAD132-1732-3D2F-8C28-32BB3C936AE9}
		{E4A066AA-13BE-3425-8DB0-02614993B74C} = {E4A066AA-13BE-3425-8DB0-02614993B74C}
	EndProjectSection
EndProject
Project("{8BC9CEB8-8B4A-11D0-8D11-00A0C91BC942}") = "TimsBoxBristle", "tests\adhoc\TimsBoxBristle.vcxproj", "{E0BD2C9A-BB81-31C5-9B26-415414A6F5E3}"
	ProjectSection(ProjectDependencies) = postProject
		{57A7D7C0-0C91-3A20-9348-1A4502E3D36F} = {57A7D7C0-0C91-3A20-9348-1A4502E3D36F}
		{FF0FE57D-8DBC-3E9A-A7E5-C6B77C7FB2D5} = {FF0FE57D-8DBC-3E9A-A7E5-C6B77C7FB2D5}
		{FDD33A19-3337-3EB2-A058-D34E70469451} = {FDD33A19-3337-3EB2-A058-D34E70469451}
		{79DAD132-1732-3D2F-8C28-32BB3C936AE9} = {79DAD132-1732-3D2F-8C28-32BB3C936AE9}
		{E4A066AA-13BE-3425-8DB0-02614993B74C} = {E4A066AA-13BE-3425-8DB0-02614993B74C}
	EndProjectSection
EndProject
Project("{8BC9CEB8-8B4A-11D0-8D11-00A0C91BC942}") = "TimsBoxHybrid", "tests\adhoc\TimsBoxHybrid.vcxproj", "{F38531E7-79B8-34CA-B1F4-4FC060FDCE2A}"
	ProjectSection(ProjectDependencies) = postProject
		{57A7D7C0-0C91-3A20-9348-1A4502E3D36F} = {57A7D7C0-0C91-3A20-9348-1A4502E3D36F}
		{FF0FE57D-8DBC-3E9A-A7E5-C6B77C7FB2D5} = {FF0FE57D-8DBC-3E9A-A7E5-C6B77C7FB2D5}
		{FDD33A19-3337-3EB2-A058-D34E70469451} = {FDD33A19-3337-3EB2-A058-D34E70469451}
		{79DAD132-1732-3D2F-8C28-32BB3C936AE9} = {79DAD132-1732-3D2F-8C28-32BB3C936AE9}
		{E4A066AA-13BE-3425-8DB0-02614993B74C} = {E4A066AA-13BE-3425-8DB0-02614993B74C}
	EndProjectSection
EndProject
Project("{8BC9CEB8-8B4A-11D0-8D11-00A0C91BC942}") = "TimsBoxPGS", "tests\adhoc\TimsBoxPGS.vcxproj", "{A6463296-2A96-3131-9A94-0357291D78C0}"
	ProjectSection(ProjectDependencies) = postProject
		{57A7D7C0-0C91-3A20-9348-1A4502E3D36F} = {57A7D7C0-0C91-3A20-9348-1A4502E3D36F}
		{FF0FE57D-8DBC-3E9A-A7E5-C6B77C7FB2D5} = {FF0FE57D-8DBC-3E9A-A7E5-C6B77C7FB2D5}
		{FDD33A19-3337-3EB2-A058-D34E70469451} = {FDD33A19-3337-3EB2-A058-D34E70469451}
		{79DAD132-1732-3D2F-8C28-32BB3C936AE9} = {79DAD132-1732-3D2F-8C28-32BB3C936AE9}
		{E4A066AA-13BE-3425-8DB0-02614993B74C} = {E4A066AA-13BE-3425-8DB0-02614993B74C}
	EndProjectSection
EndProject
Project("{8BC9CEB8-8B4A-11D0-8D11-00A0C91BC942}") = "TwoPendulums", "tests\adhoc\TwoPendulums.vcxproj", "{63018CCF-8F17-3559-A596-7A39AF7693E6}"
	ProjectSection(ProjectDependencies) = postProject
		{57A7D7C0-0C91-3A20-9348-1A4502E3D36F} = {57A7D7C0-0C91-3A20-9348-1A4502E3D36F}
		{FF0FE57D-8DBC-3E9A-A7E5-C6B77C7FB2D5} = {FF0FE57D-8DBC-3E9A-A7E5-C6B77C7FB2D5}
		{FDD33A19-3337-3EB2-A058-D34E70469451} = {FDD33A19-3337-3EB2-A058-D34E70469451}
		{79DAD132-1732-3D2F-8C28-32BB3C936AE9} = {79DAD132-1732-3D2F-8C28-32BB3C936AE9}
		{E4A066AA-13BE-3425-8DB0-02614993B74C} = {E4A066AA-13BE-3425-8DB0-02614993B74C}
	EndProjectSection
EndProject
Project("{8BC9CEB8-8B4A-11D0-8D11-00A0C91BC942}") = "UnilateralPointContact", "tests\adhoc\UnilateralPointContact.vcxproj", "{2CA70A53-A7AA-3926-9D5A-9A1CE4C05C68}"
	ProjectSection(ProjectDependencies) = postProject
		{57A7D7C0-0C91-3A20-9348-1A4502E3D36F} = {57A7D7C0-0C91-3A20-9348-1A4502E3D36F}
		{FF0FE57D-8DBC-3E9A-A7E5-C6B77C7FB2D5} = {FF0FE57D-8DBC-3E9A-A7E5-C6B77C7FB2D5}
		{FDD33A19-3337-3EB2-A058-D34E70469451} = {FDD33A19-3337-3EB2-A058-D34E70469451}
		{79DAD132-1732-3D2F-8C28-32BB3C936AE9} = {79DAD132-1732-3D2F-8C28-32BB3C936AE9}
		{E4A066AA-13BE-3425-8DB0-02614993B74C} = {E4A066AA-13BE-3425-8DB0-02614993B74C}
	EndProjectSection
EndProject
Project("{8BC9CEB8-8B4A-11D0-8D11-00A0C91BC942}") = "UnilateralPointContactWithFriction", "tests\adhoc\UnilateralPointContactWithFriction.vcxproj", "{EEBBBD9B-EBC8-3BFF-B892-9B6DD038803A}"
	ProjectSection(ProjectDependencies) = postProject
		{57A7D7C0-0C91-3A20-9348-1A4502E3D36F} = {57A7D7C0-0C91-3A20-9348-1A4502E3D36F}
		{FF0FE57D-8DBC-3E9A-A7E5-C6B77C7FB2D5} = {FF0FE57D-8DBC-3E9A-A7E5-C6B77C7FB2D5}
		{FDD33A19-3337-3EB2-A058-D34E70469451} = {FDD33A19-3337-3EB2-A058-D34E70469451}
		{79DAD132-1732-3D2F-8C28-32BB3C936AE9} = {79DAD132-1732-3D2F-8C28-32BB3C936AE9}
		{E4A066AA-13BE-3425-8DB0-02614993B74C} = {E4A066AA-13BE-3425-8DB0-02614993B74C}
	EndProjectSection
EndProject
Project("{8BC9CEB8-8B4A-11D0-8D11-00A0C91BC942}") = "WristMomentArm", "tests\adhoc\WristMomentArm.vcxproj", "{B1F1C3FE-D25D-3472-A7FA-578404D698FA}"
	ProjectSection(ProjectDependencies) = postProject
		{57A7D7C0-0C91-3A20-9348-1A4502E3D36F} = {57A7D7C0-0C91-3A20-9348-1A4502E3D36F}
		{FF0FE57D-8DBC-3E9A-A7E5-C6B77C7FB2D5} = {FF0FE57D-8DBC-3E9A-A7E5-C6B77C7FB2D5}
		{FDD33A19-3337-3EB2-A058-D34E70469451} = {FDD33A19-3337-3EB2-A058-D34E70469451}
		{79DAD132-1732-3D2F-8C28-32BB3C936AE9} = {79DAD132-1732-3D2F-8C28-32BB3C936AE9}
		{E4A066AA-13BE-3425-8DB0-02614993B74C} = {E4A066AA-13BE-3425-8DB0-02614993B74C}
	EndProjectSection
EndProject
Project("{8BC9CEB8-8B4A-11D0-8D11-00A0C91BC942}") = "ZERO_CHECK", "..\\ZERO_CHECK.vcxproj", "{79DAD132-1732-3D2F-8C28-32BB3C936AE9}"
	ProjectSection(ProjectDependencies) = postProject
	EndProjectSection
EndProject
Project("{8BC9CEB8-8B4A-11D0-8D11-00A0C91BC942}") = "simbody-visualizer", "Visualizer\simbody-visualizer\simbody-visualizer.vcxproj", "{E4A066AA-13BE-3425-8DB0-02614993B74C}"
	ProjectSection(ProjectDependencies) = postProject
		{57A7D7C0-0C91-3A20-9348-1A4502E3D36F} = {57A7D7C0-0C91-3A20-9348-1A4502E3D36F}
		{FF0FE57D-8DBC-3E9A-A7E5-C6B77C7FB2D5} = {FF0FE57D-8DBC-3E9A-A7E5-C6B77C7FB2D5}
		{FDD33A19-3337-3EB2-A058-D34E70469451} = {FDD33A19-3337-3EB2-A058-D34E70469451}
		{79DAD132-1732-3D2F-8C28-32BB3C936AE9} = {79DAD132-1732-3D2F-8C28-32BB3C936AE9}
	EndProjectSection
EndProject
Global
	GlobalSection(SolutionConfigurationPlatforms) = preSolution
		Debug|x64 = Debug|x64
		Release|x64 = Release|x64
		MinSizeRel|x64 = MinSizeRel|x64
		RelWithDebInfo|x64 = RelWithDebInfo|x64
	EndGlobalSection
	GlobalSection(ProjectConfigurationPlatforms) = postSolution
		{BC182BFA-BB8E-33CE-9D35-257FDE21AFD5}.Debug|x64.ActiveCfg = Debug|x64
		{BC182BFA-BB8E-33CE-9D35-257FDE21AFD5}.Debug|x64.Build.0 = Debug|x64
		{BC182BFA-BB8E-33CE-9D35-257FDE21AFD5}.Release|x64.ActiveCfg = Release|x64
		{BC182BFA-BB8E-33CE-9D35-257FDE21AFD5}.Release|x64.Build.0 = Release|x64
		{BC182BFA-BB8E-33CE-9D35-257FDE21AFD5}.MinSizeRel|x64.ActiveCfg = MinSizeRel|x64
		{BC182BFA-BB8E-33CE-9D35-257FDE21AFD5}.MinSizeRel|x64.Build.0 = MinSizeRel|x64
		{BC182BFA-BB8E-33CE-9D35-257FDE21AFD5}.RelWithDebInfo|x64.ActiveCfg = RelWithDebInfo|x64
		{BC182BFA-BB8E-33CE-9D35-257FDE21AFD5}.RelWithDebInfo|x64.Build.0 = RelWithDebInfo|x64
		{EE682C57-1833-339D-B6A5-60678B62FC3E}.Debug|x64.ActiveCfg = Debug|x64
		{EE682C57-1833-339D-B6A5-60678B62FC3E}.Debug|x64.Build.0 = Debug|x64
		{EE682C57-1833-339D-B6A5-60678B62FC3E}.Release|x64.ActiveCfg = Release|x64
		{EE682C57-1833-339D-B6A5-60678B62FC3E}.Release|x64.Build.0 = Release|x64
		{EE682C57-1833-339D-B6A5-60678B62FC3E}.MinSizeRel|x64.ActiveCfg = MinSizeRel|x64
		{EE682C57-1833-339D-B6A5-60678B62FC3E}.MinSizeRel|x64.Build.0 = MinSizeRel|x64
		{EE682C57-1833-339D-B6A5-60678B62FC3E}.RelWithDebInfo|x64.ActiveCfg = RelWithDebInfo|x64
		{EE682C57-1833-339D-B6A5-60678B62FC3E}.RelWithDebInfo|x64.Build.0 = RelWithDebInfo|x64
		{EF2A37EC-2A41-3787-B70F-10D93C8DAA85}.Debug|x64.ActiveCfg = Debug|x64
		{EF2A37EC-2A41-3787-B70F-10D93C8DAA85}.Debug|x64.Build.0 = Debug|x64
		{EF2A37EC-2A41-3787-B70F-10D93C8DAA85}.Release|x64.ActiveCfg = Release|x64
		{EF2A37EC-2A41-3787-B70F-10D93C8DAA85}.Release|x64.Build.0 = Release|x64
		{EF2A37EC-2A41-3787-B70F-10D93C8DAA85}.MinSizeRel|x64.ActiveCfg = MinSizeRel|x64
		{EF2A37EC-2A41-3787-B70F-10D93C8DAA85}.MinSizeRel|x64.Build.0 = MinSizeRel|x64
		{EF2A37EC-2A41-3787-B70F-10D93C8DAA85}.RelWithDebInfo|x64.ActiveCfg = RelWithDebInfo|x64
		{EF2A37EC-2A41-3787-B70F-10D93C8DAA85}.RelWithDebInfo|x64.Build.0 = RelWithDebInfo|x64
		{9F50EF7F-FC17-3416-8D9A-237B024760EC}.Debug|x64.ActiveCfg = Debug|x64
		{9F50EF7F-FC17-3416-8D9A-237B024760EC}.Debug|x64.Build.0 = Debug|x64
		{9F50EF7F-FC17-3416-8D9A-237B024760EC}.Release|x64.ActiveCfg = Release|x64
		{9F50EF7F-FC17-3416-8D9A-237B024760EC}.Release|x64.Build.0 = Release|x64
		{9F50EF7F-FC17-3416-8D9A-237B024760EC}.MinSizeRel|x64.ActiveCfg = MinSizeRel|x64
		{9F50EF7F-FC17-3416-8D9A-237B024760EC}.MinSizeRel|x64.Build.0 = MinSizeRel|x64
		{9F50EF7F-FC17-3416-8D9A-237B024760EC}.RelWithDebInfo|x64.ActiveCfg = RelWithDebInfo|x64
		{9F50EF7F-FC17-3416-8D9A-237B024760EC}.RelWithDebInfo|x64.Build.0 = RelWithDebInfo|x64
		{733F6092-1668-3C6C-A9E7-BEC06339BF7A}.Debug|x64.ActiveCfg = Debug|x64
		{733F6092-1668-3C6C-A9E7-BEC06339BF7A}.Debug|x64.Build.0 = Debug|x64
		{733F6092-1668-3C6C-A9E7-BEC06339BF7A}.Release|x64.ActiveCfg = Release|x64
		{733F6092-1668-3C6C-A9E7-BEC06339BF7A}.Release|x64.Build.0 = Release|x64
		{733F6092-1668-3C6C-A9E7-BEC06339BF7A}.MinSizeRel|x64.ActiveCfg = MinSizeRel|x64
		{733F6092-1668-3C6C-A9E7-BEC06339BF7A}.MinSizeRel|x64.Build.0 = MinSizeRel|x64
		{733F6092-1668-3C6C-A9E7-BEC06339BF7A}.RelWithDebInfo|x64.ActiveCfg = RelWithDebInfo|x64
		{733F6092-1668-3C6C-A9E7-BEC06339BF7A}.RelWithDebInfo|x64.Build.0 = RelWithDebInfo|x64
		{65162B98-F93E-382A-9B5C-5C44CEAB8D58}.Debug|x64.ActiveCfg = Debug|x64
		{65162B98-F93E-382A-9B5C-5C44CEAB8D58}.Debug|x64.Build.0 = Debug|x64
		{65162B98-F93E-382A-9B5C-5C44CEAB8D58}.Release|x64.ActiveCfg = Release|x64
		{65162B98-F93E-382A-9B5C-5C44CEAB8D58}.Release|x64.Build.0 = Release|x64
		{65162B98-F93E-382A-9B5C-5C44CEAB8D58}.MinSizeRel|x64.ActiveCfg = MinSizeRel|x64
		{65162B98-F93E-382A-9B5C-5C44CEAB8D58}.MinSizeRel|x64.Build.0 = MinSizeRel|x64
		{65162B98-F93E-382A-9B5C-5C44CEAB8D58}.RelWithDebInfo|x64.ActiveCfg = RelWithDebInfo|x64
		{65162B98-F93E-382A-9B5C-5C44CEAB8D58}.RelWithDebInfo|x64.Build.0 = RelWithDebInfo|x64
		{D3C13B2C-EFAE-3DC5-8DF6-4CE43280B108}.Debug|x64.ActiveCfg = Debug|x64
		{D3C13B2C-EFAE-3DC5-8DF6-4CE43280B108}.Debug|x64.Build.0 = Debug|x64
		{D3C13B2C-EFAE-3DC5-8DF6-4CE43280B108}.Release|x64.ActiveCfg = Release|x64
		{D3C13B2C-EFAE-3DC5-8DF6-4CE43280B108}.Release|x64.Build.0 = Release|x64
		{D3C13B2C-EFAE-3DC5-8DF6-4CE43280B108}.MinSizeRel|x64.ActiveCfg = MinSizeRel|x64
		{D3C13B2C-EFAE-3DC5-8DF6-4CE43280B108}.MinSizeRel|x64.Build.0 = MinSizeRel|x64
		{D3C13B2C-EFAE-3DC5-8DF6-4CE43280B108}.RelWithDebInfo|x64.ActiveCfg = RelWithDebInfo|x64
		{D3C13B2C-EFAE-3DC5-8DF6-4CE43280B108}.RelWithDebInfo|x64.Build.0 = RelWithDebInfo|x64
		{E05BCB10-5459-3ADB-A3BA-DFFBF4E4E058}.Debug|x64.ActiveCfg = Debug|x64
		{E05BCB10-5459-3ADB-A3BA-DFFBF4E4E058}.Debug|x64.Build.0 = Debug|x64
		{E05BCB10-5459-3ADB-A3BA-DFFBF4E4E058}.Release|x64.ActiveCfg = Release|x64
		{E05BCB10-5459-3ADB-A3BA-DFFBF4E4E058}.Release|x64.Build.0 = Release|x64
		{E05BCB10-5459-3ADB-A3BA-DFFBF4E4E058}.MinSizeRel|x64.ActiveCfg = MinSizeRel|x64
		{E05BCB10-5459-3ADB-A3BA-DFFBF4E4E058}.MinSizeRel|x64.Build.0 = MinSizeRel|x64
		{E05BCB10-5459-3ADB-A3BA-DFFBF4E4E058}.RelWithDebInfo|x64.ActiveCfg = RelWithDebInfo|x64
		{E05BCB10-5459-3ADB-A3BA-DFFBF4E4E058}.RelWithDebInfo|x64.Build.0 = RelWithDebInfo|x64
		{2BC128B3-1391-3419-A213-498E725B444E}.Debug|x64.ActiveCfg = Debug|x64
		{2BC128B3-1391-3419-A213-498E725B444E}.Debug|x64.Build.0 = Debug|x64
		{2BC128B3-1391-3419-A213-498E725B444E}.Release|x64.ActiveCfg = Release|x64
		{2BC128B3-1391-3419-A213-498E725B444E}.Release|x64.Build.0 = Release|x64
		{2BC128B3-1391-3419-A213-498E725B444E}.MinSizeRel|x64.ActiveCfg = MinSizeRel|x64
		{2BC128B3-1391-3419-A213-498E725B444E}.MinSizeRel|x64.Build.0 = MinSizeRel|x64
		{2BC128B3-1391-3419-A213-498E725B444E}.RelWithDebInfo|x64.ActiveCfg = RelWithDebInfo|x64
		{2BC128B3-1391-3419-A213-498E725B444E}.RelWithDebInfo|x64.Build.0 = RelWithDebInfo|x64
		{F52BE148-95C7-3578-943A-1D642AF453B1}.Debug|x64.ActiveCfg = Debug|x64
		{F52BE148-95C7-3578-943A-1D642AF453B1}.Debug|x64.Build.0 = Debug|x64
		{F52BE148-95C7-3578-943A-1D642AF453B1}.Release|x64.ActiveCfg = Release|x64
		{F52BE148-95C7-3578-943A-1D642AF453B1}.Release|x64.Build.0 = Release|x64
		{F52BE148-95C7-3578-943A-1D642AF453B1}.MinSizeRel|x64.ActiveCfg = MinSizeRel|x64
		{F52BE148-95C7-3578-943A-1D642AF453B1}.MinSizeRel|x64.Build.0 = MinSizeRel|x64
		{F52BE148-95C7-3578-943A-1D642AF453B1}.RelWithDebInfo|x64.ActiveCfg = RelWithDebInfo|x64
		{F52BE148-95C7-3578-943A-1D642AF453B1}.RelWithDebInfo|x64.Build.0 = RelWithDebInfo|x64
		{2F031CF3-7BE4-3F8A-A39B-AA6661984976}.Debug|x64.ActiveCfg = Debug|x64
		{2F031CF3-7BE4-3F8A-A39B-AA6661984976}.Debug|x64.Build.0 = Debug|x64
		{2F031CF3-7BE4-3F8A-A39B-AA6661984976}.Release|x64.ActiveCfg = Release|x64
		{2F031CF3-7BE4-3F8A-A39B-AA6661984976}.Release|x64.Build.0 = Release|x64
		{2F031CF3-7BE4-3F8A-A39B-AA6661984976}.MinSizeRel|x64.ActiveCfg = MinSizeRel|x64
		{2F031CF3-7BE4-3F8A-A39B-AA6661984976}.MinSizeRel|x64.Build.0 = MinSizeRel|x64
		{2F031CF3-7BE4-3F8A-A39B-AA6661984976}.RelWithDebInfo|x64.ActiveCfg = RelWithDebInfo|x64
		{2F031CF3-7BE4-3F8A-A39B-AA6661984976}.RelWithDebInfo|x64.Build.0 = RelWithDebInfo|x64
		{43E7FA84-B553-300B-9D23-DD2C1D02E724}.Debug|x64.ActiveCfg = Debug|x64
		{43E7FA84-B553-300B-9D23-DD2C1D02E724}.Debug|x64.Build.0 = Debug|x64
		{43E7FA84-B553-300B-9D23-DD2C1D02E724}.Release|x64.ActiveCfg = Release|x64
		{43E7FA84-B553-300B-9D23-DD2C1D02E724}.Release|x64.Build.0 = Release|x64
		{43E7FA84-B553-300B-9D23-DD2C1D02E724}.MinSizeRel|x64.ActiveCfg = MinSizeRel|x64
		{43E7FA84-B553-300B-9D23-DD2C1D02E724}.MinSizeRel|x64.Build.0 = MinSizeRel|x64
		{43E7FA84-B553-300B-9D23-DD2C1D02E724}.RelWithDebInfo|x64.ActiveCfg = RelWithDebInfo|x64
		{43E7FA84-B553-300B-9D23-DD2C1D02E724}.RelWithDebInfo|x64.Build.0 = RelWithDebInfo|x64
		{595D1791-B947-35B9-A176-514B9285A72A}.Debug|x64.ActiveCfg = Debug|x64
		{595D1791-B947-35B9-A176-514B9285A72A}.Debug|x64.Build.0 = Debug|x64
		{595D1791-B947-35B9-A176-514B9285A72A}.Release|x64.ActiveCfg = Release|x64
		{595D1791-B947-35B9-A176-514B9285A72A}.Release|x64.Build.0 = Release|x64
		{595D1791-B947-35B9-A176-514B9285A72A}.MinSizeRel|x64.ActiveCfg = MinSizeRel|x64
		{595D1791-B947-35B9-A176-514B9285A72A}.MinSizeRel|x64.Build.0 = MinSizeRel|x64
		{595D1791-B947-35B9-A176-514B9285A72A}.RelWithDebInfo|x64.ActiveCfg = RelWithDebInfo|x64
		{595D1791-B947-35B9-A176-514B9285A72A}.RelWithDebInfo|x64.Build.0 = RelWithDebInfo|x64
		{BA598A32-9779-3F9E-B70F-C1DB51E44B08}.Debug|x64.ActiveCfg = Debug|x64
		{BA598A32-9779-3F9E-B70F-C1DB51E44B08}.Debug|x64.Build.0 = Debug|x64
		{BA598A32-9779-3F9E-B70F-C1DB51E44B08}.Release|x64.ActiveCfg = Release|x64
		{BA598A32-9779-3F9E-B70F-C1DB51E44B08}.Release|x64.Build.0 = Release|x64
		{BA598A32-9779-3F9E-B70F-C1DB51E44B08}.MinSizeRel|x64.ActiveCfg = MinSizeRel|x64
		{BA598A32-9779-3F9E-B70F-C1DB51E44B08}.MinSizeRel|x64.Build.0 = MinSizeRel|x64
		{BA598A32-9779-3F9E-B70F-C1DB51E44B08}.RelWithDebInfo|x64.ActiveCfg = RelWithDebInfo|x64
		{BA598A32-9779-3F9E-B70F-C1DB51E44B08}.RelWithDebInfo|x64.Build.0 = RelWithDebInfo|x64
		{33277412-10C6-398F-A84E-ED8460551FD9}.Debug|x64.ActiveCfg = Debug|x64
		{33277412-10C6-398F-A84E-ED8460551FD9}.Debug|x64.Build.0 = Debug|x64
		{33277412-10C6-398F-A84E-ED8460551FD9}.Release|x64.ActiveCfg = Release|x64
		{33277412-10C6-398F-A84E-ED8460551FD9}.Release|x64.Build.0 = Release|x64
		{33277412-10C6-398F-A84E-ED8460551FD9}.MinSizeRel|x64.ActiveCfg = MinSizeRel|x64
		{33277412-10C6-398F-A84E-ED8460551FD9}.MinSizeRel|x64.Build.0 = MinSizeRel|x64
		{33277412-10C6-398F-A84E-ED8460551FD9}.RelWithDebInfo|x64.ActiveCfg = RelWithDebInfo|x64
		{33277412-10C6-398F-A84E-ED8460551FD9}.RelWithDebInfo|x64.Build.0 = RelWithDebInfo|x64
		{3D47D80E-B8DC-3B35-83C0-2282B41A3BBB}.Debug|x64.ActiveCfg = Debug|x64
		{3D47D80E-B8DC-3B35-83C0-2282B41A3BBB}.Debug|x64.Build.0 = Debug|x64
		{3D47D80E-B8DC-3B35-83C0-2282B41A3BBB}.Release|x64.ActiveCfg = Release|x64
		{3D47D80E-B8DC-3B35-83C0-2282B41A3BBB}.Release|x64.Build.0 = Release|x64
		{3D47D80E-B8DC-3B35-83C0-2282B41A3BBB}.MinSizeRel|x64.ActiveCfg = MinSizeRel|x64
		{3D47D80E-B8DC-3B35-83C0-2282B41A3BBB}.MinSizeRel|x64.Build.0 = MinSizeRel|x64
		{3D47D80E-B8DC-3B35-83C0-2282B41A3BBB}.RelWithDebInfo|x64.ActiveCfg = RelWithDebInfo|x64
		{3D47D80E-B8DC-3B35-83C0-2282B41A3BBB}.RelWithDebInfo|x64.Build.0 = RelWithDebInfo|x64
		{72EA73D7-4161-3DA5-8F57-C62863D27418}.Debug|x64.ActiveCfg = Debug|x64
		{72EA73D7-4161-3DA5-8F57-C62863D27418}.Release|x64.ActiveCfg = Release|x64
		{72EA73D7-4161-3DA5-8F57-C62863D27418}.MinSizeRel|x64.ActiveCfg = MinSizeRel|x64
		{72EA73D7-4161-3DA5-8F57-C62863D27418}.RelWithDebInfo|x64.ActiveCfg = RelWithDebInfo|x64
		{C983AED5-2C53-3CA7-B231-38DED21BF8B7}.Debug|x64.ActiveCfg = Debug|x64
		{C983AED5-2C53-3CA7-B231-38DED21BF8B7}.Debug|x64.Build.0 = Debug|x64
		{C983AED5-2C53-3CA7-B231-38DED21BF8B7}.Release|x64.ActiveCfg = Release|x64
		{C983AED5-2C53-3CA7-B231-38DED21BF8B7}.Release|x64.Build.0 = Release|x64
		{C983AED5-2C53-3CA7-B231-38DED21BF8B7}.MinSizeRel|x64.ActiveCfg = MinSizeRel|x64
		{C983AED5-2C53-3CA7-B231-38DED21BF8B7}.MinSizeRel|x64.Build.0 = MinSizeRel|x64
		{C983AED5-2C53-3CA7-B231-38DED21BF8B7}.RelWithDebInfo|x64.ActiveCfg = RelWithDebInfo|x64
		{C983AED5-2C53-3CA7-B231-38DED21BF8B7}.RelWithDebInfo|x64.Build.0 = RelWithDebInfo|x64
		{A7E24F65-65FB-3CEC-8DF4-0EC8546887FE}.Debug|x64.ActiveCfg = Debug|x64
		{A7E24F65-65FB-3CEC-8DF4-0EC8546887FE}.Debug|x64.Build.0 = Debug|x64
		{A7E24F65-65FB-3CEC-8DF4-0EC8546887FE}.Release|x64.ActiveCfg = Release|x64
		{A7E24F65-65FB-3CEC-8DF4-0EC8546887FE}.Release|x64.Build.0 = Release|x64
		{A7E24F65-65FB-3CEC-8DF4-0EC8546887FE}.MinSizeRel|x64.ActiveCfg = MinSizeRel|x64
		{A7E24F65-65FB-3CEC-8DF4-0EC8546887FE}.MinSizeRel|x64.Build.0 = MinSizeRel|x64
		{A7E24F65-65FB-3CEC-8DF4-0EC8546887FE}.RelWithDebInfo|x64.ActiveCfg = RelWithDebInfo|x64
		{A7E24F65-65FB-3CEC-8DF4-0EC8546887FE}.RelWithDebInfo|x64.Build.0 = RelWithDebInfo|x64
		{AC8D504C-4B4B-3A90-A9D2-C11C82211642}.Debug|x64.ActiveCfg = Debug|x64
		{AC8D504C-4B4B-3A90-A9D2-C11C82211642}.Debug|x64.Build.0 = Debug|x64
		{AC8D504C-4B4B-3A90-A9D2-C11C82211642}.Release|x64.ActiveCfg = Release|x64
		{AC8D504C-4B4B-3A90-A9D2-C11C82211642}.Release|x64.Build.0 = Release|x64
		{AC8D504C-4B4B-3A90-A9D2-C11C82211642}.MinSizeRel|x64.ActiveCfg = MinSizeRel|x64
		{AC8D504C-4B4B-3A90-A9D2-C11C82211642}.MinSizeRel|x64.Build.0 = MinSizeRel|x64
		{AC8D504C-4B4B-3A90-A9D2-C11C82211642}.RelWithDebInfo|x64.ActiveCfg = RelWithDebInfo|x64
		{AC8D504C-4B4B-3A90-A9D2-C11C82211642}.RelWithDebInfo|x64.Build.0 = RelWithDebInfo|x64
		{D9DF1DD3-7321-3F61-BB11-898EF67415FF}.Debug|x64.ActiveCfg = Debug|x64
		{D9DF1DD3-7321-3F61-BB11-898EF67415FF}.Debug|x64.Build.0 = Debug|x64
		{D9DF1DD3-7321-3F61-BB11-898EF67415FF}.Release|x64.ActiveCfg = Release|x64
		{D9DF1DD3-7321-3F61-BB11-898EF67415FF}.Release|x64.Build.0 = Release|x64
		{D9DF1DD3-7321-3F61-BB11-898EF67415FF}.MinSizeRel|x64.ActiveCfg = MinSizeRel|x64
		{D9DF1DD3-7321-3F61-BB11-898EF67415FF}.MinSizeRel|x64.Build.0 = MinSizeRel|x64
		{D9DF1DD3-7321-3F61-BB11-898EF67415FF}.RelWithDebInfo|x64.ActiveCfg = RelWithDebInfo|x64
		{D9DF1DD3-7321-3F61-BB11-898EF67415FF}.RelWithDebInfo|x64.Build.0 = RelWithDebInfo|x64
		{1ECB2A72-2973-3D5E-9FEF-5293CC6075E9}.Debug|x64.ActiveCfg = Debug|x64
		{1ECB2A72-2973-3D5E-9FEF-5293CC6075E9}.Debug|x64.Build.0 = Debug|x64
		{1ECB2A72-2973-3D5E-9FEF-5293CC6075E9}.Release|x64.ActiveCfg = Release|x64
		{1ECB2A72-2973-3D5E-9FEF-5293CC6075E9}.Release|x64.Build.0 = Release|x64
		{1ECB2A72-2973-3D5E-9FEF-5293CC6075E9}.MinSizeRel|x64.ActiveCfg = MinSizeRel|x64
		{1ECB2A72-2973-3D5E-9FEF-5293CC6075E9}.MinSizeRel|x64.Build.0 = MinSizeRel|x64
		{1ECB2A72-2973-3D5E-9FEF-5293CC6075E9}.RelWithDebInfo|x64.ActiveCfg = RelWithDebInfo|x64
		{1ECB2A72-2973-3D5E-9FEF-5293CC6075E9}.RelWithDebInfo|x64.Build.0 = RelWithDebInfo|x64
		{F054D452-CC71-33A4-96D9-8544B832BCEF}.Debug|x64.ActiveCfg = Debug|x64
		{F054D452-CC71-33A4-96D9-8544B832BCEF}.Debug|x64.Build.0 = Debug|x64
		{F054D452-CC71-33A4-96D9-8544B832BCEF}.Release|x64.ActiveCfg = Release|x64
		{F054D452-CC71-33A4-96D9-8544B832BCEF}.Release|x64.Build.0 = Release|x64
		{F054D452-CC71-33A4-96D9-8544B832BCEF}.MinSizeRel|x64.ActiveCfg = MinSizeRel|x64
		{F054D452-CC71-33A4-96D9-8544B832BCEF}.MinSizeRel|x64.Build.0 = MinSizeRel|x64
		{F054D452-CC71-33A4-96D9-8544B832BCEF}.RelWithDebInfo|x64.ActiveCfg = RelWithDebInfo|x64
		{F054D452-CC71-33A4-96D9-8544B832BCEF}.RelWithDebInfo|x64.Build.0 = RelWithDebInfo|x64
		{0D57CAA1-217F-3903-9897-2610943D9622}.Debug|x64.ActiveCfg = Debug|x64
		{0D57CAA1-217F-3903-9897-2610943D9622}.Debug|x64.Build.0 = Debug|x64
		{0D57CAA1-217F-3903-9897-2610943D9622}.Release|x64.ActiveCfg = Release|x64
		{0D57CAA1-217F-3903-9897-2610943D9622}.Release|x64.Build.0 = Release|x64
		{0D57CAA1-217F-3903-9897-2610943D9622}.MinSizeRel|x64.ActiveCfg = MinSizeRel|x64
		{0D57CAA1-217F-3903-9897-2610943D9622}.MinSizeRel|x64.Build.0 = MinSizeRel|x64
		{0D57CAA1-217F-3903-9897-2610943D9622}.RelWithDebInfo|x64.ActiveCfg = RelWithDebInfo|x64
		{0D57CAA1-217F-3903-9897-2610943D9622}.RelWithDebInfo|x64.Build.0 = RelWithDebInfo|x64
		{85B1B68D-EDBB-3F5B-AEEE-8B4CAF0F4E66}.Debug|x64.ActiveCfg = Debug|x64
		{85B1B68D-EDBB-3F5B-AEEE-8B4CAF0F4E66}.Debug|x64.Build.0 = Debug|x64
		{85B1B68D-EDBB-3F5B-AEEE-8B4CAF0F4E66}.Release|x64.ActiveCfg = Release|x64
		{85B1B68D-EDBB-3F5B-AEEE-8B4CAF0F4E66}.Release|x64.Build.0 = Release|x64
		{85B1B68D-EDBB-3F5B-AEEE-8B4CAF0F4E66}.MinSizeRel|x64.ActiveCfg = MinSizeRel|x64
		{85B1B68D-EDBB-3F5B-AEEE-8B4CAF0F4E66}.MinSizeRel|x64.Build.0 = MinSizeRel|x64
		{85B1B68D-EDBB-3F5B-AEEE-8B4CAF0F4E66}.RelWithDebInfo|x64.ActiveCfg = RelWithDebInfo|x64
		{85B1B68D-EDBB-3F5B-AEEE-8B4CAF0F4E66}.RelWithDebInfo|x64.Build.0 = RelWithDebInfo|x64
		{56786DCB-234F-39BD-8B22-A41BAEACA697}.Debug|x64.ActiveCfg = Debug|x64
		{56786DCB-234F-39BD-8B22-A41BAEACA697}.Debug|x64.Build.0 = Debug|x64
		{56786DCB-234F-39BD-8B22-A41BAEACA697}.Release|x64.ActiveCfg = Release|x64
		{56786DCB-234F-39BD-8B22-A41BAEACA697}.Release|x64.Build.0 = Release|x64
		{56786DCB-234F-39BD-8B22-A41BAEACA697}.MinSizeRel|x64.ActiveCfg = MinSizeRel|x64
		{56786DCB-234F-39BD-8B22-A41BAEACA697}.MinSizeRel|x64.Build.0 = MinSizeRel|x64
		{56786DCB-234F-39BD-8B22-A41BAEACA697}.RelWithDebInfo|x64.ActiveCfg = RelWithDebInfo|x64
		{56786DCB-234F-39BD-8B22-A41BAEACA697}.RelWithDebInfo|x64.Build.0 = RelWithDebInfo|x64
		{A907FEB8-1B11-301A-BC54-1A7B8650DC72}.Debug|x64.ActiveCfg = Debug|x64
		{A907FEB8-1B11-301A-BC54-1A7B8650DC72}.Debug|x64.Build.0 = Debug|x64
		{A907FEB8-1B11-301A-BC54-1A7B8650DC72}.Release|x64.ActiveCfg = Release|x64
		{A907FEB8-1B11-301A-BC54-1A7B8650DC72}.Release|x64.Build.0 = Release|x64
		{A907FEB8-1B11-301A-BC54-1A7B8650DC72}.MinSizeRel|x64.ActiveCfg = MinSizeRel|x64
		{A907FEB8-1B11-301A-BC54-1A7B8650DC72}.MinSizeRel|x64.Build.0 = MinSizeRel|x64
		{A907FEB8-1B11-301A-BC54-1A7B8650DC72}.RelWithDebInfo|x64.ActiveCfg = RelWithDebInfo|x64
		{A907FEB8-1B11-301A-BC54-1A7B8650DC72}.RelWithDebInfo|x64.Build.0 = RelWithDebInfo|x64
		{1CB29F8F-40C2-3C05-8D79-C31CEF5D804A}.Debug|x64.ActiveCfg = Debug|x64
		{1CB29F8F-40C2-3C05-8D79-C31CEF5D804A}.Debug|x64.Build.0 = Debug|x64
		{1CB29F8F-40C2-3C05-8D79-C31CEF5D804A}.Release|x64.ActiveCfg = Release|x64
		{1CB29F8F-40C2-3C05-8D79-C31CEF5D804A}.Release|x64.Build.0 = Release|x64
		{1CB29F8F-40C2-3C05-8D79-C31CEF5D804A}.MinSizeRel|x64.ActiveCfg = MinSizeRel|x64
		{1CB29F8F-40C2-3C05-8D79-C31CEF5D804A}.MinSizeRel|x64.Build.0 = MinSizeRel|x64
		{1CB29F8F-40C2-3C05-8D79-C31CEF5D804A}.RelWithDebInfo|x64.ActiveCfg = RelWithDebInfo|x64
		{1CB29F8F-40C2-3C05-8D79-C31CEF5D804A}.RelWithDebInfo|x64.Build.0 = RelWithDebInfo|x64
		{D910E1BF-6C67-3421-805D-89F126701ECA}.Debug|x64.ActiveCfg = Debug|x64
		{D910E1BF-6C67-3421-805D-89F126701ECA}.Debug|x64.Build.0 = Debug|x64
		{D910E1BF-6C67-3421-805D-89F126701ECA}.Release|x64.ActiveCfg = Release|x64
		{D910E1BF-6C67-3421-805D-89F126701ECA}.Release|x64.Build.0 = Release|x64
		{D910E1BF-6C67-3421-805D-89F126701ECA}.MinSizeRel|x64.ActiveCfg = MinSizeRel|x64
		{D910E1BF-6C67-3421-805D-89F126701ECA}.MinSizeRel|x64.Build.0 = MinSizeRel|x64
		{D910E1BF-6C67-3421-805D-89F126701ECA}.RelWithDebInfo|x64.ActiveCfg = RelWithDebInfo|x64
		{D910E1BF-6C67-3421-805D-89F126701ECA}.RelWithDebInfo|x64.Build.0 = RelWithDebInfo|x64
		{CCCB8B41-36B2-38C4-8268-80A566564B3F}.Debug|x64.ActiveCfg = Debug|x64
		{CCCB8B41-36B2-38C4-8268-80A566564B3F}.Debug|x64.Build.0 = Debug|x64
		{CCCB8B41-36B2-38C4-8268-80A566564B3F}.Release|x64.ActiveCfg = Release|x64
		{CCCB8B41-36B2-38C4-8268-80A566564B3F}.Release|x64.Build.0 = Release|x64
		{CCCB8B41-36B2-38C4-8268-80A566564B3F}.MinSizeRel|x64.ActiveCfg = MinSizeRel|x64
		{CCCB8B41-36B2-38C4-8268-80A566564B3F}.MinSizeRel|x64.Build.0 = MinSizeRel|x64
		{CCCB8B41-36B2-38C4-8268-80A566564B3F}.RelWithDebInfo|x64.ActiveCfg = RelWithDebInfo|x64
		{CCCB8B41-36B2-38C4-8268-80A566564B3F}.RelWithDebInfo|x64.Build.0 = RelWithDebInfo|x64
		{C0C7E728-CEDF-3B82-BD0E-B9369B6E104D}.Debug|x64.ActiveCfg = Debug|x64
		{C0C7E728-CEDF-3B82-BD0E-B9369B6E104D}.Release|x64.ActiveCfg = Release|x64
		{C0C7E728-CEDF-3B82-BD0E-B9369B6E104D}.MinSizeRel|x64.ActiveCfg = MinSizeRel|x64
		{C0C7E728-CEDF-3B82-BD0E-B9369B6E104D}.RelWithDebInfo|x64.ActiveCfg = RelWithDebInfo|x64
		{6165FDC0-878E-301E-AE7C-0B1A3ADFC989}.Debug|x64.ActiveCfg = Debug|x64
		{6165FDC0-878E-301E-AE7C-0B1A3ADFC989}.Debug|x64.Build.0 = Debug|x64
		{6165FDC0-878E-301E-AE7C-0B1A3ADFC989}.Release|x64.ActiveCfg = Release|x64
		{6165FDC0-878E-301E-AE7C-0B1A3ADFC989}.Release|x64.Build.0 = Release|x64
		{6165FDC0-878E-301E-AE7C-0B1A3ADFC989}.MinSizeRel|x64.ActiveCfg = MinSizeRel|x64
		{6165FDC0-878E-301E-AE7C-0B1A3ADFC989}.MinSizeRel|x64.Build.0 = MinSizeRel|x64
		{6165FDC0-878E-301E-AE7C-0B1A3ADFC989}.RelWithDebInfo|x64.ActiveCfg = RelWithDebInfo|x64
		{6165FDC0-878E-301E-AE7C-0B1A3ADFC989}.RelWithDebInfo|x64.Build.0 = RelWithDebInfo|x64
		{898E5A51-5174-3B73-93BC-15DB1DCB6B4C}.Debug|x64.ActiveCfg = Debug|x64
		{898E5A51-5174-3B73-93BC-15DB1DCB6B4C}.Debug|x64.Build.0 = Debug|x64
		{898E5A51-5174-3B73-93BC-15DB1DCB6B4C}.Release|x64.ActiveCfg = Release|x64
		{898E5A51-5174-3B73-93BC-15DB1DCB6B4C}.Release|x64.Build.0 = Release|x64
		{898E5A51-5174-3B73-93BC-15DB1DCB6B4C}.MinSizeRel|x64.ActiveCfg = MinSizeRel|x64
		{898E5A51-5174-3B73-93BC-15DB1DCB6B4C}.MinSizeRel|x64.Build.0 = MinSizeRel|x64
		{898E5A51-5174-3B73-93BC-15DB1DCB6B4C}.RelWithDebInfo|x64.ActiveCfg = RelWithDebInfo|x64
		{898E5A51-5174-3B73-93BC-15DB1DCB6B4C}.RelWithDebInfo|x64.Build.0 = RelWithDebInfo|x64
		{16415B50-759A-3605-9F46-A895FC1ED56A}.Debug|x64.ActiveCfg = Debug|x64
		{16415B50-759A-3605-9F46-A895FC1ED56A}.Debug|x64.Build.0 = Debug|x64
		{16415B50-759A-3605-9F46-A895FC1ED56A}.Release|x64.ActiveCfg = Release|x64
		{16415B50-759A-3605-9F46-A895FC1ED56A}.Release|x64.Build.0 = Release|x64
		{16415B50-759A-3605-9F46-A895FC1ED56A}.MinSizeRel|x64.ActiveCfg = MinSizeRel|x64
		{16415B50-759A-3605-9F46-A895FC1ED56A}.MinSizeRel|x64.Build.0 = MinSizeRel|x64
		{16415B50-759A-3605-9F46-A895FC1ED56A}.RelWithDebInfo|x64.ActiveCfg = RelWithDebInfo|x64
		{16415B50-759A-3605-9F46-A895FC1ED56A}.RelWithDebInfo|x64.Build.0 = RelWithDebInfo|x64
		{A0175FBA-8730-3DAF-B788-7B26BED1B0E6}.Debug|x64.ActiveCfg = Debug|x64
		{A0175FBA-8730-3DAF-B788-7B26BED1B0E6}.Debug|x64.Build.0 = Debug|x64
		{A0175FBA-8730-3DAF-B788-7B26BED1B0E6}.Release|x64.ActiveCfg = Release|x64
		{A0175FBA-8730-3DAF-B788-7B26BED1B0E6}.Release|x64.Build.0 = Release|x64
		{A0175FBA-8730-3DAF-B788-7B26BED1B0E6}.MinSizeRel|x64.ActiveCfg = MinSizeRel|x64
		{A0175FBA-8730-3DAF-B788-7B26BED1B0E6}.MinSizeRel|x64.Build.0 = MinSizeRel|x64
		{A0175FBA-8730-3DAF-B788-7B26BED1B0E6}.RelWithDebInfo|x64.ActiveCfg = RelWithDebInfo|x64
		{A0175FBA-8730-3DAF-B788-7B26BED1B0E6}.RelWithDebInfo|x64.Build.0 = RelWithDebInfo|x64
		{57A7D7C0-0C91-3A20-9348-1A4502E3D36F}.Debug|x64.ActiveCfg = Debug|x64
		{57A7D7C0-0C91-3A20-9348-1A4502E3D36F}.Debug|x64.Build.0 = Debug|x64
		{57A7D7C0-0C91-3A20-9348-1A4502E3D36F}.Release|x64.ActiveCfg = Release|x64
		{57A7D7C0-0C91-3A20-9348-1A4502E3D36F}.Release|x64.Build.0 = Release|x64
		{57A7D7C0-0C91-3A20-9348-1A4502E3D36F}.MinSizeRel|x64.ActiveCfg = MinSizeRel|x64
		{57A7D7C0-0C91-3A20-9348-1A4502E3D36F}.MinSizeRel|x64.Build.0 = MinSizeRel|x64
		{57A7D7C0-0C91-3A20-9348-1A4502E3D36F}.RelWithDebInfo|x64.ActiveCfg = RelWithDebInfo|x64
		{57A7D7C0-0C91-3A20-9348-1A4502E3D36F}.RelWithDebInfo|x64.Build.0 = RelWithDebInfo|x64
		{FF0FE57D-8DBC-3E9A-A7E5-C6B77C7FB2D5}.Debug|x64.ActiveCfg = Debug|x64
		{FF0FE57D-8DBC-3E9A-A7E5-C6B77C7FB2D5}.Debug|x64.Build.0 = Debug|x64
		{FF0FE57D-8DBC-3E9A-A7E5-C6B77C7FB2D5}.Release|x64.ActiveCfg = Release|x64
		{FF0FE57D-8DBC-3E9A-A7E5-C6B77C7FB2D5}.Release|x64.Build.0 = Release|x64
		{FF0FE57D-8DBC-3E9A-A7E5-C6B77C7FB2D5}.MinSizeRel|x64.ActiveCfg = MinSizeRel|x64
		{FF0FE57D-8DBC-3E9A-A7E5-C6B77C7FB2D5}.MinSizeRel|x64.Build.0 = MinSizeRel|x64
		{FF0FE57D-8DBC-3E9A-A7E5-C6B77C7FB2D5}.RelWithDebInfo|x64.ActiveCfg = RelWithDebInfo|x64
		{FF0FE57D-8DBC-3E9A-A7E5-C6B77C7FB2D5}.RelWithDebInfo|x64.Build.0 = RelWithDebInfo|x64
		{FDD33A19-3337-3EB2-A058-D34E70469451}.Debug|x64.ActiveCfg = Debug|x64
		{FDD33A19-3337-3EB2-A058-D34E70469451}.Debug|x64.Build.0 = Debug|x64
		{FDD33A19-3337-3EB2-A058-D34E70469451}.Release|x64.ActiveCfg = Release|x64
		{FDD33A19-3337-3EB2-A058-D34E70469451}.Release|x64.Build.0 = Release|x64
		{FDD33A19-3337-3EB2-A058-D34E70469451}.MinSizeRel|x64.ActiveCfg = MinSizeRel|x64
		{FDD33A19-3337-3EB2-A058-D34E70469451}.MinSizeRel|x64.Build.0 = MinSizeRel|x64
		{FDD33A19-3337-3EB2-A058-D34E70469451}.RelWithDebInfo|x64.ActiveCfg = RelWithDebInfo|x64
		{FDD33A19-3337-3EB2-A058-D34E70469451}.RelWithDebInfo|x64.Build.0 = RelWithDebInfo|x64
		{C582B7B8-BDE6-3CA1-A686-E67E3BFBC313}.Debug|x64.ActiveCfg = Debug|x64
		{C582B7B8-BDE6-3CA1-A686-E67E3BFBC313}.Debug|x64.Build.0 = Debug|x64
		{C582B7B8-BDE6-3CA1-A686-E67E3BFBC313}.Release|x64.ActiveCfg = Release|x64
		{C582B7B8-BDE6-3CA1-A686-E67E3BFBC313}.Release|x64.Build.0 = Release|x64
		{C582B7B8-BDE6-3CA1-A686-E67E3BFBC313}.MinSizeRel|x64.ActiveCfg = MinSizeRel|x64
		{C582B7B8-BDE6-3CA1-A686-E67E3BFBC313}.MinSizeRel|x64.Build.0 = MinSizeRel|x64
		{C582B7B8-BDE6-3CA1-A686-E67E3BFBC313}.RelWithDebInfo|x64.ActiveCfg = RelWithDebInfo|x64
		{C582B7B8-BDE6-3CA1-A686-E67E3BFBC313}.RelWithDebInfo|x64.Build.0 = RelWithDebInfo|x64
		{6E88353B-7AA9-33DC-B1DD-84E27D899886}.Debug|x64.ActiveCfg = Debug|x64
		{6E88353B-7AA9-33DC-B1DD-84E27D899886}.Debug|x64.Build.0 = Debug|x64
		{6E88353B-7AA9-33DC-B1DD-84E27D899886}.Release|x64.ActiveCfg = Release|x64
		{6E88353B-7AA9-33DC-B1DD-84E27D899886}.Release|x64.Build.0 = Release|x64
		{6E88353B-7AA9-33DC-B1DD-84E27D899886}.MinSizeRel|x64.ActiveCfg = MinSizeRel|x64
		{6E88353B-7AA9-33DC-B1DD-84E27D899886}.MinSizeRel|x64.Build.0 = MinSizeRel|x64
		{6E88353B-7AA9-33DC-B1DD-84E27D899886}.RelWithDebInfo|x64.ActiveCfg = RelWithDebInfo|x64
		{6E88353B-7AA9-33DC-B1DD-84E27D899886}.RelWithDebInfo|x64.Build.0 = RelWithDebInfo|x64
		{BFE36581-C40E-3E10-BA4C-81377F982F2F}.Debug|x64.ActiveCfg = Debug|x64
		{BFE36581-C40E-3E10-BA4C-81377F982F2F}.Debug|x64.Build.0 = Debug|x64
		{BFE36581-C40E-3E10-BA4C-81377F982F2F}.Release|x64.ActiveCfg = Release|x64
		{BFE36581-C40E-3E10-BA4C-81377F982F2F}.Release|x64.Build.0 = Release|x64
		{BFE36581-C40E-3E10-BA4C-81377F982F2F}.MinSizeRel|x64.ActiveCfg = MinSizeRel|x64
		{BFE36581-C40E-3E10-BA4C-81377F982F2F}.MinSizeRel|x64.Build.0 = MinSizeRel|x64
		{BFE36581-C40E-3E10-BA4C-81377F982F2F}.RelWithDebInfo|x64.ActiveCfg = RelWithDebInfo|x64
		{BFE36581-C40E-3E10-BA4C-81377F982F2F}.RelWithDebInfo|x64.Build.0 = RelWithDebInfo|x64
		{2F665F2C-07CE-3629-939E-567DFCDF240C}.Debug|x64.ActiveCfg = Debug|x64
		{2F665F2C-07CE-3629-939E-567DFCDF240C}.Debug|x64.Build.0 = Debug|x64
		{2F665F2C-07CE-3629-939E-567DFCDF240C}.Release|x64.ActiveCfg = Release|x64
		{2F665F2C-07CE-3629-939E-567DFCDF240C}.Release|x64.Build.0 = Release|x64
		{2F665F2C-07CE-3629-939E-567DFCDF240C}.MinSizeRel|x64.ActiveCfg = MinSizeRel|x64
		{2F665F2C-07CE-3629-939E-567DFCDF240C}.MinSizeRel|x64.Build.0 = MinSizeRel|x64
		{2F665F2C-07CE-3629-939E-567DFCDF240C}.RelWithDebInfo|x64.ActiveCfg = RelWithDebInfo|x64
		{2F665F2C-07CE-3629-939E-567DFCDF240C}.RelWithDebInfo|x64.Build.0 = RelWithDebInfo|x64
		{097E40BB-931D-3A54-95AC-368707039A27}.Debug|x64.ActiveCfg = Debug|x64
		{097E40BB-931D-3A54-95AC-368707039A27}.Debug|x64.Build.0 = Debug|x64
		{097E40BB-931D-3A54-95AC-368707039A27}.Release|x64.ActiveCfg = Release|x64
		{097E40BB-931D-3A54-95AC-368707039A27}.Release|x64.Build.0 = Release|x64
		{097E40BB-931D-3A54-95AC-368707039A27}.MinSizeRel|x64.ActiveCfg = MinSizeRel|x64
		{097E40BB-931D-3A54-95AC-368707039A27}.MinSizeRel|x64.Build.0 = MinSizeRel|x64
		{097E40BB-931D-3A54-95AC-368707039A27}.RelWithDebInfo|x64.ActiveCfg = RelWithDebInfo|x64
		{097E40BB-931D-3A54-95AC-368707039A27}.RelWithDebInfo|x64.Build.0 = RelWithDebInfo|x64
		{5013DB87-5D76-33FD-A38A-F5EA22C7ECD8}.Debug|x64.ActiveCfg = Debug|x64
		{5013DB87-5D76-33FD-A38A-F5EA22C7ECD8}.Debug|x64.Build.0 = Debug|x64
		{5013DB87-5D76-33FD-A38A-F5EA22C7ECD8}.Release|x64.ActiveCfg = Release|x64
		{5013DB87-5D76-33FD-A38A-F5EA22C7ECD8}.Release|x64.Build.0 = Release|x64
		{5013DB87-5D76-33FD-A38A-F5EA22C7ECD8}.MinSizeRel|x64.ActiveCfg = MinSizeRel|x64
		{5013DB87-5D76-33FD-A38A-F5EA22C7ECD8}.MinSizeRel|x64.Build.0 = MinSizeRel|x64
		{5013DB87-5D76-33FD-A38A-F5EA22C7ECD8}.RelWithDebInfo|x64.ActiveCfg = RelWithDebInfo|x64
		{5013DB87-5D76-33FD-A38A-F5EA22C7ECD8}.RelWithDebInfo|x64.Build.0 = RelWithDebInfo|x64
		{265A3C3D-3A9C-3F56-AE0F-C68195BE24AB}.Debug|x64.ActiveCfg = Debug|x64
		{265A3C3D-3A9C-3F56-AE0F-C68195BE24AB}.Debug|x64.Build.0 = Debug|x64
		{265A3C3D-3A9C-3F56-AE0F-C68195BE24AB}.Release|x64.ActiveCfg = Release|x64
		{265A3C3D-3A9C-3F56-AE0F-C68195BE24AB}.Release|x64.Build.0 = Release|x64
		{265A3C3D-3A9C-3F56-AE0F-C68195BE24AB}.MinSizeRel|x64.ActiveCfg = MinSizeRel|x64
		{265A3C3D-3A9C-3F56-AE0F-C68195BE24AB}.MinSizeRel|x64.Build.0 = MinSizeRel|x64
		{265A3C3D-3A9C-3F56-AE0F-C68195BE24AB}.RelWithDebInfo|x64.ActiveCfg = RelWithDebInfo|x64
		{265A3C3D-3A9C-3F56-AE0F-C68195BE24AB}.RelWithDebInfo|x64.Build.0 = RelWithDebInfo|x64
		{1F29940B-04B4-3EFE-8FE2-04750829DB2D}.Debug|x64.ActiveCfg = Debug|x64
		{1F29940B-04B4-3EFE-8FE2-04750829DB2D}.Debug|x64.Build.0 = Debug|x64
		{1F29940B-04B4-3EFE-8FE2-04750829DB2D}.Release|x64.ActiveCfg = Release|x64
		{1F29940B-04B4-3EFE-8FE2-04750829DB2D}.Release|x64.Build.0 = Release|x64
		{1F29940B-04B4-3EFE-8FE2-04750829DB2D}.MinSizeRel|x64.ActiveCfg = MinSizeRel|x64
		{1F29940B-04B4-3EFE-8FE2-04750829DB2D}.MinSizeRel|x64.Build.0 = MinSizeRel|x64
		{1F29940B-04B4-3EFE-8FE2-04750829DB2D}.RelWithDebInfo|x64.ActiveCfg = RelWithDebInfo|x64
		{1F29940B-04B4-3EFE-8FE2-04750829DB2D}.RelWithDebInfo|x64.Build.0 = RelWithDebInfo|x64
		{14532A88-D6BD-3DE5-9C06-33C5D8E0A8B0}.Debug|x64.ActiveCfg = Debug|x64
		{14532A88-D6BD-3DE5-9C06-33C5D8E0A8B0}.Debug|x64.Build.0 = Debug|x64
		{14532A88-D6BD-3DE5-9C06-33C5D8E0A8B0}.Release|x64.ActiveCfg = Release|x64
		{14532A88-D6BD-3DE5-9C06-33C5D8E0A8B0}.Release|x64.Build.0 = Release|x64
		{14532A88-D6BD-3DE5-9C06-33C5D8E0A8B0}.MinSizeRel|x64.ActiveCfg = MinSizeRel|x64
		{14532A88-D6BD-3DE5-9C06-33C5D8E0A8B0}.MinSizeRel|x64.Build.0 = MinSizeRel|x64
		{14532A88-D6BD-3DE5-9C06-33C5D8E0A8B0}.RelWithDebInfo|x64.ActiveCfg = RelWithDebInfo|x64
		{14532A88-D6BD-3DE5-9C06-33C5D8E0A8B0}.RelWithDebInfo|x64.Build.0 = RelWithDebInfo|x64
		{ED265CBD-F091-3EE2-B98E-9EAA67B92EE0}.Debug|x64.ActiveCfg = Debug|x64
		{ED265CBD-F091-3EE2-B98E-9EAA67B92EE0}.Debug|x64.Build.0 = Debug|x64
		{ED265CBD-F091-3EE2-B98E-9EAA67B92EE0}.Release|x64.ActiveCfg = Release|x64
		{ED265CBD-F091-3EE2-B98E-9EAA67B92EE0}.Release|x64.Build.0 = Release|x64
		{ED265CBD-F091-3EE2-B98E-9EAA67B92EE0}.MinSizeRel|x64.ActiveCfg = MinSizeRel|x64
		{ED265CBD-F091-3EE2-B98E-9EAA67B92EE0}.MinSizeRel|x64.Build.0 = MinSizeRel|x64
		{ED265CBD-F091-3EE2-B98E-9EAA67B92EE0}.RelWithDebInfo|x64.ActiveCfg = RelWithDebInfo|x64
		{ED265CBD-F091-3EE2-B98E-9EAA67B92EE0}.RelWithDebInfo|x64.Build.0 = RelWithDebInfo|x64
		{BE170EBC-8DDE-36FF-852D-3DCFED3CB651}.Debug|x64.ActiveCfg = Debug|x64
		{BE170EBC-8DDE-36FF-852D-3DCFED3CB651}.Debug|x64.Build.0 = Debug|x64
		{BE170EBC-8DDE-36FF-852D-3DCFED3CB651}.Release|x64.ActiveCfg = Release|x64
		{BE170EBC-8DDE-36FF-852D-3DCFED3CB651}.Release|x64.Build.0 = Release|x64
		{BE170EBC-8DDE-36FF-852D-3DCFED3CB651}.MinSizeRel|x64.ActiveCfg = MinSizeRel|x64
		{BE170EBC-8DDE-36FF-852D-3DCFED3CB651}.MinSizeRel|x64.Build.0 = MinSizeRel|x64
		{BE170EBC-8DDE-36FF-852D-3DCFED3CB651}.RelWithDebInfo|x64.ActiveCfg = RelWithDebInfo|x64
		{BE170EBC-8DDE-36FF-852D-3DCFED3CB651}.RelWithDebInfo|x64.Build.0 = RelWithDebInfo|x64
		{C179777E-D098-30FD-8DA2-24C8AFDE9786}.Debug|x64.ActiveCfg = Debug|x64
		{C179777E-D098-30FD-8DA2-24C8AFDE9786}.Debug|x64.Build.0 = Debug|x64
		{C179777E-D098-30FD-8DA2-24C8AFDE9786}.Release|x64.ActiveCfg = Release|x64
		{C179777E-D098-30FD-8DA2-24C8AFDE9786}.Release|x64.Build.0 = Release|x64
		{C179777E-D098-30FD-8DA2-24C8AFDE9786}.MinSizeRel|x64.ActiveCfg = MinSizeRel|x64
		{C179777E-D098-30FD-8DA2-24C8AFDE9786}.MinSizeRel|x64.Build.0 = MinSizeRel|x64
		{C179777E-D098-30FD-8DA2-24C8AFDE9786}.RelWithDebInfo|x64.ActiveCfg = RelWithDebInfo|x64
		{C179777E-D098-30FD-8DA2-24C8AFDE9786}.RelWithDebInfo|x64.Build.0 = RelWithDebInfo|x64
		{D331DFFC-8554-37F0-AC1D-02AF7EF9239F}.Debug|x64.ActiveCfg = Debug|x64
		{D331DFFC-8554-37F0-AC1D-02AF7EF9239F}.Debug|x64.Build.0 = Debug|x64
		{D331DFFC-8554-37F0-AC1D-02AF7EF9239F}.Release|x64.ActiveCfg = Release|x64
		{D331DFFC-8554-37F0-AC1D-02AF7EF9239F}.Release|x64.Build.0 = Release|x64
		{D331DFFC-8554-37F0-AC1D-02AF7EF9239F}.MinSizeRel|x64.ActiveCfg = MinSizeRel|x64
		{D331DFFC-8554-37F0-AC1D-02AF7EF9239F}.MinSizeRel|x64.Build.0 = MinSizeRel|x64
		{D331DFFC-8554-37F0-AC1D-02AF7EF9239F}.RelWithDebInfo|x64.ActiveCfg = RelWithDebInfo|x64
		{D331DFFC-8554-37F0-AC1D-02AF7EF9239F}.RelWithDebInfo|x64.Build.0 = RelWithDebInfo|x64
		{24D7D4EA-585F-37C4-A0EC-C700DEC80CE3}.Debug|x64.ActiveCfg = Debug|x64
		{24D7D4EA-585F-37C4-A0EC-C700DEC80CE3}.Debug|x64.Build.0 = Debug|x64
		{24D7D4EA-585F-37C4-A0EC-C700DEC80CE3}.Release|x64.ActiveCfg = Release|x64
		{24D7D4EA-585F-37C4-A0EC-C700DEC80CE3}.Release|x64.Build.0 = Release|x64
		{24D7D4EA-585F-37C4-A0EC-C700DEC80CE3}.MinSizeRel|x64.ActiveCfg = MinSizeRel|x64
		{24D7D4EA-585F-37C4-A0EC-C700DEC80CE3}.MinSizeRel|x64.Build.0 = MinSizeRel|x64
		{24D7D4EA-585F-37C4-A0EC-C700DEC80CE3}.RelWithDebInfo|x64.ActiveCfg = RelWithDebInfo|x64
		{24D7D4EA-585F-37C4-A0EC-C700DEC80CE3}.RelWithDebInfo|x64.Build.0 = RelWithDebInfo|x64
		{BCF5ECF3-04D6-3EF9-8A05-062545B38C61}.Debug|x64.ActiveCfg = Debug|x64
		{BCF5ECF3-04D6-3EF9-8A05-062545B38C61}.Debug|x64.Build.0 = Debug|x64
		{BCF5ECF3-04D6-3EF9-8A05-062545B38C61}.Release|x64.ActiveCfg = Release|x64
		{BCF5ECF3-04D6-3EF9-8A05-062545B38C61}.Release|x64.Build.0 = Release|x64
		{BCF5ECF3-04D6-3EF9-8A05-062545B38C61}.MinSizeRel|x64.ActiveCfg = MinSizeRel|x64
		{BCF5ECF3-04D6-3EF9-8A05-062545B38C61}.MinSizeRel|x64.Build.0 = MinSizeRel|x64
		{BCF5ECF3-04D6-3EF9-8A05-062545B38C61}.RelWithDebInfo|x64.ActiveCfg = RelWithDebInfo|x64
		{BCF5ECF3-04D6-3EF9-8A05-062545B38C61}.RelWithDebInfo|x64.Build.0 = RelWithDebInfo|x64
		{25F816D5-1AC9-3554-A474-2057D14FDF7F}.Debug|x64.ActiveCfg = Debug|x64
		{25F816D5-1AC9-3554-A474-2057D14FDF7F}.Debug|x64.Build.0 = Debug|x64
		{25F816D5-1AC9-3554-A474-2057D14FDF7F}.Release|x64.ActiveCfg = Release|x64
		{25F816D5-1AC9-3554-A474-2057D14FDF7F}.Release|x64.Build.0 = Release|x64
		{25F816D5-1AC9-3554-A474-2057D14FDF7F}.MinSizeRel|x64.ActiveCfg = MinSizeRel|x64
		{25F816D5-1AC9-3554-A474-2057D14FDF7F}.MinSizeRel|x64.Build.0 = MinSizeRel|x64
		{25F816D5-1AC9-3554-A474-2057D14FDF7F}.RelWithDebInfo|x64.ActiveCfg = RelWithDebInfo|x64
		{25F816D5-1AC9-3554-A474-2057D14FDF7F}.RelWithDebInfo|x64.Build.0 = RelWithDebInfo|x64
		{F7AA6620-7858-3664-BF85-EFBEA963DA15}.Debug|x64.ActiveCfg = Debug|x64
		{F7AA6620-7858-3664-BF85-EFBEA963DA15}.Debug|x64.Build.0 = Debug|x64
		{F7AA6620-7858-3664-BF85-EFBEA963DA15}.Release|x64.ActiveCfg = Release|x64
		{F7AA6620-7858-3664-BF85-EFBEA963DA15}.Release|x64.Build.0 = Release|x64
		{F7AA6620-7858-3664-BF85-EFBEA963DA15}.MinSizeRel|x64.ActiveCfg = MinSizeRel|x64
		{F7AA6620-7858-3664-BF85-EFBEA963DA15}.MinSizeRel|x64.Build.0 = MinSizeRel|x64
		{F7AA6620-7858-3664-BF85-EFBEA963DA15}.RelWithDebInfo|x64.ActiveCfg = RelWithDebInfo|x64
		{F7AA6620-7858-3664-BF85-EFBEA963DA15}.RelWithDebInfo|x64.Build.0 = RelWithDebInfo|x64
		{75D5C2AB-4DED-357A-BA1E-7B7AD0DFD60C}.Debug|x64.ActiveCfg = Debug|x64
		{75D5C2AB-4DED-357A-BA1E-7B7AD0DFD60C}.Debug|x64.Build.0 = Debug|x64
		{75D5C2AB-4DED-357A-BA1E-7B7AD0DFD60C}.Release|x64.ActiveCfg = Release|x64
		{75D5C2AB-4DED-357A-BA1E-7B7AD0DFD60C}.Release|x64.Build.0 = Release|x64
		{75D5C2AB-4DED-357A-BA1E-7B7AD0DFD60C}.MinSizeRel|x64.ActiveCfg = MinSizeRel|x64
		{75D5C2AB-4DED-357A-BA1E-7B7AD0DFD60C}.MinSizeRel|x64.Build.0 = MinSizeRel|x64
		{75D5C2AB-4DED-357A-BA1E-7B7AD0DFD60C}.RelWithDebInfo|x64.ActiveCfg = RelWithDebInfo|x64
		{75D5C2AB-4DED-357A-BA1E-7B7AD0DFD60C}.RelWithDebInfo|x64.Build.0 = RelWithDebInfo|x64
		{A7786D0D-81F3-32D6-81A2-AA784D3C801E}.Debug|x64.ActiveCfg = Debug|x64
		{A7786D0D-81F3-32D6-81A2-AA784D3C801E}.Debug|x64.Build.0 = Debug|x64
		{A7786D0D-81F3-32D6-81A2-AA784D3C801E}.Release|x64.ActiveCfg = Release|x64
		{A7786D0D-81F3-32D6-81A2-AA784D3C801E}.Release|x64.Build.0 = Release|x64
		{A7786D0D-81F3-32D6-81A2-AA784D3C801E}.MinSizeRel|x64.ActiveCfg = MinSizeRel|x64
		{A7786D0D-81F3-32D6-81A2-AA784D3C801E}.MinSizeRel|x64.Build.0 = MinSizeRel|x64
		{A7786D0D-81F3-32D6-81A2-AA784D3C801E}.RelWithDebInfo|x64.ActiveCfg = RelWithDebInfo|x64
		{A7786D0D-81F3-32D6-81A2-AA784D3C801E}.RelWithDebInfo|x64.Build.0 = RelWithDebInfo|x64
		{C52CB74C-BB49-371E-81CB-D492CC7434E8}.Debug|x64.ActiveCfg = Debug|x64
		{C52CB74C-BB49-371E-81CB-D492CC7434E8}.Debug|x64.Build.0 = Debug|x64
		{C52CB74C-BB49-371E-81CB-D492CC7434E8}.Release|x64.ActiveCfg = Release|x64
		{C52CB74C-BB49-371E-81CB-D492CC7434E8}.Release|x64.Build.0 = Release|x64
		{C52CB74C-BB49-371E-81CB-D492CC7434E8}.MinSizeRel|x64.ActiveCfg = MinSizeRel|x64
		{C52CB74C-BB49-371E-81CB-D492CC7434E8}.MinSizeRel|x64.Build.0 = MinSizeRel|x64
		{C52CB74C-BB49-371E-81CB-D492CC7434E8}.RelWithDebInfo|x64.ActiveCfg = RelWithDebInfo|x64
		{C52CB74C-BB49-371E-81CB-D492CC7434E8}.RelWithDebInfo|x64.Build.0 = RelWithDebInfo|x64
		{2B5774D1-FD4C-3018-9BC3-1C845308C971}.Debug|x64.ActiveCfg = Debug|x64
		{2B5774D1-FD4C-3018-9BC3-1C845308C971}.Debug|x64.Build.0 = Debug|x64
		{2B5774D1-FD4C-3018-9BC3-1C845308C971}.Release|x64.ActiveCfg = Release|x64
		{2B5774D1-FD4C-3018-9BC3-1C845308C971}.Release|x64.Build.0 = Release|x64
		{2B5774D1-FD4C-3018-9BC3-1C845308C971}.MinSizeRel|x64.ActiveCfg = MinSizeRel|x64
		{2B5774D1-FD4C-3018-9BC3-1C845308C971}.MinSizeRel|x64.Build.0 = MinSizeRel|x64
		{2B5774D1-FD4C-3018-9BC3-1C845308C971}.RelWithDebInfo|x64.ActiveCfg = RelWithDebInfo|x64
		{2B5774D1-FD4C-3018-9BC3-1C845308C971}.RelWithDebInfo|x64.Build.0 = RelWithDebInfo|x64
		{B50AFA5A-EF57-3E74-89AB-4B728DD499A6}.Debug|x64.ActiveCfg = Debug|x64
		{B50AFA5A-EF57-3E74-89AB-4B728DD499A6}.Debug|x64.Build.0 = Debug|x64
		{B50AFA5A-EF57-3E74-89AB-4B728DD499A6}.Release|x64.ActiveCfg = Release|x64
		{B50AFA5A-EF57-3E74-89AB-4B728DD499A6}.Release|x64.Build.0 = Release|x64
		{B50AFA5A-EF57-3E74-89AB-4B728DD499A6}.MinSizeRel|x64.ActiveCfg = MinSizeRel|x64
		{B50AFA5A-EF57-3E74-89AB-4B728DD499A6}.MinSizeRel|x64.Build.0 = MinSizeRel|x64
		{B50AFA5A-EF57-3E74-89AB-4B728DD499A6}.RelWithDebInfo|x64.ActiveCfg = RelWithDebInfo|x64
		{B50AFA5A-EF57-3E74-89AB-4B728DD499A6}.RelWithDebInfo|x64.Build.0 = RelWithDebInfo|x64
		{AF318DAB-521C-3D22-8E22-B1222A73DCA6}.Debug|x64.ActiveCfg = Debug|x64
		{AF318DAB-521C-3D22-8E22-B1222A73DCA6}.Debug|x64.Build.0 = Debug|x64
		{AF318DAB-521C-3D22-8E22-B1222A73DCA6}.Release|x64.ActiveCfg = Release|x64
		{AF318DAB-521C-3D22-8E22-B1222A73DCA6}.Release|x64.Build.0 = Release|x64
		{AF318DAB-521C-3D22-8E22-B1222A73DCA6}.MinSizeRel|x64.ActiveCfg = MinSizeRel|x64
		{AF318DAB-521C-3D22-8E22-B1222A73DCA6}.MinSizeRel|x64.Build.0 = MinSizeRel|x64
		{AF318DAB-521C-3D22-8E22-B1222A73DCA6}.RelWithDebInfo|x64.ActiveCfg = RelWithDebInfo|x64
		{AF318DAB-521C-3D22-8E22-B1222A73DCA6}.RelWithDebInfo|x64.Build.0 = RelWithDebInfo|x64
		{12C5E072-084A-34BE-B894-44B5D9832E4A}.Debug|x64.ActiveCfg = Debug|x64
		{12C5E072-084A-34BE-B894-44B5D9832E4A}.Debug|x64.Build.0 = Debug|x64
		{12C5E072-084A-34BE-B894-44B5D9832E4A}.Release|x64.ActiveCfg = Release|x64
		{12C5E072-084A-34BE-B894-44B5D9832E4A}.Release|x64.Build.0 = Release|x64
		{12C5E072-084A-34BE-B894-44B5D9832E4A}.MinSizeRel|x64.ActiveCfg = MinSizeRel|x64
		{12C5E072-084A-34BE-B894-44B5D9832E4A}.MinSizeRel|x64.Build.0 = MinSizeRel|x64
		{12C5E072-084A-34BE-B894-44B5D9832E4A}.RelWithDebInfo|x64.ActiveCfg = RelWithDebInfo|x64
		{12C5E072-084A-34BE-B894-44B5D9832E4A}.RelWithDebInfo|x64.Build.0 = RelWithDebInfo|x64
		{FE63E6AB-30D2-34AD-9B76-3ECB9E75EA6C}.Debug|x64.ActiveCfg = Debug|x64
		{FE63E6AB-30D2-34AD-9B76-3ECB9E75EA6C}.Debug|x64.Build.0 = Debug|x64
		{FE63E6AB-30D2-34AD-9B76-3ECB9E75EA6C}.Release|x64.ActiveCfg = Release|x64
		{FE63E6AB-30D2-34AD-9B76-3ECB9E75EA6C}.Release|x64.Build.0 = Release|x64
		{FE63E6AB-30D2-34AD-9B76-3ECB9E75EA6C}.MinSizeRel|x64.ActiveCfg = MinSizeRel|x64
		{FE63E6AB-30D2-34AD-9B76-3ECB9E75EA6C}.MinSizeRel|x64.Build.0 = MinSizeRel|x64
		{FE63E6AB-30D2-34AD-9B76-3ECB9E75EA6C}.RelWithDebInfo|x64.ActiveCfg = RelWithDebInfo|x64
		{FE63E6AB-30D2-34AD-9B76-3ECB9E75EA6C}.RelWithDebInfo|x64.Build.0 = RelWithDebInfo|x64
		{64DDE705-2E52-3D93-BA22-C5184B106741}.Debug|x64.ActiveCfg = Debug|x64
		{64DDE705-2E52-3D93-BA22-C5184B106741}.Debug|x64.Build.0 = Debug|x64
		{64DDE705-2E52-3D93-BA22-C5184B106741}.Release|x64.ActiveCfg = Release|x64
		{64DDE705-2E52-3D93-BA22-C5184B106741}.Release|x64.Build.0 = Release|x64
		{64DDE705-2E52-3D93-BA22-C5184B106741}.MinSizeRel|x64.ActiveCfg = MinSizeRel|x64
		{64DDE705-2E52-3D93-BA22-C5184B106741}.MinSizeRel|x64.Build.0 = MinSizeRel|x64
		{64DDE705-2E52-3D93-BA22-C5184B106741}.RelWithDebInfo|x64.ActiveCfg = RelWithDebInfo|x64
		{64DDE705-2E52-3D93-BA22-C5184B106741}.RelWithDebInfo|x64.Build.0 = RelWithDebInfo|x64
		{70632754-C66C-34B1-B65F-1101F0C4FC9F}.Debug|x64.ActiveCfg = Debug|x64
		{70632754-C66C-34B1-B65F-1101F0C4FC9F}.Debug|x64.Build.0 = Debug|x64
		{70632754-C66C-34B1-B65F-1101F0C4FC9F}.Release|x64.ActiveCfg = Release|x64
		{70632754-C66C-34B1-B65F-1101F0C4FC9F}.Release|x64.Build.0 = Release|x64
		{70632754-C66C-34B1-B65F-1101F0C4FC9F}.MinSizeRel|x64.ActiveCfg = MinSizeRel|x64
		{70632754-C66C-34B1-B65F-1101F0C4FC9F}.MinSizeRel|x64.Build.0 = MinSizeRel|x64
		{70632754-C66C-34B1-B65F-1101F0C4FC9F}.RelWithDebInfo|x64.ActiveCfg = RelWithDebInfo|x64
		{70632754-C66C-34B1-B65F-1101F0C4FC9F}.RelWithDebInfo|x64.Build.0 = RelWithDebInfo|x64
		{E0BD2C9A-BB81-31C5-9B26-415414A6F5E3}.Debug|x64.ActiveCfg = Debug|x64
		{E0BD2C9A-BB81-31C5-9B26-415414A6F5E3}.Debug|x64.Build.0 = Debug|x64
		{E0BD2C9A-BB81-31C5-9B26-415414A6F5E3}.Release|x64.ActiveCfg = Release|x64
		{E0BD2C9A-BB81-31C5-9B26-415414A6F5E3}.Release|x64.Build.0 = Release|x64
		{E0BD2C9A-BB81-31C5-9B26-415414A6F5E3}.MinSizeRel|x64.ActiveCfg = MinSizeRel|x64
		{E0BD2C9A-BB81-31C5-9B26-415414A6F5E3}.MinSizeRel|x64.Build.0 = MinSizeRel|x64
		{E0BD2C9A-BB81-31C5-9B26-415414A6F5E3}.RelWithDebInfo|x64.ActiveCfg = RelWithDebInfo|x64
		{E0BD2C9A-BB81-31C5-9B26-415414A6F5E3}.RelWithDebInfo|x64.Build.0 = RelWithDebInfo|x64
		{F38531E7-79B8-34CA-B1F4-4FC060FDCE2A}.Debug|x64.ActiveCfg = Debug|x64
		{F38531E7-79B8-34CA-B1F4-4FC060FDCE2A}.Debug|x64.Build.0 = Debug|x64
		{F38531E7-79B8-34CA-B1F4-4FC060FDCE2A}.Release|x64.ActiveCfg = Release|x64
		{F38531E7-79B8-34CA-B1F4-4FC060FDCE2A}.Release|x64.Build.0 = Release|x64
		{F38531E7-79B8-34CA-B1F4-4FC060FDCE2A}.MinSizeRel|x64.ActiveCfg = MinSizeRel|x64
		{F38531E7-79B8-34CA-B1F4-4FC060FDCE2A}.MinSizeRel|x64.Build.0 = MinSizeRel|x64
		{F38531E7-79B8-34CA-B1F4-4FC060FDCE2A}.RelWithDebInfo|x64.ActiveCfg = RelWithDebInfo|x64
		{F38531E7-79B8-34CA-B1F4-4FC060FDCE2A}.RelWithDebInfo|x64.Build.0 = RelWithDebInfo|x64
		{A6463296-2A96-3131-9A94-0357291D78C0}.Debug|x64.ActiveCfg = Debug|x64
		{A6463296-2A96-3131-9A94-0357291D78C0}.Debug|x64.Build.0 = Debug|x64
		{A6463296-2A96-3131-9A94-0357291D78C0}.Release|x64.ActiveCfg = Release|x64
		{A6463296-2A96-3131-9A94-0357291D78C0}.Release|x64.Build.0 = Release|x64
		{A6463296-2A96-3131-9A94-0357291D78C0}.MinSizeRel|x64.ActiveCfg = MinSizeRel|x64
		{A6463296-2A96-3131-9A94-0357291D78C0}.MinSizeRel|x64.Build.0 = MinSizeRel|x64
		{A6463296-2A96-3131-9A94-0357291D78C0}.RelWithDebInfo|x64.ActiveCfg = RelWithDebInfo|x64
		{A6463296-2A96-3131-9A94-0357291D78C0}.RelWithDebInfo|x64.Build.0 = RelWithDebInfo|x64
		{63018CCF-8F17-3559-A596-7A39AF7693E6}.Debug|x64.ActiveCfg = Debug|x64
		{63018CCF-8F17-3559-A596-7A39AF7693E6}.Debug|x64.Build.0 = Debug|x64
		{63018CCF-8F17-3559-A596-7A39AF7693E6}.Release|x64.ActiveCfg = Release|x64
		{63018CCF-8F17-3559-A596-7A39AF7693E6}.Release|x64.Build.0 = Release|x64
		{63018CCF-8F17-3559-A596-7A39AF7693E6}.MinSizeRel|x64.ActiveCfg = MinSizeRel|x64
		{63018CCF-8F17-3559-A596-7A39AF7693E6}.MinSizeRel|x64.Build.0 = MinSizeRel|x64
		{63018CCF-8F17-3559-A596-7A39AF7693E6}.RelWithDebInfo|x64.ActiveCfg = RelWithDebInfo|x64
		{63018CCF-8F17-3559-A596-7A39AF7693E6}.RelWithDebInfo|x64.Build.0 = RelWithDebInfo|x64
		{2CA70A53-A7AA-3926-9D5A-9A1CE4C05C68}.Debug|x64.ActiveCfg = Debug|x64
		{2CA70A53-A7AA-3926-9D5A-9A1CE4C05C68}.Debug|x64.Build.0 = Debug|x64
		{2CA70A53-A7AA-3926-9D5A-9A1CE4C05C68}.Release|x64.ActiveCfg = Release|x64
		{2CA70A53-A7AA-3926-9D5A-9A1CE4C05C68}.Release|x64.Build.0 = Release|x64
		{2CA70A53-A7AA-3926-9D5A-9A1CE4C05C68}.MinSizeRel|x64.ActiveCfg = MinSizeRel|x64
		{2CA70A53-A7AA-3926-9D5A-9A1CE4C05C68}.MinSizeRel|x64.Build.0 = MinSizeRel|x64
		{2CA70A53-A7AA-3926-9D5A-9A1CE4C05C68}.RelWithDebInfo|x64.ActiveCfg = RelWithDebInfo|x64
		{2CA70A53-A7AA-3926-9D5A-9A1CE4C05C68}.RelWithDebInfo|x64.Build.0 = RelWithDebInfo|x64
		{EEBBBD9B-EBC8-3BFF-B892-9B6DD038803A}.Debug|x64.ActiveCfg = Debug|x64
		{EEBBBD9B-EBC8-3BFF-B892-9B6DD038803A}.Debug|x64.Build.0 = Debug|x64
		{EEBBBD9B-EBC8-3BFF-B892-9B6DD038803A}.Release|x64.ActiveCfg = Release|x64
		{EEBBBD9B-EBC8-3BFF-B892-9B6DD038803A}.Release|x64.Build.0 = Release|x64
		{EEBBBD9B-EBC8-3BFF-B892-9B6DD038803A}.MinSizeRel|x64.ActiveCfg = MinSizeRel|x64
		{EEBBBD9B-EBC8-3BFF-B892-9B6DD038803A}.MinSizeRel|x64.Build.0 = MinSizeRel|x64
		{EEBBBD9B-EBC8-3BFF-B892-9B6DD038803A}.RelWithDebInfo|x64.ActiveCfg = RelWithDebInfo|x64
		{EEBBBD9B-EBC8-3BFF-B892-9B6DD038803A}.RelWithDebInfo|x64.Build.0 = RelWithDebInfo|x64
		{B1F1C3FE-D25D-3472-A7FA-578404D698FA}.Debug|x64.ActiveCfg = Debug|x64
		{B1F1C3FE-D25D-3472-A7FA-578404D698FA}.Debug|x64.Build.0 = Debug|x64
		{B1F1C3FE-D25D-3472-A7FA-578404D698FA}.Release|x64.ActiveCfg = Release|x64
		{B1F1C3FE-D25D-3472-A7FA-578404D698FA}.Release|x64.Build.0 = Release|x64
		{B1F1C3FE-D25D-3472-A7FA-578404D698FA}.MinSizeRel|x64.ActiveCfg = MinSizeRel|x64
		{B1F1C3FE-D25D-3472-A7FA-578404D698FA}.MinSizeRel|x64.Build.0 = MinSizeRel|x64
		{B1F1C3FE-D25D-3472-A7FA-578404D698FA}.RelWithDebInfo|x64.ActiveCfg = RelWithDebInfo|x64
		{B1F1C3FE-D25D-3472-A7FA-578404D698FA}.RelWithDebInfo|x64.Build.0 = RelWithDebInfo|x64
		{79DAD132-1732-3D2F-8C28-32BB3C936AE9}.Debug|x64.ActiveCfg = Debug|x64
		{79DAD132-1732-3D2F-8C28-32BB3C936AE9}.Debug|x64.Build.0 = Debug|x64
		{79DAD132-1732-3D2F-8C28-32BB3C936AE9}.Release|x64.ActiveCfg = Release|x64
		{79DAD132-1732-3D2F-8C28-32BB3C936AE9}.Release|x64.Build.0 = Release|x64
		{79DAD132-1732-3D2F-8C28-32BB3C936AE9}.MinSizeRel|x64.ActiveCfg = MinSizeRel|x64
		{79DAD132-1732-3D2F-8C28-32BB3C936AE9}.MinSizeRel|x64.Build.0 = MinSizeRel|x64
		{79DAD132-1732-3D2F-8C28-32BB3C936AE9}.RelWithDebInfo|x64.ActiveCfg = RelWithDebInfo|x64
		{79DAD132-1732-3D2F-8C28-32BB3C936AE9}.RelWithDebInfo|x64.Build.0 = RelWithDebInfo|x64
		{E4A066AA-13BE-3425-8DB0-02614993B74C}.Debug|x64.ActiveCfg = Debug|x64
		{E4A066AA-13BE-3425-8DB0-02614993B74C}.Debug|x64.Build.0 = Debug|x64
		{E4A066AA-13BE-3425-8DB0-02614993B74C}.Release|x64.ActiveCfg = Release|x64
		{E4A066AA-13BE-3425-8DB0-02614993B74C}.Release|x64.Build.0 = Release|x64
		{E4A066AA-13BE-3425-8DB0-02614993B74C}.MinSizeRel|x64.ActiveCfg = MinSizeRel|x64
		{E4A066AA-13BE-3425-8DB0-02614993B74C}.MinSizeRel|x64.Build.0 = MinSizeRel|x64
		{E4A066AA-13BE-3425-8DB0-02614993B74C}.RelWithDebInfo|x64.ActiveCfg = RelWithDebInfo|x64
		{E4A066AA-13BE-3425-8DB0-02614993B74C}.RelWithDebInfo|x64.Build.0 = RelWithDebInfo|x64
	EndGlobalSection
	GlobalSection(ExtensibilityGlobals) = postSolution
		SolutionGuid = {BBDB2BC0-C3AC-335B-8560-F9EE7CA2E57B}
	EndGlobalSection
	GlobalSection(ExtensibilityAddIns) = postSolution
	EndGlobalSection
EndGlobal
