Microsoft Visual Studio Solution File, Format Version 12.00
# Visual Studio 16
Project("{8BC9CEB8-8B4A-11D0-8D11-00A0C91BC942}") = "ALL_BUILD", "ALL_BUILD.vcxproj", "{BC182BFA-BB8E-33CE-9D35-257FDE21AFD5}"
	ProjectSection(ProjectDependencies) = postProject
		{0C258C8D-EDF0-3509-80A1-9349FF413989} = {0C258C8D-EDF0-3509-80A1-9349FF413989}
		{A597C6B6-BE53-3140-A70E-88DDFB043E2D} = {A597C6B6-BE53-3140-A70E-88DDFB043E2D}
		{C0FEE8A5-B0A4-3687-B519-D8B7BB40AA2E} = {C0FEE8A5-B0A4-3687-B519-D8B7BB40AA2E}
		{1867EAC4-EBFA-3C6C-A966-57BCD84BA7FA} = {1867EAC4-EBFA-3C6C-A966-57BCD84BA7FA}
		{14791F6A-E6E8-3F1A-9576-F61E20D9565B} = {14791F6A-E6E8-3F1A-9576-F61E20D9565B}
		{6DBEDD82-2888-33BF-8C33-EED63A59C7E1} = {6DBEDD82-2888-33BF-8C33-EED63A59C7E1}
		{8656811D-992B-3DE1-B404-7A769F5FDEBD} = {8656811D-992B-3DE1-B404-7A769F5FDEBD}
		{B8545A3C-832C-3EB1-BE2B-BA47CABF950B} = {B8545A3C-832C-3EB1-BE2B-BA47CABF950B}
		{57A7D7C0-0C91-3A20-9348-1A4502E3D36F} = {57A7D7C0-0C91-3A20-9348-1A4502E3D36F}
		{ED32130A-7435-3F34-B089-82142C6D64DA} = {ED32130A-7435-3F34-B089-82142C6D64DA}
		{FC5028F0-3ED4-3F4B-8C73-3A7B313CF9D6} = {FC5028F0-3ED4-3F4B-8C73-3A7B313CF9D6}
		{8A9083C1-BB9C-3E01-81F8-BC787312355A} = {8A9083C1-BB9C-3E01-81F8-BC787312355A}
		{257A36C8-49D2-3229-A061-9A7C00AC9282} = {257A36C8-49D2-3229-A061-9A7C00AC9282}
		{4A68C446-DDAF-3279-AEE1-1FA3D8F5AAF1} = {4A68C446-DDAF-3279-AEE1-1FA3D8F5AAF1}
		{E2DBE970-9DC8-3E00-AF8A-8F9EC1186521} = {E2DBE970-9DC8-3E00-AF8A-8F9EC1186521}
		{D5890778-B888-3826-9037-DAE55E9F9B7B} = {D5890778-B888-3826-9037-DAE55E9F9B7B}
		{0DFD3145-C015-34B0-AD30-56AED8A01DE2} = {0DFD3145-C015-34B0-AD30-56AED8A01DE2}
		{019DF27E-1B6D-34DD-B7A6-B524D279D00B} = {019DF27E-1B6D-34DD-B7A6-B524D279D00B}
		{64DB11A5-1937-33CA-A609-9842E9194E63} = {64DB11A5-1937-33CA-A609-9842E9194E63}
		{C060D264-300B-331B-A9CC-6D69042EEAA2} = {C060D264-300B-331B-A9CC-6D69042EEAA2}
		{4DAD203B-4114-3357-A57B-BEFEA7CCFE9E} = {4DAD203B-4114-3357-A57B-BEFEA7CCFE9E}
		{EFFD3FD8-FB30-31B6-83E4-41B244799410} = {EFFD3FD8-FB30-31B6-83E4-41B244799410}
		{4D4147C7-1D25-3940-9206-750EE9C3EC4B} = {4D4147C7-1D25-3940-9206-750EE9C3EC4B}
		{A75C2A4B-E2BF-3B48-8517-F7FAFF9E6660} = {A75C2A4B-E2BF-3B48-8517-F7FAFF9E6660}
		{66164632-392F-3063-8733-38D5B47C31E6} = {66164632-392F-3063-8733-38D5B47C31E6}
		{19E6E863-1DFE-3EBF-8018-752FA2796560} = {19E6E863-1DFE-3EBF-8018-752FA2796560}
		{D24D2AE6-6CE3-3216-AA7B-AE040DC93042} = {D24D2AE6-6CE3-3216-AA7B-AE040DC93042}
		{269CD29C-FEA4-38C0-BB91-AB31C28A9284} = {269CD29C-FEA4-38C0-BB91-AB31C28A9284}
		{3D599CC0-391B-3F4D-AC76-3B4B8ABADFC8} = {3D599CC0-391B-3F4D-AC76-3B4B8ABADFC8}
		{5DA3B639-AFB5-3FB3-B8FD-BC0A261A8FEE} = {5DA3B639-AFB5-3FB3-B8FD-BC0A261A8FEE}
		{79DAD132-1732-3D2F-8C28-32BB3C936AE9} = {79DAD132-1732-3D2F-8C28-32BB3C936AE9}
	EndProjectSection
EndProject
Project("{8BC9CEB8-8B4A-11D0-8D11-00A0C91BC942}") = "BNTTest", "tests\BNTTest.vcxproj", "{0C258C8D-EDF0-3509-80A1-9349FF413989}"
	ProjectSection(ProjectDependencies) = postProject
		{57A7D7C0-0C91-3A20-9348-1A4502E3D36F} = {57A7D7C0-0C91-3A20-9348-1A4502E3D36F}
		{79DAD132-1732-3D2F-8C28-32BB3C936AE9} = {79DAD132-1732-3D2F-8C28-32BB3C936AE9}
	EndProjectSection
EndProject
Project("{8BC9CEB8-8B4A-11D0-8D11-00A0C91BC942}") = "BigMatrixTest", "tests\adhoc\BigMatrixTest.vcxproj", "{A597C6B6-BE53-3140-A70E-88DDFB043E2D}"
	ProjectSection(ProjectDependencies) = postProject
		{57A7D7C0-0C91-3A20-9348-1A4502E3D36F} = {57A7D7C0-0C91-3A20-9348-1A4502E3D36F}
		{79DAD132-1732-3D2F-8C28-32BB3C936AE9} = {79DAD132-1732-3D2F-8C28-32BB3C936AE9}
	EndProjectSection
EndProject
Project("{8BC9CEB8-8B4A-11D0-8D11-00A0C91BC942}") = "INSTALL", "INSTALL.vcxproj", "{72EA73D7-4161-3DA5-8F57-C62863D27418}"
	ProjectSection(ProjectDependencies) = postProject
		{BC182BFA-BB8E-33CE-9D35-257FDE21AFD5} = {BC182BFA-BB8E-33CE-9D35-257FDE21AFD5}
		{79DAD132-1732-3D2F-8C28-32BB3C936AE9} = {79DAD132-1732-3D2F-8C28-32BB3C936AE9}
	EndProjectSection
EndProject
Project("{8BC9CEB8-8B4A-11D0-8D11-00A0C91BC942}") = "MatVecTest", "tests\MatVecTest.vcxproj", "{C0FEE8A5-B0A4-3687-B519-D8B7BB40AA2E}"
	ProjectSection(ProjectDependencies) = postProject
		{57A7D7C0-0C91-3A20-9348-1A4502E3D36F} = {57A7D7C0-0C91-3A20-9348-1A4502E3D36F}
		{79DAD132-1732-3D2F-8C28-32BB3C936AE9} = {79DAD132-1732-3D2F-8C28-32BB3C936AE9}
	EndProjectSection
EndProject
Project("{8BC9CEB8-8B4A-11D0-8D11-00A0C91BC942}") = "OrientationTest", "tests\OrientationTest.vcxproj", "{1867EAC4-EBFA-3C6C-A966-57BCD84BA7FA}"
	ProjectSection(ProjectDependencies) = postProject
		{57A7D7C0-0C91-3A20-9348-1A4502E3D36F} = {57A7D7C0-0C91-3A20-9348-1A4502E3D36F}
		{79DAD132-1732-3D2F-8C28-32BB3C936AE9} = {79DAD132-1732-3D2F-8C28-32BB3C936AE9}
	EndProjectSection
EndProject
Project("{8BC9CEB8-8B4A-11D0-8D11-00A0C91BC942}") = "PlatformFiles", "..\\PlatformFiles.vcxproj", "{1CB29F8F-40C2-3C05-8D79-C31CEF5D804A}"
	ProjectSection(ProjectDependencies) = postProject
		{D910E1BF-6C67-3421-805D-89F126701ECA} = {D910E1BF-6C67-3421-805D-89F126701ECA}
		{79DAD132-1732-3D2F-8C28-32BB3C936AE9} = {79DAD132-1732-3D2F-8C28-32BB3C936AE9}
	EndProjectSection
EndProject
Project("{8BC9CEB8-8B4A-11D0-8D11-00A0C91BC942}") = "PlatformFiles_subdir", "..\Platform\PlatformFiles_subdir.vcxproj", "{D910E1BF-6C67-3421-805D-89F126701ECA}"
	ProjectSection(ProjectDependencies) = postProject
		{79DAD132-1732-3D2F-8C28-32BB3C936AE9} = {79DAD132-1732-3D2F-8C28-32BB3C936AE9}
	EndProjectSection
EndProject
Project("{8BC9CEB8-8B4A-11D0-8D11-00A0C91BC942}") = "PolynomialTest", "tests\PolynomialTest.vcxproj", "{14791F6A-E6E8-3F1A-9576-F61E20D9565B}"
	ProjectSection(ProjectDependencies) = postProject
		{57A7D7C0-0C91-3A20-9348-1A4502E3D36F} = {57A7D7C0-0C91-3A20-9348-1A4502E3D36F}
		{79DAD132-1732-3D2F-8C28-32BB3C936AE9} = {79DAD132-1732-3D2F-8C28-32BB3C936AE9}
	EndProjectSection
EndProject
Project("{8BC9CEB8-8B4A-11D0-8D11-00A0C91BC942}") = "RUN_TESTS", "RUN_TESTS.vcxproj", "{C0C7E728-CEDF-3B82-BD0E-B9369B6E104D}"
	ProjectSection(ProjectDependencies) = postProject
		{79DAD132-1732-3D2F-8C28-32BB3C936AE9} = {79DAD132-1732-3D2F-8C28-32BB3C936AE9}
	EndProjectSection
EndProject
Project("{8BC9CEB8-8B4A-11D0-8D11-00A0C91BC942}") = "RandomTest", "tests\RandomTest.vcxproj", "{6DBEDD82-2888-33BF-8C33-EED63A59C7E1}"
	ProjectSection(ProjectDependencies) = postProject
		{57A7D7C0-0C91-3A20-9348-1A4502E3D36F} = {57A7D7C0-0C91-3A20-9348-1A4502E3D36F}
		{79DAD132-1732-3D2F-8C28-32BB3C936AE9} = {79DAD132-1732-3D2F-8C28-32BB3C936AE9}
	EndProjectSection
EndProject
Project("{8BC9CEB8-8B4A-11D0-8D11-00A0C91BC942}") = "RotationTest", "tests\RotationTest.vcxproj", "{8656811D-992B-3DE1-B404-7A769F5FDEBD}"
	ProjectSection(ProjectDependencies) = postProject
		{57A7D7C0-0C91-3A20-9348-1A4502E3D36F} = {57A7D7C0-0C91-3A20-9348-1A4502E3D36F}
		{79DAD132-1732-3D2F-8C28-32BB3C936AE9} = {79DAD132-1732-3D2F-8C28-32BB3C936AE9}
	EndProjectSection
EndProject
Project("{8BC9CEB8-8B4A-11D0-8D11-00A0C91BC942}") = "SFMTTest", "tests\SFMTTest.vcxproj", "{B8545A3C-832C-3EB1-BE2B-BA47CABF950B}"
	ProjectSection(ProjectDependencies) = postProject
		{57A7D7C0-0C91-3A20-9348-1A4502E3D36F} = {57A7D7C0-0C91-3A20-9348-1A4502E3D36F}
		{79DAD132-1732-3D2F-8C28-32BB3C936AE9} = {79DAD132-1732-3D2F-8C28-32BB3C936AE9}
	EndProjectSection
EndProject
Project("{8BC9CEB8-8B4A-11D0-8D11-00A0C91BC942}") = "SimTKcommon", "sharedTarget\SimTKcommon.vcxproj", "{57A7D7C0-0C91-3A20-9348-1A4502E3D36F}"
	ProjectSection(ProjectDependencies) = postProject
		{1CB29F8F-40C2-3C05-8D79-C31CEF5D804A} = {1CB29F8F-40C2-3C05-8D79-C31CEF5D804A}
		{79DAD132-1732-3D2F-8C28-32BB3C936AE9} = {79DAD132-1732-3D2F-8C28-32BB3C936AE9}
	EndProjectSection
EndProject
Project("{8BC9CEB8-8B4A-11D0-8D11-00A0C91BC942}") = "SpatialAlgebraTest", "tests\SpatialAlgebraTest.vcxproj", "{ED32130A-7435-3F34-B089-82142C6D64DA}"
	ProjectSection(ProjectDependencies) = postProject
		{57A7D7C0-0C91-3A20-9348-1A4502E3D36F} = {57A7D7C0-0C91-3A20-9348-1A4502E3D36F}
		{79DAD132-1732-3D2F-8C28-32BB3C936AE9} = {79DAD132-1732-3D2F-8C28-32BB3C936AE9}
	EndProjectSection
EndProject
Project("{8BC9CEB8-8B4A-11D0-8D11-00A0C91BC942}") = "StateTest", "tests\StateTest.vcxproj", "{FC5028F0-3ED4-3F4B-8C73-3A7B313CF9D6}"
	ProjectSection(ProjectDependencies) = postProject
		{57A7D7C0-0C91-3A20-9348-1A4502E3D36F} = {57A7D7C0-0C91-3A20-9348-1A4502E3D36F}
		{79DAD132-1732-3D2F-8C28-32BB3C936AE9} = {79DAD132-1732-3D2F-8C28-32BB3C936AE9}
	EndProjectSection
EndProject
Project("{8BC9CEB8-8B4A-11D0-8D11-00A0C91BC942}") = "TestArray", "tests\TestArray.vcxproj", "{8A9083C1-BB9C-3E01-81F8-BC787312355A}"
	ProjectSection(ProjectDependencies) = postProject
		{57A7D7C0-0C91-3A20-9348-1A4502E3D36F} = {57A7D7C0-0C91-3A20-9348-1A4502E3D36F}
		{79DAD132-1732-3D2F-8C28-32BB3C936AE9} = {79DAD132-1732-3D2F-8C28-32BB3C936AE9}
	EndProjectSection
EndProject
Project("{8BC9CEB8-8B4A-11D0-8D11-00A0C91BC942}") = "TestAtomic", "tests\TestAtomic.vcxproj", "{257A36C8-49D2-3229-A061-9A7C00AC9282}"
	ProjectSection(ProjectDependencies) = postProject
		{57A7D7C0-0C91-3A20-9348-1A4502E3D36F} = {57A7D7C0-0C91-3A20-9348-1A4502E3D36F}
		{79DAD132-1732-3D2F-8C28-32BB3C936AE9} = {79DAD132-1732-3D2F-8C28-32BB3C936AE9}
	EndProjectSection
EndProject
Project("{8BC9CEB8-8B4A-11D0-8D11-00A0C91BC942}") = "TestBigMatrix", "tests\TestBigMatrix.vcxproj", "{4A68C446-DDAF-3279-AEE1-1FA3D8F5AAF1}"
	ProjectSection(ProjectDependencies) = postProject
		{57A7D7C0-0C91-3A20-9348-1A4502E3D36F} = {57A7D7C0-0C91-3A20-9348-1A4502E3D36F}
		{79DAD132-1732-3D2F-8C28-32BB3C936AE9} = {79DAD132-1732-3D2F-8C28-32BB3C936AE9}
	EndProjectSection
EndProject
Project("{8BC9CEB8-8B4A-11D0-8D11-00A0C91BC942}") = "TestCloneOnWritePtr", "tests\TestCloneOnWritePtr.vcxproj", "{E2DBE970-9DC8-3E00-AF8A-8F9EC1186521}"
	ProjectSection(ProjectDependencies) = postProject
		{57A7D7C0-0C91-3A20-9348-1A4502E3D36F} = {57A7D7C0-0C91-3A20-9348-1A4502E3D36F}
		{79DAD132-1732-3D2F-8C28-32BB3C936AE9} = {79DAD132-1732-3D2F-8C28-32BB3C936AE9}
	EndProjectSection
EndProject
Project("{8BC9CEB8-8B4A-11D0-8D11-00A0C91BC942}") = "TestFunction", "tests\TestFunction.vcxproj", "{D5890778-B888-3826-9037-DAE55E9F9B7B}"
	ProjectSection(ProjectDependencies) = postProject
		{57A7D7C0-0C91-3A20-9348-1A4502E3D36F} = {57A7D7C0-0C91-3A20-9348-1A4502E3D36F}
		{79DAD132-1732-3D2F-8C28-32BB3C936AE9} = {79DAD132-1732-3D2F-8C28-32BB3C936AE9}
	EndProjectSection
EndProject
Project("{8BC9CEB8-8B4A-11D0-8D11-00A0C91BC942}") = "TestIteratorRange", "tests\TestIteratorRange.vcxproj", "{0DFD3145-C015-34B0-AD30-56AED8A01DE2}"
	ProjectSection(ProjectDependencies) = postProject
		{57A7D7C0-0C91-3A20-9348-1A4502E3D36F} = {57A7D7C0-0C91-3A20-9348-1A4502E3D36F}
		{79DAD132-1732-3D2F-8C28-32BB3C936AE9} = {79DAD132-1732-3D2F-8C28-32BB3C936AE9}
	EndProjectSection
EndProject
Project("{8BC9CEB8-8B4A-11D0-8D11-00A0C91BC942}") = "TestMassProperties", "tests\TestMassProperties.vcxproj", "{019DF27E-1B6D-34DD-B7A6-B524D279D00B}"
	ProjectSection(ProjectDependencies) = postProject
		{57A7D7C0-0C91-3A20-9348-1A4502E3D36F} = {57A7D7C0-0C91-3A20-9348-1A4502E3D36F}
		{79DAD132-1732-3D2F-8C28-32BB3C936AE9} = {79DAD132-1732-3D2F-8C28-32BB3C936AE9}
	EndProjectSection
EndProject
Project("{8BC9CEB8-8B4A-11D0-8D11-00A0C91BC942}") = "TestNiceTypeName", "tests\TestNiceTypeName.vcxproj", "{64DB11A5-1937-33CA-A609-9842E9194E63}"
	ProjectSection(ProjectDependencies) = postProject
		{57A7D7C0-0C91-3A20-9348-1A4502E3D36F} = {57A7D7C0-0C91-3A20-9348-1A4502E3D36F}
		{79DAD132-1732-3D2F-8C28-32BB3C936AE9} = {79DAD132-1732-3D2F-8C28-32BB3C936AE9}
	EndProjectSection
EndProject
Project("{8BC9CEB8-8B4A-11D0-8D11-00A0C91BC942}") = "TestParallel2DExecutor", "tests\TestParallel2DExecutor.vcxproj", "{C060D264-300B-331B-A9CC-6D69042EEAA2}"
	ProjectSection(ProjectDependencies) = postProject
		{57A7D7C0-0C91-3A20-9348-1A4502E3D36F} = {57A7D7C0-0C91-3A20-9348-1A4502E3D36F}
		{79DAD132-1732-3D2F-8C28-32BB3C936AE9} = {79DAD132-1732-3D2F-8C28-32BB3C936AE9}
	EndProjectSection
EndProject
Project("{8BC9CEB8-8B4A-11D0-8D11-00A0C91BC942}") = "TestParallelExecutor", "tests\TestParallelExecutor.vcxproj", "{4DAD203B-4114-3357-A57B-BEFEA7CCFE9E}"
	ProjectSection(ProjectDependencies) = postProject
		{57A7D7C0-0C91-3A20-9348-1A4502E3D36F} = {57A7D7C0-0C91-3A20-9348-1A4502E3D36F}
		{79DAD132-1732-3D2F-8C28-32BB3C936AE9} = {79DAD132-1732-3D2F-8C28-32BB3C936AE9}
	EndProjectSection
EndProject
Project("{8BC9CEB8-8B4A-11D0-8D11-00A0C91BC942}") = "TestParallelWorkQueue", "tests\TestParallelWorkQueue.vcxproj", "{EFFD3FD8-FB30-31B6-83E4-41B244799410}"
	ProjectSection(ProjectDependencies) = postProject
		{57A7D7C0-0C91-3A20-9348-1A4502E3D36F} = {57A7D7C0-0C91-3A20-9348-1A4502E3D36F}
		{79DAD132-1732-3D2F-8C28-32BB3C936AE9} = {79DAD132-1732-3D2F-8C28-32BB3C936AE9}
	EndProjectSection
EndProject
Project("{8BC9CEB8-8B4A-11D0-8D11-00A0C91BC942}") = "TestPlugin", "tests\TestPlugin.vcxproj", "{4D4147C7-1D25-3940-9206-750EE9C3EC4B}"
	ProjectSection(ProjectDependencies) = postProject
		{57A7D7C0-0C91-3A20-9348-1A4502E3D36F} = {57A7D7C0-0C91-3A20-9348-1A4502E3D36F}
		{79DAD132-1732-3D2F-8C28-32BB3C936AE9} = {79DAD132-1732-3D2F-8C28-32BB3C936AE9}
	EndProjectSection
EndProject
Project("{8BC9CEB8-8B4A-11D0-8D11-00A0C91BC942}") = "TestPolygonalMesh", "tests\TestPolygonalMesh.vcxproj", "{A75C2A4B-E2BF-3B48-8517-F7FAFF9E6660}"
	ProjectSection(ProjectDependencies) = postProject
		{57A7D7C0-0C91-3A20-9348-1A4502E3D36F} = {57A7D7C0-0C91-3A20-9348-1A4502E3D36F}
		{79DAD132-1732-3D2F-8C28-32BB3C936AE9} = {79DAD132-1732-3D2F-8C28-32BB3C936AE9}
	EndProjectSection
EndProject
Project("{8BC9CEB8-8B4A-11D0-8D11-00A0C91BC942}") = "TestPrivateImplementation", "tests\TestPrivateImplementation.vcxproj", "{66164632-392F-3063-8733-38D5B47C31E6}"
	ProjectSection(ProjectDependencies) = postProject
		{57A7D7C0-0C91-3A20-9348-1A4502E3D36F} = {57A7D7C0-0C91-3A20-9348-1A4502E3D36F}
		{79DAD132-1732-3D2F-8C28-32BB3C936AE9} = {79DAD132-1732-3D2F-8C28-32BB3C936AE9}
	EndProjectSection
EndProject
Project("{8BC9CEB8-8B4A-11D0-8D11-00A0C91BC942}") = "TestScalar", "tests\TestScalar.vcxproj", "{19E6E863-1DFE-3EBF-8018-752FA2796560}"
	ProjectSection(ProjectDependencies) = postProject
		{57A7D7C0-0C91-3A20-9348-1A4502E3D36F} = {57A7D7C0-0C91-3A20-9348-1A4502E3D36F}
		{79DAD132-1732-3D2F-8C28-32BB3C936AE9} = {79DAD132-1732-3D2F-8C28-32BB3C936AE9}
	EndProjectSection
EndProject
Project("{8BC9CEB8-8B4A-11D0-8D11-00A0C91BC942}") = "TestSimulation", "tests\TestSimulation.vcxproj", "{D24D2AE6-6CE3-3216-AA7B-AE040DC93042}"
	ProjectSection(ProjectDependencies) = postProject
		{57A7D7C0-0C91-3A20-9348-1A4502E3D36F} = {57A7D7C0-0C91-3A20-9348-1A4502E3D36F}
		{79DAD132-1732-3D2F-8C28-32BB3C936AE9} = {79DAD132-1732-3D2F-8C28-32BB3C936AE9}
	EndProjectSection
EndProject
Project("{8BC9CEB8-8B4A-11D0-8D11-00A0C91BC942}") = "TestSmallMatrix", "tests\TestSmallMatrix.vcxproj", "{269CD29C-FEA4-38C0-BB91-AB31C28A9284}"
	ProjectSection(ProjectDependencies) = postProject
		{57A7D7C0-0C91-3A20-9348-1A4502E3D36F} = {57A7D7C0-0C91-3A20-9348-1A4502E3D36F}
		{79DAD132-1732-3D2F-8C28-32BB3C936AE9} = {79DAD132-1732-3D2F-8C28-32BB3C936AE9}
	EndProjectSection
EndProject
Project("{8BC9CEB8-8B4A-11D0-8D11-00A0C91BC942}") = "TestVectorMath", "tests\TestVectorMath.vcxproj", "{3D599CC0-391B-3F4D-AC76-3B4B8ABADFC8}"
	ProjectSection(ProjectDependencies) = postProject
		{57A7D7C0-0C91-3A20-9348-1A4502E3D36F} = {57A7D7C0-0C91-3A20-9348-1A4502E3D36F}
		{79DAD132-1732-3D2F-8C28-32BB3C936AE9} = {79DAD132-1732-3D2F-8C28-32BB3C936AE9}
	EndProjectSection
EndProject
Project("{8BC9CEB8-8B4A-11D0-8D11-00A0C91BC942}") = "TestXml", "tests\TestXml.vcxproj", "{5DA3B639-AFB5-3FB3-B8FD-BC0A261A8FEE}"
	ProjectSection(ProjectDependencies) = postProject
		{57A7D7C0-0C91-3A20-9348-1A4502E3D36F} = {57A7D7C0-0C91-3A20-9348-1A4502E3D36F}
		{79DAD132-1732-3D2F-8C28-32BB3C936AE9} = {79DAD132-1732-3D2F-8C28-32BB3C936AE9}
	EndProjectSection
EndProject
Project("{8BC9CEB8-8B4A-11D0-8D11-00A0C91BC942}") = "ZERO_CHECK", "..\\ZERO_CHECK.vcxproj", "{79DAD132-1732-3D2F-8C28-32BB3C936AE9}"
	ProjectSection(ProjectDependencies) = postProject
	EndProjectSection
EndProject
Global
	GlobalSection(SolutionConfigurationPlatforms) = preSolution
		Debug|x64 = Debug|x64
		Release|x64 = Release|x64
		MinSizeRel|x64 = MinSizeRel|x64
		RelWithDebInfo|x64 = RelWithDebInfo|x64
	EndGlobalSection
	GlobalSection(ProjectConfigurationPlatforms) = postSolution
		{BC182BFA-BB8E-33CE-9D35-257FDE21AFD5}.Debug|x64.ActiveCfg = Debug|x64
		{BC182BFA-BB8E-33CE-9D35-257FDE21AFD5}.Debug|x64.Build.0 = Debug|x64
		{BC182BFA-BB8E-33CE-9D35-257FDE21AFD5}.Release|x64.ActiveCfg = Release|x64
		{BC182BFA-BB8E-33CE-9D35-257FDE21AFD5}.Release|x64.Build.0 = Release|x64
		{BC182BFA-BB8E-33CE-9D35-257FDE21AFD5}.MinSizeRel|x64.ActiveCfg = MinSizeRel|x64
		{BC182BFA-BB8E-33CE-9D35-257FDE21AFD5}.MinSizeRel|x64.Build.0 = MinSizeRel|x64
		{BC182BFA-BB8E-33CE-9D35-257FDE21AFD5}.RelWithDebInfo|x64.ActiveCfg = RelWithDebInfo|x64
		{BC182BFA-BB8E-33CE-9D35-257FDE21AFD5}.RelWithDebInfo|x64.Build.0 = RelWithDebInfo|x64
		{0C258C8D-EDF0-3509-80A1-9349FF413989}.Debug|x64.ActiveCfg = Debug|x64
		{0C258C8D-EDF0-3509-80A1-9349FF413989}.Debug|x64.Build.0 = Debug|x64
		{0C258C8D-EDF0-3509-80A1-9349FF413989}.Release|x64.ActiveCfg = Release|x64
		{0C258C8D-EDF0-3509-80A1-9349FF413989}.Release|x64.Build.0 = Release|x64
		{0C258C8D-EDF0-3509-80A1-9349FF413989}.MinSizeRel|x64.ActiveCfg = MinSizeRel|x64
		{0C258C8D-EDF0-3509-80A1-9349FF413989}.MinSizeRel|x64.Build.0 = MinSizeRel|x64
		{0C258C8D-EDF0-3509-80A1-9349FF413989}.RelWithDebInfo|x64.ActiveCfg = RelWithDebInfo|x64
		{0C258C8D-EDF0-3509-80A1-9349FF413989}.RelWithDebInfo|x64.Build.0 = RelWithDebInfo|x64
		{A597C6B6-BE53-3140-A70E-88DDFB043E2D}.Debug|x64.ActiveCfg = Debug|x64
		{A597C6B6-BE53-3140-A70E-88DDFB043E2D}.Debug|x64.Build.0 = Debug|x64
		{A597C6B6-BE53-3140-A70E-88DDFB043E2D}.Release|x64.ActiveCfg = Release|x64
		{A597C6B6-BE53-3140-A70E-88DDFB043E2D}.Release|x64.Build.0 = Release|x64
		{A597C6B6-BE53-3140-A70E-88DDFB043E2D}.MinSizeRel|x64.ActiveCfg = MinSizeRel|x64
		{A597C6B6-BE53-3140-A70E-88DDFB043E2D}.MinSizeRel|x64.Build.0 = MinSizeRel|x64
		{A597C6B6-BE53-3140-A70E-88DDFB043E2D}.RelWithDebInfo|x64.ActiveCfg = RelWithDebInfo|x64
		{A597C6B6-BE53-3140-A70E-88DDFB043E2D}.RelWithDebInfo|x64.Build.0 = RelWithDebInfo|x64
		{72EA73D7-4161-3DA5-8F57-C62863D27418}.Debug|x64.ActiveCfg = Debug|x64
		{72EA73D7-4161-3DA5-8F57-C62863D27418}.Release|x64.ActiveCfg = Release|x64
		{72EA73D7-4161-3DA5-8F57-C62863D27418}.MinSizeRel|x64.ActiveCfg = MinSizeRel|x64
		{72EA73D7-4161-3DA5-8F57-C62863D27418}.RelWithDebInfo|x64.ActiveCfg = RelWithDebInfo|x64
		{C0FEE8A5-B0A4-3687-B519-D8B7BB40AA2E}.Debug|x64.ActiveCfg = Debug|x64
		{C0FEE8A5-B0A4-3687-B519-D8B7BB40AA2E}.Debug|x64.Build.0 = Debug|x64
		{C0FEE8A5-B0A4-3687-B519-D8B7BB40AA2E}.Release|x64.ActiveCfg = Release|x64
		{C0FEE8A5-B0A4-3687-B519-D8B7BB40AA2E}.Release|x64.Build.0 = Release|x64
		{C0FEE8A5-B0A4-3687-B519-D8B7BB40AA2E}.MinSizeRel|x64.ActiveCfg = MinSizeRel|x64
		{C0FEE8A5-B0A4-3687-B519-D8B7BB40AA2E}.MinSizeRel|x64.Build.0 = MinSizeRel|x64
		{C0FEE8A5-B0A4-3687-B519-D8B7BB40AA2E}.RelWithDebInfo|x64.ActiveCfg = RelWithDebInfo|x64
		{C0FEE8A5-B0A4-3687-B519-D8B7BB40AA2E}.RelWithDebInfo|x64.Build.0 = RelWithDebInfo|x64
		{1867EAC4-EBFA-3C6C-A966-57BCD84BA7FA}.Debug|x64.ActiveCfg = Debug|x64
		{1867EAC4-EBFA-3C6C-A966-57BCD84BA7FA}.Debug|x64.Build.0 = Debug|x64
		{1867EAC4-EBFA-3C6C-A966-57BCD84BA7FA}.Release|x64.ActiveCfg = Release|x64
		{1867EAC4-EBFA-3C6C-A966-57BCD84BA7FA}.Release|x64.Build.0 = Release|x64
		{1867EAC4-EBFA-3C6C-A966-57BCD84BA7FA}.MinSizeRel|x64.ActiveCfg = MinSizeRel|x64
		{1867EAC4-EBFA-3C6C-A966-57BCD84BA7FA}.MinSizeRel|x64.Build.0 = MinSizeRel|x64
		{1867EAC4-EBFA-3C6C-A966-57BCD84BA7FA}.RelWithDebInfo|x64.ActiveCfg = RelWithDebInfo|x64
		{1867EAC4-EBFA-3C6C-A966-57BCD84BA7FA}.RelWithDebInfo|x64.Build.0 = RelWithDebInfo|x64
		{1CB29F8F-40C2-3C05-8D79-C31CEF5D804A}.Debug|x64.ActiveCfg = Debug|x64
		{1CB29F8F-40C2-3C05-8D79-C31CEF5D804A}.Debug|x64.Build.0 = Debug|x64
		{1CB29F8F-40C2-3C05-8D79-C31CEF5D804A}.Release|x64.ActiveCfg = Release|x64
		{1CB29F8F-40C2-3C05-8D79-C31CEF5D804A}.Release|x64.Build.0 = Release|x64
		{1CB29F8F-40C2-3C05-8D79-C31CEF5D804A}.MinSizeRel|x64.ActiveCfg = MinSizeRel|x64
		{1CB29F8F-40C2-3C05-8D79-C31CEF5D804A}.MinSizeRel|x64.Build.0 = MinSizeRel|x64
		{1CB29F8F-40C2-3C05-8D79-C31CEF5D804A}.RelWithDebInfo|x64.ActiveCfg = RelWithDebInfo|x64
		{1CB29F8F-40C2-3C05-8D79-C31CEF5D804A}.RelWithDebInfo|x64.Build.0 = RelWithDebInfo|x64
		{D910E1BF-6C67-3421-805D-89F126701ECA}.Debug|x64.ActiveCfg = Debug|x64
		{D910E1BF-6C67-3421-805D-89F126701ECA}.Debug|x64.Build.0 = Debug|x64
		{D910E1BF-6C67-3421-805D-89F126701ECA}.Release|x64.ActiveCfg = Release|x64
		{D910E1BF-6C67-3421-805D-89F126701ECA}.Release|x64.Build.0 = Release|x64
		{D910E1BF-6C67-3421-805D-89F126701ECA}.MinSizeRel|x64.ActiveCfg = MinSizeRel|x64
		{D910E1BF-6C67-3421-805D-89F126701ECA}.MinSizeRel|x64.Build.0 = MinSizeRel|x64
		{D910E1BF-6C67-3421-805D-89F126701ECA}.RelWithDebInfo|x64.ActiveCfg = RelWithDebInfo|x64
		{D910E1BF-6C67-3421-805D-89F126701ECA}.RelWithDebInfo|x64.Build.0 = RelWithDebInfo|x64
		{14791F6A-E6E8-3F1A-9576-F61E20D9565B}.Debug|x64.ActiveCfg = Debug|x64
		{14791F6A-E6E8-3F1A-9576-F61E20D9565B}.Debug|x64.Build.0 = Debug|x64
		{14791F6A-E6E8-3F1A-9576-F61E20D9565B}.Release|x64.ActiveCfg = Release|x64
		{14791F6A-E6E8-3F1A-9576-F61E20D9565B}.Release|x64.Build.0 = Release|x64
		{14791F6A-E6E8-3F1A-9576-F61E20D9565B}.MinSizeRel|x64.ActiveCfg = MinSizeRel|x64
		{14791F6A-E6E8-3F1A-9576-F61E20D9565B}.MinSizeRel|x64.Build.0 = MinSizeRel|x64
		{14791F6A-E6E8-3F1A-9576-F61E20D9565B}.RelWithDebInfo|x64.ActiveCfg = RelWithDebInfo|x64
		{14791F6A-E6E8-3F1A-9576-F61E20D9565B}.RelWithDebInfo|x64.Build.0 = RelWithDebInfo|x64
		{C0C7E728-CEDF-3B82-BD0E-B9369B6E104D}.Debug|x64.ActiveCfg = Debug|x64
		{C0C7E728-CEDF-3B82-BD0E-B9369B6E104D}.Release|x64.ActiveCfg = Release|x64
		{C0C7E728-CEDF-3B82-BD0E-B9369B6E104D}.MinSizeRel|x64.ActiveCfg = MinSizeRel|x64
		{C0C7E728-CEDF-3B82-BD0E-B9369B6E104D}.RelWithDebInfo|x64.ActiveCfg = RelWithDebInfo|x64
		{6DBEDD82-2888-33BF-8C33-EED63A59C7E1}.Debug|x64.ActiveCfg = Debug|x64
		{6DBEDD82-2888-33BF-8C33-EED63A59C7E1}.Debug|x64.Build.0 = Debug|x64
		{6DBEDD82-2888-33BF-8C33-EED63A59C7E1}.Release|x64.ActiveCfg = Release|x64
		{6DBEDD82-2888-33BF-8C33-EED63A59C7E1}.Release|x64.Build.0 = Release|x64
		{6DBEDD82-2888-33BF-8C33-EED63A59C7E1}.MinSizeRel|x64.ActiveCfg = MinSizeRel|x64
		{6DBEDD82-2888-33BF-8C33-EED63A59C7E1}.MinSizeRel|x64.Build.0 = MinSizeRel|x64
		{6DBEDD82-2888-33BF-8C33-EED63A59C7E1}.RelWithDebInfo|x64.ActiveCfg = RelWithDebInfo|x64
		{6DBEDD82-2888-33BF-8C33-EED63A59C7E1}.RelWithDebInfo|x64.Build.0 = RelWithDebInfo|x64
		{8656811D-992B-3DE1-B404-7A769F5FDEBD}.Debug|x64.ActiveCfg = Debug|x64
		{8656811D-992B-3DE1-B404-7A769F5FDEBD}.Debug|x64.Build.0 = Debug|x64
		{8656811D-992B-3DE1-B404-7A769F5FDEBD}.Release|x64.ActiveCfg = Release|x64
		{8656811D-992B-3DE1-B404-7A769F5FDEBD}.Release|x64.Build.0 = Release|x64
		{8656811D-992B-3DE1-B404-7A769F5FDEBD}.MinSizeRel|x64.ActiveCfg = MinSizeRel|x64
		{8656811D-992B-3DE1-B404-7A769F5FDEBD}.MinSizeRel|x64.Build.0 = MinSizeRel|x64
		{8656811D-992B-3DE1-B404-7A769F5FDEBD}.RelWithDebInfo|x64.ActiveCfg = RelWithDebInfo|x64
		{8656811D-992B-3DE1-B404-7A769F5FDEBD}.RelWithDebInfo|x64.Build.0 = RelWithDebInfo|x64
		{B8545A3C-832C-3EB1-BE2B-BA47CABF950B}.Debug|x64.ActiveCfg = Debug|x64
		{B8545A3C-832C-3EB1-BE2B-BA47CABF950B}.Debug|x64.Build.0 = Debug|x64
		{B8545A3C-832C-3EB1-BE2B-BA47CABF950B}.Release|x64.ActiveCfg = Release|x64
		{B8545A3C-832C-3EB1-BE2B-BA47CABF950B}.Release|x64.Build.0 = Release|x64
		{B8545A3C-832C-3EB1-BE2B-BA47CABF950B}.MinSizeRel|x64.ActiveCfg = MinSizeRel|x64
		{B8545A3C-832C-3EB1-BE2B-BA47CABF950B}.MinSizeRel|x64.Build.0 = MinSizeRel|x64
		{B8545A3C-832C-3EB1-BE2B-BA47CABF950B}.RelWithDebInfo|x64.ActiveCfg = RelWithDebInfo|x64
		{B8545A3C-832C-3EB1-BE2B-BA47CABF950B}.RelWithDebInfo|x64.Build.0 = RelWithDebInfo|x64
		{57A7D7C0-0C91-3A20-9348-1A4502E3D36F}.Debug|x64.ActiveCfg = Debug|x64
		{57A7D7C0-0C91-3A20-9348-1A4502E3D36F}.Debug|x64.Build.0 = Debug|x64
		{57A7D7C0-0C91-3A20-9348-1A4502E3D36F}.Release|x64.ActiveCfg = Release|x64
		{57A7D7C0-0C91-3A20-9348-1A4502E3D36F}.Release|x64.Build.0 = Release|x64
		{57A7D7C0-0C91-3A20-9348-1A4502E3D36F}.MinSizeRel|x64.ActiveCfg = MinSizeRel|x64
		{57A7D7C0-0C91-3A20-9348-1A4502E3D36F}.MinSizeRel|x64.Build.0 = MinSizeRel|x64
		{57A7D7C0-0C91-3A20-9348-1A4502E3D36F}.RelWithDebInfo|x64.ActiveCfg = RelWithDebInfo|x64
		{57A7D7C0-0C91-3A20-9348-1A4502E3D36F}.RelWithDebInfo|x64.Build.0 = RelWithDebInfo|x64
		{ED32130A-7435-3F34-B089-82142C6D64DA}.Debug|x64.ActiveCfg = Debug|x64
		{ED32130A-7435-3F34-B089-82142C6D64DA}.Debug|x64.Build.0 = Debug|x64
		{ED32130A-7435-3F34-B089-82142C6D64DA}.Release|x64.ActiveCfg = Release|x64
		{ED32130A-7435-3F34-B089-82142C6D64DA}.Release|x64.Build.0 = Release|x64
		{ED32130A-7435-3F34-B089-82142C6D64DA}.MinSizeRel|x64.ActiveCfg = MinSizeRel|x64
		{ED32130A-7435-3F34-B089-82142C6D64DA}.MinSizeRel|x64.Build.0 = MinSizeRel|x64
		{ED32130A-7435-3F34-B089-82142C6D64DA}.RelWithDebInfo|x64.ActiveCfg = RelWithDebInfo|x64
		{ED32130A-7435-3F34-B089-82142C6D64DA}.RelWithDebInfo|x64.Build.0 = RelWithDebInfo|x64
		{FC5028F0-3ED4-3F4B-8C73-3A7B313CF9D6}.Debug|x64.ActiveCfg = Debug|x64
		{FC5028F0-3ED4-3F4B-8C73-3A7B313CF9D6}.Debug|x64.Build.0 = Debug|x64
		{FC5028F0-3ED4-3F4B-8C73-3A7B313CF9D6}.Release|x64.ActiveCfg = Release|x64
		{FC5028F0-3ED4-3F4B-8C73-3A7B313CF9D6}.Release|x64.Build.0 = Release|x64
		{FC5028F0-3ED4-3F4B-8C73-3A7B313CF9D6}.MinSizeRel|x64.ActiveCfg = MinSizeRel|x64
		{FC5028F0-3ED4-3F4B-8C73-3A7B313CF9D6}.MinSizeRel|x64.Build.0 = MinSizeRel|x64
		{FC5028F0-3ED4-3F4B-8C73-3A7B313CF9D6}.RelWithDebInfo|x64.ActiveCfg = RelWithDebInfo|x64
		{FC5028F0-3ED4-3F4B-8C73-3A7B313CF9D6}.RelWithDebInfo|x64.Build.0 = RelWithDebInfo|x64
		{8A9083C1-BB9C-3E01-81F8-BC787312355A}.Debug|x64.ActiveCfg = Debug|x64
		{8A9083C1-BB9C-3E01-81F8-BC787312355A}.Debug|x64.Build.0 = Debug|x64
		{8A9083C1-BB9C-3E01-81F8-BC787312355A}.Release|x64.ActiveCfg = Release|x64
		{8A9083C1-BB9C-3E01-81F8-BC787312355A}.Release|x64.Build.0 = Release|x64
		{8A9083C1-BB9C-3E01-81F8-BC787312355A}.MinSizeRel|x64.ActiveCfg = MinSizeRel|x64
		{8A9083C1-BB9C-3E01-81F8-BC787312355A}.MinSizeRel|x64.Build.0 = MinSizeRel|x64
		{8A9083C1-BB9C-3E01-81F8-BC787312355A}.RelWithDebInfo|x64.ActiveCfg = RelWithDebInfo|x64
		{8A9083C1-BB9C-3E01-81F8-BC787312355A}.RelWithDebInfo|x64.Build.0 = RelWithDebInfo|x64
		{257A36C8-49D2-3229-A061-9A7C00AC9282}.Debug|x64.ActiveCfg = Debug|x64
		{257A36C8-49D2-3229-A061-9A7C00AC9282}.Debug|x64.Build.0 = Debug|x64
		{257A36C8-49D2-3229-A061-9A7C00AC9282}.Release|x64.ActiveCfg = Release|x64
		{257A36C8-49D2-3229-A061-9A7C00AC9282}.Release|x64.Build.0 = Release|x64
		{257A36C8-49D2-3229-A061-9A7C00AC9282}.MinSizeRel|x64.ActiveCfg = MinSizeRel|x64
		{257A36C8-49D2-3229-A061-9A7C00AC9282}.MinSizeRel|x64.Build.0 = MinSizeRel|x64
		{257A36C8-49D2-3229-A061-9A7C00AC9282}.RelWithDebInfo|x64.ActiveCfg = RelWithDebInfo|x64
		{257A36C8-49D2-3229-A061-9A7C00AC9282}.RelWithDebInfo|x64.Build.0 = RelWithDebInfo|x64
		{4A68C446-DDAF-3279-AEE1-1FA3D8F5AAF1}.Debug|x64.ActiveCfg = Debug|x64
		{4A68C446-DDAF-3279-AEE1-1FA3D8F5AAF1}.Debug|x64.Build.0 = Debug|x64
		{4A68C446-DDAF-3279-AEE1-1FA3D8F5AAF1}.Release|x64.ActiveCfg = Release|x64
		{4A68C446-DDAF-3279-AEE1-1FA3D8F5AAF1}.Release|x64.Build.0 = Release|x64
		{4A68C446-DDAF-3279-AEE1-1FA3D8F5AAF1}.MinSizeRel|x64.ActiveCfg = MinSizeRel|x64
		{4A68C446-DDAF-3279-AEE1-1FA3D8F5AAF1}.MinSizeRel|x64.Build.0 = MinSizeRel|x64
		{4A68C446-DDAF-3279-AEE1-1FA3D8F5AAF1}.RelWithDebInfo|x64.ActiveCfg = RelWithDebInfo|x64
		{4A68C446-DDAF-3279-AEE1-1FA3D8F5AAF1}.RelWithDebInfo|x64.Build.0 = RelWithDebInfo|x64
		{E2DBE970-9DC8-3E00-AF8A-8F9EC1186521}.Debug|x64.ActiveCfg = Debug|x64
		{E2DBE970-9DC8-3E00-AF8A-8F9EC1186521}.Debug|x64.Build.0 = Debug|x64
		{E2DBE970-9DC8-3E00-AF8A-8F9EC1186521}.Release|x64.ActiveCfg = Release|x64
		{E2DBE970-9DC8-3E00-AF8A-8F9EC1186521}.Release|x64.Build.0 = Release|x64
		{E2DBE970-9DC8-3E00-AF8A-8F9EC1186521}.MinSizeRel|x64.ActiveCfg = MinSizeRel|x64
		{E2DBE970-9DC8-3E00-AF8A-8F9EC1186521}.MinSizeRel|x64.Build.0 = MinSizeRel|x64
		{E2DBE970-9DC8-3E00-AF8A-8F9EC1186521}.RelWithDebInfo|x64.ActiveCfg = RelWithDebInfo|x64
		{E2DBE970-9DC8-3E00-AF8A-8F9EC1186521}.RelWithDebInfo|x64.Build.0 = RelWithDebInfo|x64
		{D5890778-B888-3826-9037-DAE55E9F9B7B}.Debug|x64.ActiveCfg = Debug|x64
		{D5890778-B888-3826-9037-DAE55E9F9B7B}.Debug|x64.Build.0 = Debug|x64
		{D5890778-B888-3826-9037-DAE55E9F9B7B}.Release|x64.ActiveCfg = Release|x64
		{D5890778-B888-3826-9037-DAE55E9F9B7B}.Release|x64.Build.0 = Release|x64
		{D5890778-B888-3826-9037-DAE55E9F9B7B}.MinSizeRel|x64.ActiveCfg = MinSizeRel|x64
		{D5890778-B888-3826-9037-DAE55E9F9B7B}.MinSizeRel|x64.Build.0 = MinSizeRel|x64
		{D5890778-B888-3826-9037-DAE55E9F9B7B}.RelWithDebInfo|x64.ActiveCfg = RelWithDebInfo|x64
		{D5890778-B888-3826-9037-DAE55E9F9B7B}.RelWithDebInfo|x64.Build.0 = RelWithDebInfo|x64
		{0DFD3145-C015-34B0-AD30-56AED8A01DE2}.Debug|x64.ActiveCfg = Debug|x64
		{0DFD3145-C015-34B0-AD30-56AED8A01DE2}.Debug|x64.Build.0 = Debug|x64
		{0DFD3145-C015-34B0-AD30-56AED8A01DE2}.Release|x64.ActiveCfg = Release|x64
		{0DFD3145-C015-34B0-AD30-56AED8A01DE2}.Release|x64.Build.0 = Release|x64
		{0DFD3145-C015-34B0-AD30-56AED8A01DE2}.MinSizeRel|x64.ActiveCfg = MinSizeRel|x64
		{0DFD3145-C015-34B0-AD30-56AED8A01DE2}.MinSizeRel|x64.Build.0 = MinSizeRel|x64
		{0DFD3145-C015-34B0-AD30-56AED8A01DE2}.RelWithDebInfo|x64.ActiveCfg = RelWithDebInfo|x64
		{0DFD3145-C015-34B0-AD30-56AED8A01DE2}.RelWithDebInfo|x64.Build.0 = RelWithDebInfo|x64
		{019DF27E-1B6D-34DD-B7A6-B524D279D00B}.Debug|x64.ActiveCfg = Debug|x64
		{019DF27E-1B6D-34DD-B7A6-B524D279D00B}.Debug|x64.Build.0 = Debug|x64
		{019DF27E-1B6D-34DD-B7A6-B524D279D00B}.Release|x64.ActiveCfg = Release|x64
		{019DF27E-1B6D-34DD-B7A6-B524D279D00B}.Release|x64.Build.0 = Release|x64
		{019DF27E-1B6D-34DD-B7A6-B524D279D00B}.MinSizeRel|x64.ActiveCfg = MinSizeRel|x64
		{019DF27E-1B6D-34DD-B7A6-B524D279D00B}.MinSizeRel|x64.Build.0 = MinSizeRel|x64
		{019DF27E-1B6D-34DD-B7A6-B524D279D00B}.RelWithDebInfo|x64.ActiveCfg = RelWithDebInfo|x64
		{019DF27E-1B6D-34DD-B7A6-B524D279D00B}.RelWithDebInfo|x64.Build.0 = RelWithDebInfo|x64
		{64DB11A5-1937-33CA-A609-9842E9194E63}.Debug|x64.ActiveCfg = Debug|x64
		{64DB11A5-1937-33CA-A609-9842E9194E63}.Debug|x64.Build.0 = Debug|x64
		{64DB11A5-1937-33CA-A609-9842E9194E63}.Release|x64.ActiveCfg = Release|x64
		{64DB11A5-1937-33CA-A609-9842E9194E63}.Release|x64.Build.0 = Release|x64
		{64DB11A5-1937-33CA-A609-9842E9194E63}.MinSizeRel|x64.ActiveCfg = MinSizeRel|x64
		{64DB11A5-1937-33CA-A609-9842E9194E63}.MinSizeRel|x64.Build.0 = MinSizeRel|x64
		{64DB11A5-1937-33CA-A609-9842E9194E63}.RelWithDebInfo|x64.ActiveCfg = RelWithDebInfo|x64
		{64DB11A5-1937-33CA-A609-9842E9194E63}.RelWithDebInfo|x64.Build.0 = RelWithDebInfo|x64
		{C060D264-300B-331B-A9CC-6D69042EEAA2}.Debug|x64.ActiveCfg = Debug|x64
		{C060D264-300B-331B-A9CC-6D69042EEAA2}.Debug|x64.Build.0 = Debug|x64
		{C060D264-300B-331B-A9CC-6D69042EEAA2}.Release|x64.ActiveCfg = Release|x64
		{C060D264-300B-331B-A9CC-6D69042EEAA2}.Release|x64.Build.0 = Release|x64
		{C060D264-300B-331B-A9CC-6D69042EEAA2}.MinSizeRel|x64.ActiveCfg = MinSizeRel|x64
		{C060D264-300B-331B-A9CC-6D69042EEAA2}.MinSizeRel|x64.Build.0 = MinSizeRel|x64
		{C060D264-300B-331B-A9CC-6D69042EEAA2}.RelWithDebInfo|x64.ActiveCfg = RelWithDebInfo|x64
		{C060D264-300B-331B-A9CC-6D69042EEAA2}.RelWithDebInfo|x64.Build.0 = RelWithDebInfo|x64
		{4DAD203B-4114-3357-A57B-BEFEA7CCFE9E}.Debug|x64.ActiveCfg = Debug|x64
		{4DAD203B-4114-3357-A57B-BEFEA7CCFE9E}.Debug|x64.Build.0 = Debug|x64
		{4DAD203B-4114-3357-A57B-BEFEA7CCFE9E}.Release|x64.ActiveCfg = Release|x64
		{4DAD203B-4114-3357-A57B-BEFEA7CCFE9E}.Release|x64.Build.0 = Release|x64
		{4DAD203B-4114-3357-A57B-BEFEA7CCFE9E}.MinSizeRel|x64.ActiveCfg = MinSizeRel|x64
		{4DAD203B-4114-3357-A57B-BEFEA7CCFE9E}.MinSizeRel|x64.Build.0 = MinSizeRel|x64
		{4DAD203B-4114-3357-A57B-BEFEA7CCFE9E}.RelWithDebInfo|x64.ActiveCfg = RelWithDebInfo|x64
		{4DAD203B-4114-3357-A57B-BEFEA7CCFE9E}.RelWithDebInfo|x64.Build.0 = RelWithDebInfo|x64
		{EFFD3FD8-FB30-31B6-83E4-41B244799410}.Debug|x64.ActiveCfg = Debug|x64
		{EFFD3FD8-FB30-31B6-83E4-41B244799410}.Debug|x64.Build.0 = Debug|x64
		{EFFD3FD8-FB30-31B6-83E4-41B244799410}.Release|x64.ActiveCfg = Release|x64
		{EFFD3FD8-FB30-31B6-83E4-41B244799410}.Release|x64.Build.0 = Release|x64
		{EFFD3FD8-FB30-31B6-83E4-41B244799410}.MinSizeRel|x64.ActiveCfg = MinSizeRel|x64
		{EFFD3FD8-FB30-31B6-83E4-41B244799410}.MinSizeRel|x64.Build.0 = MinSizeRel|x64
		{EFFD3FD8-FB30-31B6-83E4-41B244799410}.RelWithDebInfo|x64.ActiveCfg = RelWithDebInfo|x64
		{EFFD3FD8-FB30-31B6-83E4-41B244799410}.RelWithDebInfo|x64.Build.0 = RelWithDebInfo|x64
		{4D4147C7-1D25-3940-9206-750EE9C3EC4B}.Debug|x64.ActiveCfg = Debug|x64
		{4D4147C7-1D25-3940-9206-750EE9C3EC4B}.Debug|x64.Build.0 = Debug|x64
		{4D4147C7-1D25-3940-9206-750EE9C3EC4B}.Release|x64.ActiveCfg = Release|x64
		{4D4147C7-1D25-3940-9206-750EE9C3EC4B}.Release|x64.Build.0 = Release|x64
		{4D4147C7-1D25-3940-9206-750EE9C3EC4B}.MinSizeRel|x64.ActiveCfg = MinSizeRel|x64
		{4D4147C7-1D25-3940-9206-750EE9C3EC4B}.MinSizeRel|x64.Build.0 = MinSizeRel|x64
		{4D4147C7-1D25-3940-9206-750EE9C3EC4B}.RelWithDebInfo|x64.ActiveCfg = RelWithDebInfo|x64
		{4D4147C7-1D25-3940-9206-750EE9C3EC4B}.RelWithDebInfo|x64.Build.0 = RelWithDebInfo|x64
		{A75C2A4B-E2BF-3B48-8517-F7FAFF9E6660}.Debug|x64.ActiveCfg = Debug|x64
		{A75C2A4B-E2BF-3B48-8517-F7FAFF9E6660}.Debug|x64.Build.0 = Debug|x64
		{A75C2A4B-E2BF-3B48-8517-F7FAFF9E6660}.Release|x64.ActiveCfg = Release|x64
		{A75C2A4B-E2BF-3B48-8517-F7FAFF9E6660}.Release|x64.Build.0 = Release|x64
		{A75C2A4B-E2BF-3B48-8517-F7FAFF9E6660}.MinSizeRel|x64.ActiveCfg = MinSizeRel|x64
		{A75C2A4B-E2BF-3B48-8517-F7FAFF9E6660}.MinSizeRel|x64.Build.0 = MinSizeRel|x64
		{A75C2A4B-E2BF-3B48-8517-F7FAFF9E6660}.RelWithDebInfo|x64.ActiveCfg = RelWithDebInfo|x64
		{A75C2A4B-E2BF-3B48-8517-F7FAFF9E6660}.RelWithDebInfo|x64.Build.0 = RelWithDebInfo|x64
		{66164632-392F-3063-8733-38D5B47C31E6}.Debug|x64.ActiveCfg = Debug|x64
		{66164632-392F-3063-8733-38D5B47C31E6}.Debug|x64.Build.0 = Debug|x64
		{66164632-392F-3063-8733-38D5B47C31E6}.Release|x64.ActiveCfg = Release|x64
		{66164632-392F-3063-8733-38D5B47C31E6}.Release|x64.Build.0 = Release|x64
		{66164632-392F-3063-8733-38D5B47C31E6}.MinSizeRel|x64.ActiveCfg = MinSizeRel|x64
		{66164632-392F-3063-8733-38D5B47C31E6}.MinSizeRel|x64.Build.0 = MinSizeRel|x64
		{66164632-392F-3063-8733-38D5B47C31E6}.RelWithDebInfo|x64.ActiveCfg = RelWithDebInfo|x64
		{66164632-392F-3063-8733-38D5B47C31E6}.RelWithDebInfo|x64.Build.0 = RelWithDebInfo|x64
		{19E6E863-1DFE-3EBF-8018-752FA2796560}.Debug|x64.ActiveCfg = Debug|x64
		{19E6E863-1DFE-3EBF-8018-752FA2796560}.Debug|x64.Build.0 = Debug|x64
		{19E6E863-1DFE-3EBF-8018-752FA2796560}.Release|x64.ActiveCfg = Release|x64
		{19E6E863-1DFE-3EBF-8018-752FA2796560}.Release|x64.Build.0 = Release|x64
		{19E6E863-1DFE-3EBF-8018-752FA2796560}.MinSizeRel|x64.ActiveCfg = MinSizeRel|x64
		{19E6E863-1DFE-3EBF-8018-752FA2796560}.MinSizeRel|x64.Build.0 = MinSizeRel|x64
		{19E6E863-1DFE-3EBF-8018-752FA2796560}.RelWithDebInfo|x64.ActiveCfg = RelWithDebInfo|x64
		{19E6E863-1DFE-3EBF-8018-752FA2796560}.RelWithDebInfo|x64.Build.0 = RelWithDebInfo|x64
		{D24D2AE6-6CE3-3216-AA7B-AE040DC93042}.Debug|x64.ActiveCfg = Debug|x64
		{D24D2AE6-6CE3-3216-AA7B-AE040DC93042}.Debug|x64.Build.0 = Debug|x64
		{D24D2AE6-6CE3-3216-AA7B-AE040DC93042}.Release|x64.ActiveCfg = Release|x64
		{D24D2AE6-6CE3-3216-AA7B-AE040DC93042}.Release|x64.Build.0 = Release|x64
		{D24D2AE6-6CE3-3216-AA7B-AE040DC93042}.MinSizeRel|x64.ActiveCfg = MinSizeRel|x64
		{D24D2AE6-6CE3-3216-AA7B-AE040DC93042}.MinSizeRel|x64.Build.0 = MinSizeRel|x64
		{D24D2AE6-6CE3-3216-AA7B-AE040DC93042}.RelWithDebInfo|x64.ActiveCfg = RelWithDebInfo|x64
		{D24D2AE6-6CE3-3216-AA7B-AE040DC93042}.RelWithDebInfo|x64.Build.0 = RelWithDebInfo|x64
		{269CD29C-FEA4-38C0-BB91-AB31C28A9284}.Debug|x64.ActiveCfg = Debug|x64
		{269CD29C-FEA4-38C0-BB91-AB31C28A9284}.Debug|x64.Build.0 = Debug|x64
		{269CD29C-FEA4-38C0-BB91-AB31C28A9284}.Release|x64.ActiveCfg = Release|x64
		{269CD29C-FEA4-38C0-BB91-AB31C28A9284}.Release|x64.Build.0 = Release|x64
		{269CD29C-FEA4-38C0-BB91-AB31C28A9284}.MinSizeRel|x64.ActiveCfg = MinSizeRel|x64
		{269CD29C-FEA4-38C0-BB91-AB31C28A9284}.MinSizeRel|x64.Build.0 = MinSizeRel|x64
		{269CD29C-FEA4-38C0-BB91-AB31C28A9284}.RelWithDebInfo|x64.ActiveCfg = RelWithDebInfo|x64
		{269CD29C-FEA4-38C0-BB91-AB31C28A9284}.RelWithDebInfo|x64.Build.0 = RelWithDebInfo|x64
		{3D599CC0-391B-3F4D-AC76-3B4B8ABADFC8}.Debug|x64.ActiveCfg = Debug|x64
		{3D599CC0-391B-3F4D-AC76-3B4B8ABADFC8}.Debug|x64.Build.0 = Debug|x64
		{3D599CC0-391B-3F4D-AC76-3B4B8ABADFC8}.Release|x64.ActiveCfg = Release|x64
		{3D599CC0-391B-3F4D-AC76-3B4B8ABADFC8}.Release|x64.Build.0 = Release|x64
		{3D599CC0-391B-3F4D-AC76-3B4B8ABADFC8}.MinSizeRel|x64.ActiveCfg = MinSizeRel|x64
		{3D599CC0-391B-3F4D-AC76-3B4B8ABADFC8}.MinSizeRel|x64.Build.0 = MinSizeRel|x64
		{3D599CC0-391B-3F4D-AC76-3B4B8ABADFC8}.RelWithDebInfo|x64.ActiveCfg = RelWithDebInfo|x64
		{3D599CC0-391B-3F4D-AC76-3B4B8ABADFC8}.RelWithDebInfo|x64.Build.0 = RelWithDebInfo|x64
		{5DA3B639-AFB5-3FB3-B8FD-BC0A261A8FEE}.Debug|x64.ActiveCfg = Debug|x64
		{5DA3B639-AFB5-3FB3-B8FD-BC0A261A8FEE}.Debug|x64.Build.0 = Debug|x64
		{5DA3B639-AFB5-3FB3-B8FD-BC0A261A8FEE}.Release|x64.ActiveCfg = Release|x64
		{5DA3B639-AFB5-3FB3-B8FD-BC0A261A8FEE}.Release|x64.Build.0 = Release|x64
		{5DA3B639-AFB5-3FB3-B8FD-BC0A261A8FEE}.MinSizeRel|x64.ActiveCfg = MinSizeRel|x64
		{5DA3B639-AFB5-3FB3-B8FD-BC0A261A8FEE}.MinSizeRel|x64.Build.0 = MinSizeRel|x64
		{5DA3B639-AFB5-3FB3-B8FD-BC0A261A8FEE}.RelWithDebInfo|x64.ActiveCfg = RelWithDebInfo|x64
		{5DA3B639-AFB5-3FB3-B8FD-BC0A261A8FEE}.RelWithDebInfo|x64.Build.0 = RelWithDebInfo|x64
		{79DAD132-1732-3D2F-8C28-32BB3C936AE9}.Debug|x64.ActiveCfg = Debug|x64
		{79DAD132-1732-3D2F-8C28-32BB3C936AE9}.Debug|x64.Build.0 = Debug|x64
		{79DAD132-1732-3D2F-8C28-32BB3C936AE9}.Release|x64.ActiveCfg = Release|x64
		{79DAD132-1732-3D2F-8C28-32BB3C936AE9}.Release|x64.Build.0 = Release|x64
		{79DAD132-1732-3D2F-8C28-32BB3C936AE9}.MinSizeRel|x64.ActiveCfg = MinSizeRel|x64
		{79DAD132-1732-3D2F-8C28-32BB3C936AE9}.MinSizeRel|x64.Build.0 = MinSizeRel|x64
		{79DAD132-1732-3D2F-8C28-32BB3C936AE9}.RelWithDebInfo|x64.ActiveCfg = RelWithDebInfo|x64
		{79DAD132-1732-3D2F-8C28-32BB3C936AE9}.RelWithDebInfo|x64.Build.0 = RelWithDebInfo|x64
	EndGlobalSection
	GlobalSection(ExtensibilityGlobals) = postSolution
		SolutionGuid = {324E23C7-95BE-35D2-8FF8-5014CF19DD55}
	EndGlobalSection
	GlobalSection(ExtensibilityAddIns) = postSolution
	EndGlobalSection
EndGlobal
