Microsoft Visual Studio Solution File, Format Version 12.00
# Visual Studio 16
Project("{8BC9CEB8-8B4A-11D0-8D11-00A0C91BC942}") = "ALL_BUILD", "ALL_BUILD.vcxproj", "{BC182BFA-BB8E-33CE-9D35-257FDE21AFD5}"
	ProjectSection(ProjectDependencies) = postProject
		{3D71D496-763B-377E-8760-2C0BCBA5C174} = {3D71D496-763B-377E-8760-2C0BCBA5C174}
		{79F6D1B6-A3AA-31ED-9529-FD20B3CF1127} = {79F6D1B6-A3AA-31ED-9529-FD20B3CF1127}
		{95883CD1-4436-3E30-B9AE-13CF3EFA66C6} = {95883CD1-4436-3E30-B9AE-13CF3EFA66C6}
		{46EE99CA-2F8E-3DFB-B6D7-CAA406D54227} = {46EE99CA-2F8E-3DFB-B6D7-CAA406D54227}
		{2D43D9D7-8F4E-3C12-9016-757287A147A0} = {2D43D9D7-8F4E-3C12-9016-757287A147A0}
		{E2E4F629-C814-3960-9D7A-290DF40B55BF} = {E2E4F629-C814-3960-9D7A-290DF40B55BF}
		{FD5B6CF9-929A-397B-93EE-44CB8B880005} = {FD5B6CF9-929A-397B-93EE-44CB8B880005}
		{1D4C8754-4E26-33E5-A733-33A093D6F3EC} = {1D4C8754-4E26-33E5-A733-33A093D6F3EC}
		{08D4F0AF-0E9F-3E39-8AEB-EF8BE076ADBF} = {08D4F0AF-0E9F-3E39-8AEB-EF8BE076ADBF}
		{38201814-F730-3124-8284-26684C285476} = {38201814-F730-3124-8284-26684C285476}
		{6DA54AC3-77A8-3AB4-854B-7D40C857F8C7} = {6DA54AC3-77A8-3AB4-854B-7D40C857F8C7}
		{700D26DE-69F3-371B-8A9D-B465C704BB79} = {700D26DE-69F3-371B-8A9D-B465C704BB79}
		{83F39EB6-4364-3922-962D-9E5CFC43121B} = {83F39EB6-4364-3922-962D-9E5CFC43121B}
		{66B08DE1-114B-37BD-9B0B-6E9650D6D60D} = {66B08DE1-114B-37BD-9B0B-6E9650D6D60D}
		{5983CB68-7810-30BA-9AA1-E6CA60272EA9} = {5983CB68-7810-30BA-9AA1-E6CA60272EA9}
		{E8D5A302-A70E-389B-9A2D-8BBB7D05647A} = {E8D5A302-A70E-389B-9A2D-8BBB7D05647A}
		{D8E3D021-6EA8-3DAB-9BC2-4877B54062DF} = {D8E3D021-6EA8-3DAB-9BC2-4877B54062DF}
		{7E9DD7EE-F343-3F44-8B68-719DEDD33073} = {7E9DD7EE-F343-3F44-8B68-719DEDD33073}
		{9E62AD9C-DA31-32A2-A9D8-AAAE1E6ECC49} = {9E62AD9C-DA31-32A2-A9D8-AAAE1E6ECC49}
		{5F760DB4-7462-367D-AE24-E5FAF695A2A4} = {5F760DB4-7462-367D-AE24-E5FAF695A2A4}
		{A60680A7-86D8-348C-96D9-9946BCE688E3} = {A60680A7-86D8-348C-96D9-9946BCE688E3}
		{E4405333-1AA9-3527-85AB-F448EA2612F4} = {E4405333-1AA9-3527-85AB-F448EA2612F4}
		{6AD65203-93EB-3E87-B76E-730466FBAE3C} = {6AD65203-93EB-3E87-B76E-730466FBAE3C}
		{F4B973E3-7CFF-357C-AA3F-C945BB9C511C} = {F4B973E3-7CFF-357C-AA3F-C945BB9C511C}
		{FF0FE57D-8DBC-3E9A-A7E5-C6B77C7FB2D5} = {FF0FE57D-8DBC-3E9A-A7E5-C6B77C7FB2D5}
		{B0E34153-31E4-3045-8976-29CE5007E88D} = {B0E34153-31E4-3045-8976-29CE5007E88D}
		{2DB3D9AB-F04F-3BA2-8329-884E50B9BEC2} = {2DB3D9AB-F04F-3BA2-8329-884E50B9BEC2}
		{19477AB2-7E73-388B-96A7-A58B4B9D0D69} = {19477AB2-7E73-388B-96A7-A58B4B9D0D69}
		{843B791A-FB36-3B73-A751-330E19C9D294} = {843B791A-FB36-3B73-A751-330E19C9D294}
		{946E0D09-CD1D-38E9-80D3-E6DBF2B255DF} = {946E0D09-CD1D-38E9-80D3-E6DBF2B255DF}
		{F4737428-33FC-3A2C-BDE3-609E39D7226D} = {F4737428-33FC-3A2C-BDE3-609E39D7226D}
		{0F3A89EA-5002-34BF-8CBB-BFB83B864A49} = {0F3A89EA-5002-34BF-8CBB-BFB83B864A49}
		{892F4927-64FA-3429-851A-134C49321A40} = {892F4927-64FA-3429-851A-134C49321A40}
		{D6741F59-B3EB-3453-96AB-3A594F0B7B03} = {D6741F59-B3EB-3453-96AB-3A594F0B7B03}
		{79DAD132-1732-3D2F-8C28-32BB3C936AE9} = {79DAD132-1732-3D2F-8C28-32BB3C936AE9}
		{1FD44CF0-C832-3FF2-AFA5-35F529FBE76B} = {1FD44CF0-C832-3FF2-AFA5-35F529FBE76B}
		{3B086C22-EB40-3BEA-A4B4-0A05F3F0992B} = {3B086C22-EB40-3BEA-A4B4-0A05F3F0992B}
		{C2A81D0D-EC14-36FF-8544-2231E154F05C} = {C2A81D0D-EC14-36FF-8544-2231E154F05C}
		{6E8C2420-D5A4-3DF0-8419-62932C96F044} = {6E8C2420-D5A4-3DF0-8419-62932C96F044}
		{733936FD-BBAA-3E07-8374-BF5D6DE28DF7} = {733936FD-BBAA-3E07-8374-BF5D6DE28DF7}
		{FBC2B41A-3FB2-3236-88B2-73A34EC20B2B} = {FBC2B41A-3FB2-3236-88B2-73A34EC20B2B}
		{0DF5E0B3-19A2-39A0-BC35-FB73DECBA7DB} = {0DF5E0B3-19A2-39A0-BC35-FB73DECBA7DB}
		{6F7B2ACF-89A2-331D-91E5-F5EC7ACB8BAB} = {6F7B2ACF-89A2-331D-91E5-F5EC7ACB8BAB}
		{C0D929BE-CD14-38CB-B9FD-8951B03D792A} = {C0D929BE-CD14-38CB-B9FD-8951B03D792A}
		{59FB1A1A-4EF3-369B-A4DD-C118A4BC9669} = {59FB1A1A-4EF3-369B-A4DD-C118A4BC9669}
		{03C75D16-6F8F-36E9-B17A-43C60795E9D3} = {03C75D16-6F8F-36E9-B17A-43C60795E9D3}
		{47D90135-C8E5-35C2-BE68-3AF2AA87EC42} = {47D90135-C8E5-35C2-BE68-3AF2AA87EC42}
		{A54821AC-8BA1-32D5-98F3-A81ACDAA8464} = {A54821AC-8BA1-32D5-98F3-A81ACDAA8464}
		{9C8F5483-3016-3FB1-B5A6-295A443E4007} = {9C8F5483-3016-3FB1-B5A6-295A443E4007}
		{CC1C265E-F92A-3B90-AC14-ABFF44D5A4C4} = {CC1C265E-F92A-3B90-AC14-ABFF44D5A4C4}
		{FC21EEDA-81A6-3794-86B1-C54246A7B6FF} = {FC21EEDA-81A6-3794-86B1-C54246A7B6FF}
		{3ACBBCD1-22FE-3AA0-8DE9-C494C00C6E7B} = {3ACBBCD1-22FE-3AA0-8DE9-C494C00C6E7B}
		{29801A84-1BF0-30E5-A4C8-EEE88814E796} = {29801A84-1BF0-30E5-A4C8-EEE88814E796}
		{AB517186-DA57-3BDC-922D-FF9906EEDA6C} = {AB517186-DA57-3BDC-922D-FF9906EEDA6C}
		{AA2C3916-0749-3E48-B1E1-42E314AAC8A1} = {AA2C3916-0749-3E48-B1E1-42E314AAC8A1}
		{B06BFCEA-25F6-3706-A2D2-ABE2F0740497} = {B06BFCEA-25F6-3706-A2D2-ABE2F0740497}
	EndProjectSection
EndProject
Project("{8BC9CEB8-8B4A-11D0-8D11-00A0C91BC942}") = "BestAvailableTest", "tests\BestAvailableTest.vcxproj", "{3D71D496-763B-377E-8760-2C0BCBA5C174}"
	ProjectSection(ProjectDependencies) = postProject
		{57A7D7C0-0C91-3A20-9348-1A4502E3D36F} = {57A7D7C0-0C91-3A20-9348-1A4502E3D36F}
		{FF0FE57D-8DBC-3E9A-A7E5-C6B77C7FB2D5} = {FF0FE57D-8DBC-3E9A-A7E5-C6B77C7FB2D5}
		{79DAD132-1732-3D2F-8C28-32BB3C936AE9} = {79DAD132-1732-3D2F-8C28-32BB3C936AE9}
	EndProjectSection
EndProject
Project("{8BC9CEB8-8B4A-11D0-8D11-00A0C91BC942}") = "CMAESTest", "tests\CMAESTest.vcxproj", "{79F6D1B6-A3AA-31ED-9529-FD20B3CF1127}"
	ProjectSection(ProjectDependencies) = postProject
		{57A7D7C0-0C91-3A20-9348-1A4502E3D36F} = {57A7D7C0-0C91-3A20-9348-1A4502E3D36F}
		{FF0FE57D-8DBC-3E9A-A7E5-C6B77C7FB2D5} = {FF0FE57D-8DBC-3E9A-A7E5-C6B77C7FB2D5}
		{79DAD132-1732-3D2F-8C28-32BB3C936AE9} = {79DAD132-1732-3D2F-8C28-32BB3C936AE9}
	EndProjectSection
EndProject
Project("{8BC9CEB8-8B4A-11D0-8D11-00A0C91BC942}") = "CPodesIntegratorTest", "tests\CPodesIntegratorTest.vcxproj", "{95883CD1-4436-3E30-B9AE-13CF3EFA66C6}"
	ProjectSection(ProjectDependencies) = postProject
		{57A7D7C0-0C91-3A20-9348-1A4502E3D36F} = {57A7D7C0-0C91-3A20-9348-1A4502E3D36F}
		{FF0FE57D-8DBC-3E9A-A7E5-C6B77C7FB2D5} = {FF0FE57D-8DBC-3E9A-A7E5-C6B77C7FB2D5}
		{79DAD132-1732-3D2F-8C28-32BB3C936AE9} = {79DAD132-1732-3D2F-8C28-32BB3C936AE9}
	EndProjectSection
EndProject
Project("{8BC9CEB8-8B4A-11D0-8D11-00A0C91BC942}") = "CpsAdamsXCpp", "Integrators\src\CPodes\tests\CpsAdamsXCpp.vcxproj", "{46EE99CA-2F8E-3DFB-B6D7-CAA406D54227}"
	ProjectSection(ProjectDependencies) = postProject
		{57A7D7C0-0C91-3A20-9348-1A4502E3D36F} = {57A7D7C0-0C91-3A20-9348-1A4502E3D36F}
		{FF0FE57D-8DBC-3E9A-A7E5-C6B77C7FB2D5} = {FF0FE57D-8DBC-3E9A-A7E5-C6B77C7FB2D5}
		{79DAD132-1732-3D2F-8C28-32BB3C936AE9} = {79DAD132-1732-3D2F-8C28-32BB3C936AE9}
	EndProjectSection
EndProject
Project("{8BC9CEB8-8B4A-11D0-8D11-00A0C91BC942}") = "DifferentiatorTest", "tests\DifferentiatorTest.vcxproj", "{2D43D9D7-8F4E-3C12-9016-757287A147A0}"
	ProjectSection(ProjectDependencies) = postProject
		{57A7D7C0-0C91-3A20-9348-1A4502E3D36F} = {57A7D7C0-0C91-3A20-9348-1A4502E3D36F}
		{FF0FE57D-8DBC-3E9A-A7E5-C6B77C7FB2D5} = {FF0FE57D-8DBC-3E9A-A7E5-C6B77C7FB2D5}
		{79DAD132-1732-3D2F-8C28-32BB3C936AE9} = {79DAD132-1732-3D2F-8C28-32BB3C936AE9}
	EndProjectSection
EndProject
Project("{8BC9CEB8-8B4A-11D0-8D11-00A0C91BC942}") = "EigenTest", "tests\EigenTest.vcxproj", "{E2E4F629-C814-3960-9D7A-290DF40B55BF}"
	ProjectSection(ProjectDependencies) = postProject
		{57A7D7C0-0C91-3A20-9348-1A4502E3D36F} = {57A7D7C0-0C91-3A20-9348-1A4502E3D36F}
		{FF0FE57D-8DBC-3E9A-A7E5-C6B77C7FB2D5} = {FF0FE57D-8DBC-3E9A-A7E5-C6B77C7FB2D5}
		{79DAD132-1732-3D2F-8C28-32BB3C936AE9} = {79DAD132-1732-3D2F-8C28-32BB3C936AE9}
	EndProjectSection
EndProject
Project("{8BC9CEB8-8B4A-11D0-8D11-00A0C91BC942}") = "ExplicitEulerIntegratorTest", "tests\ExplicitEulerIntegratorTest.vcxproj", "{FD5B6CF9-929A-397B-93EE-44CB8B880005}"
	ProjectSection(ProjectDependencies) = postProject
		{57A7D7C0-0C91-3A20-9348-1A4502E3D36F} = {57A7D7C0-0C91-3A20-9348-1A4502E3D36F}
		{FF0FE57D-8DBC-3E9A-A7E5-C6B77C7FB2D5} = {FF0FE57D-8DBC-3E9A-A7E5-C6B77C7FB2D5}
		{79DAD132-1732-3D2F-8C28-32BB3C936AE9} = {79DAD132-1732-3D2F-8C28-32BB3C936AE9}
	EndProjectSection
EndProject
Project("{8BC9CEB8-8B4A-11D0-8D11-00A0C91BC942}") = "FactorLUTest", "tests\FactorLUTest.vcxproj", "{1D4C8754-4E26-33E5-A733-33A093D6F3EC}"
	ProjectSection(ProjectDependencies) = postProject
		{57A7D7C0-0C91-3A20-9348-1A4502E3D36F} = {57A7D7C0-0C91-3A20-9348-1A4502E3D36F}
		{FF0FE57D-8DBC-3E9A-A7E5-C6B77C7FB2D5} = {FF0FE57D-8DBC-3E9A-A7E5-C6B77C7FB2D5}
		{79DAD132-1732-3D2F-8C28-32BB3C936AE9} = {79DAD132-1732-3D2F-8C28-32BB3C936AE9}
	EndProjectSection
EndProject
Project("{8BC9CEB8-8B4A-11D0-8D11-00A0C91BC942}") = "FactorQTZTest", "tests\FactorQTZTest.vcxproj", "{08D4F0AF-0E9F-3E39-8AEB-EF8BE076ADBF}"
	ProjectSection(ProjectDependencies) = postProject
		{57A7D7C0-0C91-3A20-9348-1A4502E3D36F} = {57A7D7C0-0C91-3A20-9348-1A4502E3D36F}
		{FF0FE57D-8DBC-3E9A-A7E5-C6B77C7FB2D5} = {FF0FE57D-8DBC-3E9A-A7E5-C6B77C7FB2D5}
		{79DAD132-1732-3D2F-8C28-32BB3C936AE9} = {79DAD132-1732-3D2F-8C28-32BB3C936AE9}
	EndProjectSection
EndProject
Project("{8BC9CEB8-8B4A-11D0-8D11-00A0C91BC942}") = "FactorSVDTest", "tests\FactorSVDTest.vcxproj", "{38201814-F730-3124-8284-26684C285476}"
	ProjectSection(ProjectDependencies) = postProject
		{57A7D7C0-0C91-3A20-9348-1A4502E3D36F} = {57A7D7C0-0C91-3A20-9348-1A4502E3D36F}
		{FF0FE57D-8DBC-3E9A-A7E5-C6B77C7FB2D5} = {FF0FE57D-8DBC-3E9A-A7E5-C6B77C7FB2D5}
		{79DAD132-1732-3D2F-8C28-32BB3C936AE9} = {79DAD132-1732-3D2F-8C28-32BB3C936AE9}
	EndProjectSection
EndProject
Project("{8BC9CEB8-8B4A-11D0-8D11-00A0C91BC942}") = "INSTALL", "INSTALL.vcxproj", "{72EA73D7-4161-3DA5-8F57-C62863D27418}"
	ProjectSection(ProjectDependencies) = postProject
		{BC182BFA-BB8E-33CE-9D35-257FDE21AFD5} = {BC182BFA-BB8E-33CE-9D35-257FDE21AFD5}
		{79DAD132-1732-3D2F-8C28-32BB3C936AE9} = {79DAD132-1732-3D2F-8C28-32BB3C936AE9}
	EndProjectSection
EndProject
Project("{8BC9CEB8-8B4A-11D0-8D11-00A0C91BC942}") = "IntegratorTest", "tests\IntegratorTest.vcxproj", "{6DA54AC3-77A8-3AB4-854B-7D40C857F8C7}"
	ProjectSection(ProjectDependencies) = postProject
		{57A7D7C0-0C91-3A20-9348-1A4502E3D36F} = {57A7D7C0-0C91-3A20-9348-1A4502E3D36F}
		{FF0FE57D-8DBC-3E9A-A7E5-C6B77C7FB2D5} = {FF0FE57D-8DBC-3E9A-A7E5-C6B77C7FB2D5}
		{79DAD132-1732-3D2F-8C28-32BB3C936AE9} = {79DAD132-1732-3D2F-8C28-32BB3C936AE9}
	EndProjectSection
EndProject
Project("{8BC9CEB8-8B4A-11D0-8D11-00A0C91BC942}") = "IpoptDiffTest", "tests\IpoptDiffTest.vcxproj", "{700D26DE-69F3-371B-8A9D-B465C704BB79}"
	ProjectSection(ProjectDependencies) = postProject
		{57A7D7C0-0C91-3A20-9348-1A4502E3D36F} = {57A7D7C0-0C91-3A20-9348-1A4502E3D36F}
		{FF0FE57D-8DBC-3E9A-A7E5-C6B77C7FB2D5} = {FF0FE57D-8DBC-3E9A-A7E5-C6B77C7FB2D5}
		{79DAD132-1732-3D2F-8C28-32BB3C936AE9} = {79DAD132-1732-3D2F-8C28-32BB3C936AE9}
	EndProjectSection
EndProject
Project("{8BC9CEB8-8B4A-11D0-8D11-00A0C91BC942}") = "IpoptTest", "tests\IpoptTest.vcxproj", "{83F39EB6-4364-3922-962D-9E5CFC43121B}"
	ProjectSection(ProjectDependencies) = postProject
		{57A7D7C0-0C91-3A20-9348-1A4502E3D36F} = {57A7D7C0-0C91-3A20-9348-1A4502E3D36F}
		{FF0FE57D-8DBC-3E9A-A7E5-C6B77C7FB2D5} = {FF0FE57D-8DBC-3E9A-A7E5-C6B77C7FB2D5}
		{79DAD132-1732-3D2F-8C28-32BB3C936AE9} = {79DAD132-1732-3D2F-8C28-32BB3C936AE9}
	EndProjectSection
EndProject
Project("{8BC9CEB8-8B4A-11D0-8D11-00A0C91BC942}") = "LBFGSBDiffTest", "tests\LBFGSBDiffTest.vcxproj", "{66B08DE1-114B-37BD-9B0B-6E9650D6D60D}"
	ProjectSection(ProjectDependencies) = postProject
		{57A7D7C0-0C91-3A20-9348-1A4502E3D36F} = {57A7D7C0-0C91-3A20-9348-1A4502E3D36F}
		{FF0FE57D-8DBC-3E9A-A7E5-C6B77C7FB2D5} = {FF0FE57D-8DBC-3E9A-A7E5-C6B77C7FB2D5}
		{79DAD132-1732-3D2F-8C28-32BB3C936AE9} = {79DAD132-1732-3D2F-8C28-32BB3C936AE9}
	EndProjectSection
EndProject
Project("{8BC9CEB8-8B4A-11D0-8D11-00A0C91BC942}") = "LBFGSBTest", "tests\LBFGSBTest.vcxproj", "{5983CB68-7810-30BA-9AA1-E6CA60272EA9}"
	ProjectSection(ProjectDependencies) = postProject
		{57A7D7C0-0C91-3A20-9348-1A4502E3D36F} = {57A7D7C0-0C91-3A20-9348-1A4502E3D36F}
		{FF0FE57D-8DBC-3E9A-A7E5-C6B77C7FB2D5} = {FF0FE57D-8DBC-3E9A-A7E5-C6B77C7FB2D5}
		{79DAD132-1732-3D2F-8C28-32BB3C936AE9} = {79DAD132-1732-3D2F-8C28-32BB3C936AE9}
	EndProjectSection
EndProject
Project("{8BC9CEB8-8B4A-11D0-8D11-00A0C91BC942}") = "LBFGSDiffTest", "tests\LBFGSDiffTest.vcxproj", "{E8D5A302-A70E-389B-9A2D-8BBB7D05647A}"
	ProjectSection(ProjectDependencies) = postProject
		{57A7D7C0-0C91-3A20-9348-1A4502E3D36F} = {57A7D7C0-0C91-3A20-9348-1A4502E3D36F}
		{FF0FE57D-8DBC-3E9A-A7E5-C6B77C7FB2D5} = {FF0FE57D-8DBC-3E9A-A7E5-C6B77C7FB2D5}
		{79DAD132-1732-3D2F-8C28-32BB3C936AE9} = {79DAD132-1732-3D2F-8C28-32BB3C936AE9}
	EndProjectSection
EndProject
Project("{8BC9CEB8-8B4A-11D0-8D11-00A0C91BC942}") = "LBFGSTest", "tests\LBFGSTest.vcxproj", "{D8E3D021-6EA8-3DAB-9BC2-4877B54062DF}"
	ProjectSection(ProjectDependencies) = postProject
		{57A7D7C0-0C91-3A20-9348-1A4502E3D36F} = {57A7D7C0-0C91-3A20-9348-1A4502E3D36F}
		{FF0FE57D-8DBC-3E9A-A7E5-C6B77C7FB2D5} = {FF0FE57D-8DBC-3E9A-A7E5-C6B77C7FB2D5}
		{79DAD132-1732-3D2F-8C28-32BB3C936AE9} = {79DAD132-1732-3D2F-8C28-32BB3C936AE9}
	EndProjectSection
EndProject
Project("{8BC9CEB8-8B4A-11D0-8D11-00A0C91BC942}") = "PendLrCpp", "Integrators\src\CPodes\tests\PendLrCpp.vcxproj", "{7E9DD7EE-F343-3F44-8B68-719DEDD33073}"
	ProjectSection(ProjectDependencies) = postProject
		{57A7D7C0-0C91-3A20-9348-1A4502E3D36F} = {57A7D7C0-0C91-3A20-9348-1A4502E3D36F}
		{FF0FE57D-8DBC-3E9A-A7E5-C6B77C7FB2D5} = {FF0FE57D-8DBC-3E9A-A7E5-C6B77C7FB2D5}
		{79DAD132-1732-3D2F-8C28-32BB3C936AE9} = {79DAD132-1732-3D2F-8C28-32BB3C936AE9}
	EndProjectSection
EndProject
Project("{8BC9CEB8-8B4A-11D0-8D11-00A0C91BC942}") = "PlatformFiles", "..\\PlatformFiles.vcxproj", "{1CB29F8F-40C2-3C05-8D79-C31CEF5D804A}"
	ProjectSection(ProjectDependencies) = postProject
		{D910E1BF-6C67-3421-805D-89F126701ECA} = {D910E1BF-6C67-3421-805D-89F126701ECA}
		{79DAD132-1732-3D2F-8C28-32BB3C936AE9} = {79DAD132-1732-3D2F-8C28-32BB3C936AE9}
	EndProjectSection
EndProject
Project("{8BC9CEB8-8B4A-11D0-8D11-00A0C91BC942}") = "PlatformFiles_subdir", "..\Platform\PlatformFiles_subdir.vcxproj", "{D910E1BF-6C67-3421-805D-89F126701ECA}"
	ProjectSection(ProjectDependencies) = postProject
		{79DAD132-1732-3D2F-8C28-32BB3C936AE9} = {79DAD132-1732-3D2F-8C28-32BB3C936AE9}
	EndProjectSection
EndProject
Project("{8BC9CEB8-8B4A-11D0-8D11-00A0C91BC942}") = "RUN_TESTS", "RUN_TESTS.vcxproj", "{C0C7E728-CEDF-3B82-BD0E-B9369B6E104D}"
	ProjectSection(ProjectDependencies) = postProject
		{79DAD132-1732-3D2F-8C28-32BB3C936AE9} = {79DAD132-1732-3D2F-8C28-32BB3C936AE9}
	EndProjectSection
EndProject
Project("{8BC9CEB8-8B4A-11D0-8D11-00A0C91BC942}") = "RungeKutta2IntegratorTest", "tests\RungeKutta2IntegratorTest.vcxproj", "{9E62AD9C-DA31-32A2-A9D8-AAAE1E6ECC49}"
	ProjectSection(ProjectDependencies) = postProject
		{57A7D7C0-0C91-3A20-9348-1A4502E3D36F} = {57A7D7C0-0C91-3A20-9348-1A4502E3D36F}
		{FF0FE57D-8DBC-3E9A-A7E5-C6B77C7FB2D5} = {FF0FE57D-8DBC-3E9A-A7E5-C6B77C7FB2D5}
		{79DAD132-1732-3D2F-8C28-32BB3C936AE9} = {79DAD132-1732-3D2F-8C28-32BB3C936AE9}
	EndProjectSection
EndProject
Project("{8BC9CEB8-8B4A-11D0-8D11-00A0C91BC942}") = "RungeKutta3IntegratorTest", "tests\RungeKutta3IntegratorTest.vcxproj", "{5F760DB4-7462-367D-AE24-E5FAF695A2A4}"
	ProjectSection(ProjectDependencies) = postProject
		{57A7D7C0-0C91-3A20-9348-1A4502E3D36F} = {57A7D7C0-0C91-3A20-9348-1A4502E3D36F}
		{FF0FE57D-8DBC-3E9A-A7E5-C6B77C7FB2D5} = {FF0FE57D-8DBC-3E9A-A7E5-C6B77C7FB2D5}
		{79DAD132-1732-3D2F-8C28-32BB3C936AE9} = {79DAD132-1732-3D2F-8C28-32BB3C936AE9}
	EndProjectSection
EndProject
Project("{8BC9CEB8-8B4A-11D0-8D11-00A0C91BC942}") = "RungeKuttaFeldbergIntegratorTest", "tests\RungeKuttaFeldbergIntegratorTest.vcxproj", "{A60680A7-86D8-348C-96D9-9946BCE688E3}"
	ProjectSection(ProjectDependencies) = postProject
		{57A7D7C0-0C91-3A20-9348-1A4502E3D36F} = {57A7D7C0-0C91-3A20-9348-1A4502E3D36F}
		{FF0FE57D-8DBC-3E9A-A7E5-C6B77C7FB2D5} = {FF0FE57D-8DBC-3E9A-A7E5-C6B77C7FB2D5}
		{79DAD132-1732-3D2F-8C28-32BB3C936AE9} = {79DAD132-1732-3D2F-8C28-32BB3C936AE9}
	EndProjectSection
EndProject
Project("{8BC9CEB8-8B4A-11D0-8D11-00A0C91BC942}") = "RungeKuttaMersonIntegratorTest", "tests\RungeKuttaMersonIntegratorTest.vcxproj", "{E4405333-1AA9-3527-85AB-F448EA2612F4}"
	ProjectSection(ProjectDependencies) = postProject
		{57A7D7C0-0C91-3A20-9348-1A4502E3D36F} = {57A7D7C0-0C91-3A20-9348-1A4502E3D36F}
		{FF0FE57D-8DBC-3E9A-A7E5-C6B77C7FB2D5} = {FF0FE57D-8DBC-3E9A-A7E5-C6B77C7FB2D5}
		{79DAD132-1732-3D2F-8C28-32BB3C936AE9} = {79DAD132-1732-3D2F-8C28-32BB3C936AE9}
	EndProjectSection
EndProject
Project("{8BC9CEB8-8B4A-11D0-8D11-00A0C91BC942}") = "SemiExplicitEuler2IntegratorTest", "tests\SemiExplicitEuler2IntegratorTest.vcxproj", "{6AD65203-93EB-3E87-B76E-730466FBAE3C}"
	ProjectSection(ProjectDependencies) = postProject
		{57A7D7C0-0C91-3A20-9348-1A4502E3D36F} = {57A7D7C0-0C91-3A20-9348-1A4502E3D36F}
		{FF0FE57D-8DBC-3E9A-A7E5-C6B77C7FB2D5} = {FF0FE57D-8DBC-3E9A-A7E5-C6B77C7FB2D5}
		{79DAD132-1732-3D2F-8C28-32BB3C936AE9} = {79DAD132-1732-3D2F-8C28-32BB3C936AE9}
	EndProjectSection
EndProject
Project("{8BC9CEB8-8B4A-11D0-8D11-00A0C91BC942}") = "SemiExplicitEulerIntegratorTest", "tests\SemiExplicitEulerIntegratorTest.vcxproj", "{F4B973E3-7CFF-357C-AA3F-C945BB9C511C}"
	ProjectSection(ProjectDependencies) = postProject
		{57A7D7C0-0C91-3A20-9348-1A4502E3D36F} = {57A7D7C0-0C91-3A20-9348-1A4502E3D36F}
		{FF0FE57D-8DBC-3E9A-A7E5-C6B77C7FB2D5} = {FF0FE57D-8DBC-3E9A-A7E5-C6B77C7FB2D5}
		{79DAD132-1732-3D2F-8C28-32BB3C936AE9} = {79DAD132-1732-3D2F-8C28-32BB3C936AE9}
	EndProjectSection
EndProject
Project("{8BC9CEB8-8B4A-11D0-8D11-00A0C91BC942}") = "SimTKcommon", "..\SimTKcommon\sharedTarget\SimTKcommon.vcxproj", "{57A7D7C0-0C91-3A20-9348-1A4502E3D36F}"
	ProjectSection(ProjectDependencies) = postProject
		{1CB29F8F-40C2-3C05-8D79-C31CEF5D804A} = {1CB29F8F-40C2-3C05-8D79-C31CEF5D804A}
		{79DAD132-1732-3D2F-8C28-32BB3C936AE9} = {79DAD132-1732-3D2F-8C28-32BB3C936AE9}
	EndProjectSection
EndProject
Project("{8BC9CEB8-8B4A-11D0-8D11-00A0C91BC942}") = "SimTKmath", "sharedTarget\SimTKmath.vcxproj", "{FF0FE57D-8DBC-3E9A-A7E5-C6B77C7FB2D5}"
	ProjectSection(ProjectDependencies) = postProject
		{57A7D7C0-0C91-3A20-9348-1A4502E3D36F} = {57A7D7C0-0C91-3A20-9348-1A4502E3D36F}
		{79DAD132-1732-3D2F-8C28-32BB3C936AE9} = {79DAD132-1732-3D2F-8C28-32BB3C936AE9}
	EndProjectSection
EndProject
Project("{8BC9CEB8-8B4A-11D0-8D11-00A0C91BC942}") = "SimpleDifferentiatorTest", "tests\SimpleDifferentiatorTest.vcxproj", "{B0E34153-31E4-3045-8976-29CE5007E88D}"
	ProjectSection(ProjectDependencies) = postProject
		{57A7D7C0-0C91-3A20-9348-1A4502E3D36F} = {57A7D7C0-0C91-3A20-9348-1A4502E3D36F}
		{FF0FE57D-8DBC-3E9A-A7E5-C6B77C7FB2D5} = {FF0FE57D-8DBC-3E9A-A7E5-C6B77C7FB2D5}
		{79DAD132-1732-3D2F-8C28-32BB3C936AE9} = {79DAD132-1732-3D2F-8C28-32BB3C936AE9}
	EndProjectSection
EndProject
Project("{8BC9CEB8-8B4A-11D0-8D11-00A0C91BC942}") = "TestBicubicSurface", "tests\TestBicubicSurface.vcxproj", "{2DB3D9AB-F04F-3BA2-8329-884E50B9BEC2}"
	ProjectSection(ProjectDependencies) = postProject
		{57A7D7C0-0C91-3A20-9348-1A4502E3D36F} = {57A7D7C0-0C91-3A20-9348-1A4502E3D36F}
		{FF0FE57D-8DBC-3E9A-A7E5-C6B77C7FB2D5} = {FF0FE57D-8DBC-3E9A-A7E5-C6B77C7FB2D5}
		{79DAD132-1732-3D2F-8C28-32BB3C936AE9} = {79DAD132-1732-3D2F-8C28-32BB3C936AE9}
	EndProjectSection
EndProject
Project("{8BC9CEB8-8B4A-11D0-8D11-00A0C91BC942}") = "TestContactGeometry", "tests\TestContactGeometry.vcxproj", "{19477AB2-7E73-388B-96A7-A58B4B9D0D69}"
	ProjectSection(ProjectDependencies) = postProject
		{57A7D7C0-0C91-3A20-9348-1A4502E3D36F} = {57A7D7C0-0C91-3A20-9348-1A4502E3D36F}
		{FF0FE57D-8DBC-3E9A-A7E5-C6B77C7FB2D5} = {FF0FE57D-8DBC-3E9A-A7E5-C6B77C7FB2D5}
		{79DAD132-1732-3D2F-8C28-32BB3C936AE9} = {79DAD132-1732-3D2F-8C28-32BB3C936AE9}
	EndProjectSection
EndProject
Project("{8BC9CEB8-8B4A-11D0-8D11-00A0C91BC942}") = "TestGeo", "tests\TestGeo.vcxproj", "{843B791A-FB36-3B73-A751-330E19C9D294}"
	ProjectSection(ProjectDependencies) = postProject
		{57A7D7C0-0C91-3A20-9348-1A4502E3D36F} = {57A7D7C0-0C91-3A20-9348-1A4502E3D36F}
		{FF0FE57D-8DBC-3E9A-A7E5-C6B77C7FB2D5} = {FF0FE57D-8DBC-3E9A-A7E5-C6B77C7FB2D5}
		{79DAD132-1732-3D2F-8C28-32BB3C936AE9} = {79DAD132-1732-3D2F-8C28-32BB3C936AE9}
	EndProjectSection
EndProject
Project("{8BC9CEB8-8B4A-11D0-8D11-00A0C91BC942}") = "TestMultibodyGraphMaker", "tests\TestMultibodyGraphMaker.vcxproj", "{946E0D09-CD1D-38E9-80D3-E6DBF2B255DF}"
	ProjectSection(ProjectDependencies) = postProject
		{57A7D7C0-0C91-3A20-9348-1A4502E3D36F} = {57A7D7C0-0C91-3A20-9348-1A4502E3D36F}
		{FF0FE57D-8DBC-3E9A-A7E5-C6B77C7FB2D5} = {FF0FE57D-8DBC-3E9A-A7E5-C6B77C7FB2D5}
		{79DAD132-1732-3D2F-8C28-32BB3C936AE9} = {79DAD132-1732-3D2F-8C28-32BB3C936AE9}
	EndProjectSection
EndProject
Project("{8BC9CEB8-8B4A-11D0-8D11-00A0C91BC942}") = "TestSpline", "tests\TestSpline.vcxproj", "{F4737428-33FC-3A2C-BDE3-609E39D7226D}"
	ProjectSection(ProjectDependencies) = postProject
		{57A7D7C0-0C91-3A20-9348-1A4502E3D36F} = {57A7D7C0-0C91-3A20-9348-1A4502E3D36F}
		{FF0FE57D-8DBC-3E9A-A7E5-C6B77C7FB2D5} = {FF0FE57D-8DBC-3E9A-A7E5-C6B77C7FB2D5}
		{79DAD132-1732-3D2F-8C28-32BB3C936AE9} = {79DAD132-1732-3D2F-8C28-32BB3C936AE9}
	EndProjectSection
EndProject
Project("{8BC9CEB8-8B4A-11D0-8D11-00A0C91BC942}") = "TestTriangleMesh", "tests\TestTriangleMesh.vcxproj", "{0F3A89EA-5002-34BF-8CBB-BFB83B864A49}"
	ProjectSection(ProjectDependencies) = postProject
		{57A7D7C0-0C91-3A20-9348-1A4502E3D36F} = {57A7D7C0-0C91-3A20-9348-1A4502E3D36F}
		{FF0FE57D-8DBC-3E9A-A7E5-C6B77C7FB2D5} = {FF0FE57D-8DBC-3E9A-A7E5-C6B77C7FB2D5}
		{79DAD132-1732-3D2F-8C28-32BB3C936AE9} = {79DAD132-1732-3D2F-8C28-32BB3C936AE9}
	EndProjectSection
EndProject
Project("{8BC9CEB8-8B4A-11D0-8D11-00A0C91BC942}") = "TimeStepperTest", "tests\TimeStepperTest.vcxproj", "{892F4927-64FA-3429-851A-134C49321A40}"
	ProjectSection(ProjectDependencies) = postProject
		{57A7D7C0-0C91-3A20-9348-1A4502E3D36F} = {57A7D7C0-0C91-3A20-9348-1A4502E3D36F}
		{FF0FE57D-8DBC-3E9A-A7E5-C6B77C7FB2D5} = {FF0FE57D-8DBC-3E9A-A7E5-C6B77C7FB2D5}
		{79DAD132-1732-3D2F-8C28-32BB3C936AE9} = {79DAD132-1732-3D2F-8C28-32BB3C936AE9}
	EndProjectSection
EndProject
Project("{8BC9CEB8-8B4A-11D0-8D11-00A0C91BC942}") = "VerletIntegratorTest", "tests\VerletIntegratorTest.vcxproj", "{D6741F59-B3EB-3453-96AB-3A594F0B7B03}"
	ProjectSection(ProjectDependencies) = postProject
		{57A7D7C0-0C91-3A20-9348-1A4502E3D36F} = {57A7D7C0-0C91-3A20-9348-1A4502E3D36F}
		{FF0FE57D-8DBC-3E9A-A7E5-C6B77C7FB2D5} = {FF0FE57D-8DBC-3E9A-A7E5-C6B77C7FB2D5}
		{79DAD132-1732-3D2F-8C28-32BB3C936AE9} = {79DAD132-1732-3D2F-8C28-32BB3C936AE9}
	EndProjectSection
EndProject
Project("{8BC9CEB8-8B4A-11D0-8D11-00A0C91BC942}") = "ZERO_CHECK", "..\\ZERO_CHECK.vcxproj", "{79DAD132-1732-3D2F-8C28-32BB3C936AE9}"
	ProjectSection(ProjectDependencies) = postProject
	EndProjectSection
EndProject
Project("{8BC9CEB8-8B4A-11D0-8D11-00A0C91BC942}") = "cpsAdvDiff_bnd", "Integrators\src\CPodes\sundials\tests\cpsAdvDiff_bnd.vcxproj", "{1FD44CF0-C832-3FF2-AFA5-35F529FBE76B}"
	ProjectSection(ProjectDependencies) = postProject
		{57A7D7C0-0C91-3A20-9348-1A4502E3D36F} = {57A7D7C0-0C91-3A20-9348-1A4502E3D36F}
		{FF0FE57D-8DBC-3E9A-A7E5-C6B77C7FB2D5} = {FF0FE57D-8DBC-3E9A-A7E5-C6B77C7FB2D5}
		{79DAD132-1732-3D2F-8C28-32BB3C936AE9} = {79DAD132-1732-3D2F-8C28-32BB3C936AE9}
	EndProjectSection
EndProject
Project("{8BC9CEB8-8B4A-11D0-8D11-00A0C91BC942}") = "cpsAdvDiff_bndL", "Integrators\src\CPodes\sundials\tests\cpsAdvDiff_bndL.vcxproj", "{3B086C22-EB40-3BEA-A4B4-0A05F3F0992B}"
	ProjectSection(ProjectDependencies) = postProject
		{57A7D7C0-0C91-3A20-9348-1A4502E3D36F} = {57A7D7C0-0C91-3A20-9348-1A4502E3D36F}
		{FF0FE57D-8DBC-3E9A-A7E5-C6B77C7FB2D5} = {FF0FE57D-8DBC-3E9A-A7E5-C6B77C7FB2D5}
		{79DAD132-1732-3D2F-8C28-32BB3C936AE9} = {79DAD132-1732-3D2F-8C28-32BB3C936AE9}
	EndProjectSection
EndProject
Project("{8BC9CEB8-8B4A-11D0-8D11-00A0C91BC942}") = "cpsAdvDiff_non", "Integrators\src\CPodes\sundials\tests\cpsAdvDiff_non.vcxproj", "{C2A81D0D-EC14-36FF-8544-2231E154F05C}"
	ProjectSection(ProjectDependencies) = postProject
		{57A7D7C0-0C91-3A20-9348-1A4502E3D36F} = {57A7D7C0-0C91-3A20-9348-1A4502E3D36F}
		{FF0FE57D-8DBC-3E9A-A7E5-C6B77C7FB2D5} = {FF0FE57D-8DBC-3E9A-A7E5-C6B77C7FB2D5}
		{79DAD132-1732-3D2F-8C28-32BB3C936AE9} = {79DAD132-1732-3D2F-8C28-32BB3C936AE9}
	EndProjectSection
EndProject
Project("{8BC9CEB8-8B4A-11D0-8D11-00A0C91BC942}") = "cpsNewtCrd_dns", "Integrators\src\CPodes\sundials\tests\cpsNewtCrd_dns.vcxproj", "{6E8C2420-D5A4-3DF0-8419-62932C96F044}"
	ProjectSection(ProjectDependencies) = postProject
		{57A7D7C0-0C91-3A20-9348-1A4502E3D36F} = {57A7D7C0-0C91-3A20-9348-1A4502E3D36F}
		{FF0FE57D-8DBC-3E9A-A7E5-C6B77C7FB2D5} = {FF0FE57D-8DBC-3E9A-A7E5-C6B77C7FB2D5}
		{79DAD132-1732-3D2F-8C28-32BB3C936AE9} = {79DAD132-1732-3D2F-8C28-32BB3C936AE9}
	EndProjectSection
EndProject
Project("{8BC9CEB8-8B4A-11D0-8D11-00A0C91BC942}") = "cpsPend_dns", "Integrators\src\CPodes\sundials\tests\cpsPend_dns.vcxproj", "{733936FD-BBAA-3E07-8374-BF5D6DE28DF7}"
	ProjectSection(ProjectDependencies) = postProject
		{57A7D7C0-0C91-3A20-9348-1A4502E3D36F} = {57A7D7C0-0C91-3A20-9348-1A4502E3D36F}
		{FF0FE57D-8DBC-3E9A-A7E5-C6B77C7FB2D5} = {FF0FE57D-8DBC-3E9A-A7E5-C6B77C7FB2D5}
		{79DAD132-1732-3D2F-8C28-32BB3C936AE9} = {79DAD132-1732-3D2F-8C28-32BB3C936AE9}
	EndProjectSection
EndProject
Project("{8BC9CEB8-8B4A-11D0-8D11-00A0C91BC942}") = "cpsPend_dnsL", "Integrators\src\CPodes\sundials\tests\cpsPend_dnsL.vcxproj", "{FBC2B41A-3FB2-3236-88B2-73A34EC20B2B}"
	ProjectSection(ProjectDependencies) = postProject
		{57A7D7C0-0C91-3A20-9348-1A4502E3D36F} = {57A7D7C0-0C91-3A20-9348-1A4502E3D36F}
		{FF0FE57D-8DBC-3E9A-A7E5-C6B77C7FB2D5} = {FF0FE57D-8DBC-3E9A-A7E5-C6B77C7FB2D5}
		{79DAD132-1732-3D2F-8C28-32BB3C936AE9} = {79DAD132-1732-3D2F-8C28-32BB3C936AE9}
	EndProjectSection
EndProject
Project("{8BC9CEB8-8B4A-11D0-8D11-00A0C91BC942}") = "cpsRoberts_dns", "Integrators\src\CPodes\sundials\tests\cpsRoberts_dns.vcxproj", "{0DF5E0B3-19A2-39A0-BC35-FB73DECBA7DB}"
	ProjectSection(ProjectDependencies) = postProject
		{57A7D7C0-0C91-3A20-9348-1A4502E3D36F} = {57A7D7C0-0C91-3A20-9348-1A4502E3D36F}
		{FF0FE57D-8DBC-3E9A-A7E5-C6B77C7FB2D5} = {FF0FE57D-8DBC-3E9A-A7E5-C6B77C7FB2D5}
		{79DAD132-1732-3D2F-8C28-32BB3C936AE9} = {79DAD132-1732-3D2F-8C28-32BB3C936AE9}
	EndProjectSection
EndProject
Project("{8BC9CEB8-8B4A-11D0-8D11-00A0C91BC942}") = "cpsRoberts_dnsL", "Integrators\src\CPodes\sundials\tests\cpsRoberts_dnsL.vcxproj", "{6F7B2ACF-89A2-331D-91E5-F5EC7ACB8BAB}"
	ProjectSection(ProjectDependencies) = postProject
		{57A7D7C0-0C91-3A20-9348-1A4502E3D36F} = {57A7D7C0-0C91-3A20-9348-1A4502E3D36F}
		{FF0FE57D-8DBC-3E9A-A7E5-C6B77C7FB2D5} = {FF0FE57D-8DBC-3E9A-A7E5-C6B77C7FB2D5}
		{79DAD132-1732-3D2F-8C28-32BB3C936AE9} = {79DAD132-1732-3D2F-8C28-32BB3C936AE9}
	EndProjectSection
EndProject
Project("{8BC9CEB8-8B4A-11D0-8D11-00A0C91BC942}") = "cpsVanDPol_non", "Integrators\src\CPodes\sundials\tests\cpsVanDPol_non.vcxproj", "{C0D929BE-CD14-38CB-B9FD-8951B03D792A}"
	ProjectSection(ProjectDependencies) = postProject
		{57A7D7C0-0C91-3A20-9348-1A4502E3D36F} = {57A7D7C0-0C91-3A20-9348-1A4502E3D36F}
		{FF0FE57D-8DBC-3E9A-A7E5-C6B77C7FB2D5} = {FF0FE57D-8DBC-3E9A-A7E5-C6B77C7FB2D5}
		{79DAD132-1732-3D2F-8C28-32BB3C936AE9} = {79DAD132-1732-3D2F-8C28-32BB3C936AE9}
	EndProjectSection
EndProject
Project("{8BC9CEB8-8B4A-11D0-8D11-00A0C91BC942}") = "cpsadamsx", "Integrators\src\CPodes\sundials\tests\cpsadamsx.vcxproj", "{59FB1A1A-4EF3-369B-A4DD-C118A4BC9669}"
	ProjectSection(ProjectDependencies) = postProject
		{57A7D7C0-0C91-3A20-9348-1A4502E3D36F} = {57A7D7C0-0C91-3A20-9348-1A4502E3D36F}
		{FF0FE57D-8DBC-3E9A-A7E5-C6B77C7FB2D5} = {FF0FE57D-8DBC-3E9A-A7E5-C6B77C7FB2D5}
		{79DAD132-1732-3D2F-8C28-32BB3C936AE9} = {79DAD132-1732-3D2F-8C28-32BB3C936AE9}
	EndProjectSection
EndProject
Project("{8BC9CEB8-8B4A-11D0-8D11-00A0C91BC942}") = "cpsbanx", "Integrators\src\CPodes\sundials\tests\cpsbanx.vcxproj", "{03C75D16-6F8F-36E9-B17A-43C60795E9D3}"
	ProjectSection(ProjectDependencies) = postProject
		{57A7D7C0-0C91-3A20-9348-1A4502E3D36F} = {57A7D7C0-0C91-3A20-9348-1A4502E3D36F}
		{FF0FE57D-8DBC-3E9A-A7E5-C6B77C7FB2D5} = {FF0FE57D-8DBC-3E9A-A7E5-C6B77C7FB2D5}
		{79DAD132-1732-3D2F-8C28-32BB3C936AE9} = {79DAD132-1732-3D2F-8C28-32BB3C936AE9}
	EndProjectSection
EndProject
Project("{8BC9CEB8-8B4A-11D0-8D11-00A0C91BC942}") = "cpsbanx_lap", "Integrators\src\CPodes\sundials\tests\cpsbanx_lap.vcxproj", "{47D90135-C8E5-35C2-BE68-3AF2AA87EC42}"
	ProjectSection(ProjectDependencies) = postProject
		{57A7D7C0-0C91-3A20-9348-1A4502E3D36F} = {57A7D7C0-0C91-3A20-9348-1A4502E3D36F}
		{FF0FE57D-8DBC-3E9A-A7E5-C6B77C7FB2D5} = {FF0FE57D-8DBC-3E9A-A7E5-C6B77C7FB2D5}
		{79DAD132-1732-3D2F-8C28-32BB3C936AE9} = {79DAD132-1732-3D2F-8C28-32BB3C936AE9}
	EndProjectSection
EndProject
Project("{8BC9CEB8-8B4A-11D0-8D11-00A0C91BC942}") = "cpsdenx", "Integrators\src\CPodes\sundials\tests\cpsdenx.vcxproj", "{A54821AC-8BA1-32D5-98F3-A81ACDAA8464}"
	ProjectSection(ProjectDependencies) = postProject
		{57A7D7C0-0C91-3A20-9348-1A4502E3D36F} = {57A7D7C0-0C91-3A20-9348-1A4502E3D36F}
		{FF0FE57D-8DBC-3E9A-A7E5-C6B77C7FB2D5} = {FF0FE57D-8DBC-3E9A-A7E5-C6B77C7FB2D5}
		{79DAD132-1732-3D2F-8C28-32BB3C936AE9} = {79DAD132-1732-3D2F-8C28-32BB3C936AE9}
	EndProjectSection
EndProject
Project("{8BC9CEB8-8B4A-11D0-8D11-00A0C91BC942}") = "cpsdenx_lap", "Integrators\src\CPodes\sundials\tests\cpsdenx_lap.vcxproj", "{9C8F5483-3016-3FB1-B5A6-295A443E4007}"
	ProjectSection(ProjectDependencies) = postProject
		{57A7D7C0-0C91-3A20-9348-1A4502E3D36F} = {57A7D7C0-0C91-3A20-9348-1A4502E3D36F}
		{FF0FE57D-8DBC-3E9A-A7E5-C6B77C7FB2D5} = {FF0FE57D-8DBC-3E9A-A7E5-C6B77C7FB2D5}
		{79DAD132-1732-3D2F-8C28-32BB3C936AE9} = {79DAD132-1732-3D2F-8C28-32BB3C936AE9}
	EndProjectSection
EndProject
Project("{8BC9CEB8-8B4A-11D0-8D11-00A0C91BC942}") = "initroot1", "Integrators\src\CPodes\sundials\tests\initroot1.vcxproj", "{CC1C265E-F92A-3B90-AC14-ABFF44D5A4C4}"
	ProjectSection(ProjectDependencies) = postProject
		{57A7D7C0-0C91-3A20-9348-1A4502E3D36F} = {57A7D7C0-0C91-3A20-9348-1A4502E3D36F}
		{FF0FE57D-8DBC-3E9A-A7E5-C6B77C7FB2D5} = {FF0FE57D-8DBC-3E9A-A7E5-C6B77C7FB2D5}
		{79DAD132-1732-3D2F-8C28-32BB3C936AE9} = {79DAD132-1732-3D2F-8C28-32BB3C936AE9}
	EndProjectSection
EndProject
Project("{8BC9CEB8-8B4A-11D0-8D11-00A0C91BC942}") = "newton", "Integrators\src\CPodes\sundials\tests\newton.vcxproj", "{FC21EEDA-81A6-3794-86B1-C54246A7B6FF}"
	ProjectSection(ProjectDependencies) = postProject
		{57A7D7C0-0C91-3A20-9348-1A4502E3D36F} = {57A7D7C0-0C91-3A20-9348-1A4502E3D36F}
		{FF0FE57D-8DBC-3E9A-A7E5-C6B77C7FB2D5} = {FF0FE57D-8DBC-3E9A-A7E5-C6B77C7FB2D5}
		{79DAD132-1732-3D2F-8C28-32BB3C936AE9} = {79DAD132-1732-3D2F-8C28-32BB3C936AE9}
	EndProjectSection
EndProject
Project("{8BC9CEB8-8B4A-11D0-8D11-00A0C91BC942}") = "nlpqlp", "tests\adhoc\nlpqlp.vcxproj", "{3ACBBCD1-22FE-3AA0-8DE9-C494C00C6E7B}"
	ProjectSection(ProjectDependencies) = postProject
		{57A7D7C0-0C91-3A20-9348-1A4502E3D36F} = {57A7D7C0-0C91-3A20-9348-1A4502E3D36F}
		{FF0FE57D-8DBC-3E9A-A7E5-C6B77C7FB2D5} = {FF0FE57D-8DBC-3E9A-A7E5-C6B77C7FB2D5}
		{79DAD132-1732-3D2F-8C28-32BB3C936AE9} = {79DAD132-1732-3D2F-8C28-32BB3C936AE9}
	EndProjectSection
EndProject
Project("{8BC9CEB8-8B4A-11D0-8D11-00A0C91BC942}") = "pend", "Integrators\src\CPodes\sundials\tests\pend.vcxproj", "{29801A84-1BF0-30E5-A4C8-EEE88814E796}"
	ProjectSection(ProjectDependencies) = postProject
		{57A7D7C0-0C91-3A20-9348-1A4502E3D36F} = {57A7D7C0-0C91-3A20-9348-1A4502E3D36F}
		{FF0FE57D-8DBC-3E9A-A7E5-C6B77C7FB2D5} = {FF0FE57D-8DBC-3E9A-A7E5-C6B77C7FB2D5}
		{79DAD132-1732-3D2F-8C28-32BB3C936AE9} = {79DAD132-1732-3D2F-8C28-32BB3C936AE9}
	EndProjectSection
EndProject
Project("{8BC9CEB8-8B4A-11D0-8D11-00A0C91BC942}") = "pendEs", "Integrators\src\CPodes\sundials\tests\pendEs.vcxproj", "{AB517186-DA57-3BDC-922D-FF9906EEDA6C}"
	ProjectSection(ProjectDependencies) = postProject
		{57A7D7C0-0C91-3A20-9348-1A4502E3D36F} = {57A7D7C0-0C91-3A20-9348-1A4502E3D36F}
		{FF0FE57D-8DBC-3E9A-A7E5-C6B77C7FB2D5} = {FF0FE57D-8DBC-3E9A-A7E5-C6B77C7FB2D5}
		{79DAD132-1732-3D2F-8C28-32BB3C936AE9} = {79DAD132-1732-3D2F-8C28-32BB3C936AE9}
	EndProjectSection
EndProject
Project("{8BC9CEB8-8B4A-11D0-8D11-00A0C91BC942}") = "pendLr", "Integrators\src\CPodes\sundials\tests\pendLr.vcxproj", "{AA2C3916-0749-3E48-B1E1-42E314AAC8A1}"
	ProjectSection(ProjectDependencies) = postProject
		{57A7D7C0-0C91-3A20-9348-1A4502E3D36F} = {57A7D7C0-0C91-3A20-9348-1A4502E3D36F}
		{FF0FE57D-8DBC-3E9A-A7E5-C6B77C7FB2D5} = {FF0FE57D-8DBC-3E9A-A7E5-C6B77C7FB2D5}
		{79DAD132-1732-3D2F-8C28-32BB3C936AE9} = {79DAD132-1732-3D2F-8C28-32BB3C936AE9}
	EndProjectSection
EndProject
Project("{8BC9CEB8-8B4A-11D0-8D11-00A0C91BC942}") = "pend_test", "Integrators\src\CPodes\sundials\tests\pend_test.vcxproj", "{B06BFCEA-25F6-3706-A2D2-ABE2F0740497}"
	ProjectSection(ProjectDependencies) = postProject
		{57A7D7C0-0C91-3A20-9348-1A4502E3D36F} = {57A7D7C0-0C91-3A20-9348-1A4502E3D36F}
		{FF0FE57D-8DBC-3E9A-A7E5-C6B77C7FB2D5} = {FF0FE57D-8DBC-3E9A-A7E5-C6B77C7FB2D5}
		{79DAD132-1732-3D2F-8C28-32BB3C936AE9} = {79DAD132-1732-3D2F-8C28-32BB3C936AE9}
	EndProjectSection
EndProject
Global
	GlobalSection(SolutionConfigurationPlatforms) = preSolution
		Debug|x64 = Debug|x64
		Release|x64 = Release|x64
		MinSizeRel|x64 = MinSizeRel|x64
		RelWithDebInfo|x64 = RelWithDebInfo|x64
	EndGlobalSection
	GlobalSection(ProjectConfigurationPlatforms) = postSolution
		{BC182BFA-BB8E-33CE-9D35-257FDE21AFD5}.Debug|x64.ActiveCfg = Debug|x64
		{BC182BFA-BB8E-33CE-9D35-257FDE21AFD5}.Debug|x64.Build.0 = Debug|x64
		{BC182BFA-BB8E-33CE-9D35-257FDE21AFD5}.Release|x64.ActiveCfg = Release|x64
		{BC182BFA-BB8E-33CE-9D35-257FDE21AFD5}.Release|x64.Build.0 = Release|x64
		{BC182BFA-BB8E-33CE-9D35-257FDE21AFD5}.MinSizeRel|x64.ActiveCfg = MinSizeRel|x64
		{BC182BFA-BB8E-33CE-9D35-257FDE21AFD5}.MinSizeRel|x64.Build.0 = MinSizeRel|x64
		{BC182BFA-BB8E-33CE-9D35-257FDE21AFD5}.RelWithDebInfo|x64.ActiveCfg = RelWithDebInfo|x64
		{BC182BFA-BB8E-33CE-9D35-257FDE21AFD5}.RelWithDebInfo|x64.Build.0 = RelWithDebInfo|x64
		{3D71D496-763B-377E-8760-2C0BCBA5C174}.Debug|x64.ActiveCfg = Debug|x64
		{3D71D496-763B-377E-8760-2C0BCBA5C174}.Debug|x64.Build.0 = Debug|x64
		{3D71D496-763B-377E-8760-2C0BCBA5C174}.Release|x64.ActiveCfg = Release|x64
		{3D71D496-763B-377E-8760-2C0BCBA5C174}.Release|x64.Build.0 = Release|x64
		{3D71D496-763B-377E-8760-2C0BCBA5C174}.MinSizeRel|x64.ActiveCfg = MinSizeRel|x64
		{3D71D496-763B-377E-8760-2C0BCBA5C174}.MinSizeRel|x64.Build.0 = MinSizeRel|x64
		{3D71D496-763B-377E-8760-2C0BCBA5C174}.RelWithDebInfo|x64.ActiveCfg = RelWithDebInfo|x64
		{3D71D496-763B-377E-8760-2C0BCBA5C174}.RelWithDebInfo|x64.Build.0 = RelWithDebInfo|x64
		{79F6D1B6-A3AA-31ED-9529-FD20B3CF1127}.Debug|x64.ActiveCfg = Debug|x64
		{79F6D1B6-A3AA-31ED-9529-FD20B3CF1127}.Debug|x64.Build.0 = Debug|x64
		{79F6D1B6-A3AA-31ED-9529-FD20B3CF1127}.Release|x64.ActiveCfg = Release|x64
		{79F6D1B6-A3AA-31ED-9529-FD20B3CF1127}.Release|x64.Build.0 = Release|x64
		{79F6D1B6-A3AA-31ED-9529-FD20B3CF1127}.MinSizeRel|x64.ActiveCfg = MinSizeRel|x64
		{79F6D1B6-A3AA-31ED-9529-FD20B3CF1127}.MinSizeRel|x64.Build.0 = MinSizeRel|x64
		{79F6D1B6-A3AA-31ED-9529-FD20B3CF1127}.RelWithDebInfo|x64.ActiveCfg = RelWithDebInfo|x64
		{79F6D1B6-A3AA-31ED-9529-FD20B3CF1127}.RelWithDebInfo|x64.Build.0 = RelWithDebInfo|x64
		{95883CD1-4436-3E30-B9AE-13CF3EFA66C6}.Debug|x64.ActiveCfg = Debug|x64
		{95883CD1-4436-3E30-B9AE-13CF3EFA66C6}.Debug|x64.Build.0 = Debug|x64
		{95883CD1-4436-3E30-B9AE-13CF3EFA66C6}.Release|x64.ActiveCfg = Release|x64
		{95883CD1-4436-3E30-B9AE-13CF3EFA66C6}.Release|x64.Build.0 = Release|x64
		{95883CD1-4436-3E30-B9AE-13CF3EFA66C6}.MinSizeRel|x64.ActiveCfg = MinSizeRel|x64
		{95883CD1-4436-3E30-B9AE-13CF3EFA66C6}.MinSizeRel|x64.Build.0 = MinSizeRel|x64
		{95883CD1-4436-3E30-B9AE-13CF3EFA66C6}.RelWithDebInfo|x64.ActiveCfg = RelWithDebInfo|x64
		{95883CD1-4436-3E30-B9AE-13CF3EFA66C6}.RelWithDebInfo|x64.Build.0 = RelWithDebInfo|x64
		{46EE99CA-2F8E-3DFB-B6D7-CAA406D54227}.Debug|x64.ActiveCfg = Debug|x64
		{46EE99CA-2F8E-3DFB-B6D7-CAA406D54227}.Debug|x64.Build.0 = Debug|x64
		{46EE99CA-2F8E-3DFB-B6D7-CAA406D54227}.Release|x64.ActiveCfg = Release|x64
		{46EE99CA-2F8E-3DFB-B6D7-CAA406D54227}.Release|x64.Build.0 = Release|x64
		{46EE99CA-2F8E-3DFB-B6D7-CAA406D54227}.MinSizeRel|x64.ActiveCfg = MinSizeRel|x64
		{46EE99CA-2F8E-3DFB-B6D7-CAA406D54227}.MinSizeRel|x64.Build.0 = MinSizeRel|x64
		{46EE99CA-2F8E-3DFB-B6D7-CAA406D54227}.RelWithDebInfo|x64.ActiveCfg = RelWithDebInfo|x64
		{46EE99CA-2F8E-3DFB-B6D7-CAA406D54227}.RelWithDebInfo|x64.Build.0 = RelWithDebInfo|x64
		{2D43D9D7-8F4E-3C12-9016-757287A147A0}.Debug|x64.ActiveCfg = Debug|x64
		{2D43D9D7-8F4E-3C12-9016-757287A147A0}.Debug|x64.Build.0 = Debug|x64
		{2D43D9D7-8F4E-3C12-9016-757287A147A0}.Release|x64.ActiveCfg = Release|x64
		{2D43D9D7-8F4E-3C12-9016-757287A147A0}.Release|x64.Build.0 = Release|x64
		{2D43D9D7-8F4E-3C12-9016-757287A147A0}.MinSizeRel|x64.ActiveCfg = MinSizeRel|x64
		{2D43D9D7-8F4E-3C12-9016-757287A147A0}.MinSizeRel|x64.Build.0 = MinSizeRel|x64
		{2D43D9D7-8F4E-3C12-9016-757287A147A0}.RelWithDebInfo|x64.ActiveCfg = RelWithDebInfo|x64
		{2D43D9D7-8F4E-3C12-9016-757287A147A0}.RelWithDebInfo|x64.Build.0 = RelWithDebInfo|x64
		{E2E4F629-C814-3960-9D7A-290DF40B55BF}.Debug|x64.ActiveCfg = Debug|x64
		{E2E4F629-C814-3960-9D7A-290DF40B55BF}.Debug|x64.Build.0 = Debug|x64
		{E2E4F629-C814-3960-9D7A-290DF40B55BF}.Release|x64.ActiveCfg = Release|x64
		{E2E4F629-C814-3960-9D7A-290DF40B55BF}.Release|x64.Build.0 = Release|x64
		{E2E4F629-C814-3960-9D7A-290DF40B55BF}.MinSizeRel|x64.ActiveCfg = MinSizeRel|x64
		{E2E4F629-C814-3960-9D7A-290DF40B55BF}.MinSizeRel|x64.Build.0 = MinSizeRel|x64
		{E2E4F629-C814-3960-9D7A-290DF40B55BF}.RelWithDebInfo|x64.ActiveCfg = RelWithDebInfo|x64
		{E2E4F629-C814-3960-9D7A-290DF40B55BF}.RelWithDebInfo|x64.Build.0 = RelWithDebInfo|x64
		{FD5B6CF9-929A-397B-93EE-44CB8B880005}.Debug|x64.ActiveCfg = Debug|x64
		{FD5B6CF9-929A-397B-93EE-44CB8B880005}.Debug|x64.Build.0 = Debug|x64
		{FD5B6CF9-929A-397B-93EE-44CB8B880005}.Release|x64.ActiveCfg = Release|x64
		{FD5B6CF9-929A-397B-93EE-44CB8B880005}.Release|x64.Build.0 = Release|x64
		{FD5B6CF9-929A-397B-93EE-44CB8B880005}.MinSizeRel|x64.ActiveCfg = MinSizeRel|x64
		{FD5B6CF9-929A-397B-93EE-44CB8B880005}.MinSizeRel|x64.Build.0 = MinSizeRel|x64
		{FD5B6CF9-929A-397B-93EE-44CB8B880005}.RelWithDebInfo|x64.ActiveCfg = RelWithDebInfo|x64
		{FD5B6CF9-929A-397B-93EE-44CB8B880005}.RelWithDebInfo|x64.Build.0 = RelWithDebInfo|x64
		{1D4C8754-4E26-33E5-A733-33A093D6F3EC}.Debug|x64.ActiveCfg = Debug|x64
		{1D4C8754-4E26-33E5-A733-33A093D6F3EC}.Debug|x64.Build.0 = Debug|x64
		{1D4C8754-4E26-33E5-A733-33A093D6F3EC}.Release|x64.ActiveCfg = Release|x64
		{1D4C8754-4E26-33E5-A733-33A093D6F3EC}.Release|x64.Build.0 = Release|x64
		{1D4C8754-4E26-33E5-A733-33A093D6F3EC}.MinSizeRel|x64.ActiveCfg = MinSizeRel|x64
		{1D4C8754-4E26-33E5-A733-33A093D6F3EC}.MinSizeRel|x64.Build.0 = MinSizeRel|x64
		{1D4C8754-4E26-33E5-A733-33A093D6F3EC}.RelWithDebInfo|x64.ActiveCfg = RelWithDebInfo|x64
		{1D4C8754-4E26-33E5-A733-33A093D6F3EC}.RelWithDebInfo|x64.Build.0 = RelWithDebInfo|x64
		{08D4F0AF-0E9F-3E39-8AEB-EF8BE076ADBF}.Debug|x64.ActiveCfg = Debug|x64
		{08D4F0AF-0E9F-3E39-8AEB-EF8BE076ADBF}.Debug|x64.Build.0 = Debug|x64
		{08D4F0AF-0E9F-3E39-8AEB-EF8BE076ADBF}.Release|x64.ActiveCfg = Release|x64
		{08D4F0AF-0E9F-3E39-8AEB-EF8BE076ADBF}.Release|x64.Build.0 = Release|x64
		{08D4F0AF-0E9F-3E39-8AEB-EF8BE076ADBF}.MinSizeRel|x64.ActiveCfg = MinSizeRel|x64
		{08D4F0AF-0E9F-3E39-8AEB-EF8BE076ADBF}.MinSizeRel|x64.Build.0 = MinSizeRel|x64
		{08D4F0AF-0E9F-3E39-8AEB-EF8BE076ADBF}.RelWithDebInfo|x64.ActiveCfg = RelWithDebInfo|x64
		{08D4F0AF-0E9F-3E39-8AEB-EF8BE076ADBF}.RelWithDebInfo|x64.Build.0 = RelWithDebInfo|x64
		{38201814-F730-3124-8284-26684C285476}.Debug|x64.ActiveCfg = Debug|x64
		{38201814-F730-3124-8284-26684C285476}.Debug|x64.Build.0 = Debug|x64
		{38201814-F730-3124-8284-26684C285476}.Release|x64.ActiveCfg = Release|x64
		{38201814-F730-3124-8284-26684C285476}.Release|x64.Build.0 = Release|x64
		{38201814-F730-3124-8284-26684C285476}.MinSizeRel|x64.ActiveCfg = MinSizeRel|x64
		{38201814-F730-3124-8284-26684C285476}.MinSizeRel|x64.Build.0 = MinSizeRel|x64
		{38201814-F730-3124-8284-26684C285476}.RelWithDebInfo|x64.ActiveCfg = RelWithDebInfo|x64
		{38201814-F730-3124-8284-26684C285476}.RelWithDebInfo|x64.Build.0 = RelWithDebInfo|x64
		{72EA73D7-4161-3DA5-8F57-C62863D27418}.Debug|x64.ActiveCfg = Debug|x64
		{72EA73D7-4161-3DA5-8F57-C62863D27418}.Release|x64.ActiveCfg = Release|x64
		{72EA73D7-4161-3DA5-8F57-C62863D27418}.MinSizeRel|x64.ActiveCfg = MinSizeRel|x64
		{72EA73D7-4161-3DA5-8F57-C62863D27418}.RelWithDebInfo|x64.ActiveCfg = RelWithDebInfo|x64
		{6DA54AC3-77A8-3AB4-854B-7D40C857F8C7}.Debug|x64.ActiveCfg = Debug|x64
		{6DA54AC3-77A8-3AB4-854B-7D40C857F8C7}.Debug|x64.Build.0 = Debug|x64
		{6DA54AC3-77A8-3AB4-854B-7D40C857F8C7}.Release|x64.ActiveCfg = Release|x64
		{6DA54AC3-77A8-3AB4-854B-7D40C857F8C7}.Release|x64.Build.0 = Release|x64
		{6DA54AC3-77A8-3AB4-854B-7D40C857F8C7}.MinSizeRel|x64.ActiveCfg = MinSizeRel|x64
		{6DA54AC3-77A8-3AB4-854B-7D40C857F8C7}.MinSizeRel|x64.Build.0 = MinSizeRel|x64
		{6DA54AC3-77A8-3AB4-854B-7D40C857F8C7}.RelWithDebInfo|x64.ActiveCfg = RelWithDebInfo|x64
		{6DA54AC3-77A8-3AB4-854B-7D40C857F8C7}.RelWithDebInfo|x64.Build.0 = RelWithDebInfo|x64
		{700D26DE-69F3-371B-8A9D-B465C704BB79}.Debug|x64.ActiveCfg = Debug|x64
		{700D26DE-69F3-371B-8A9D-B465C704BB79}.Debug|x64.Build.0 = Debug|x64
		{700D26DE-69F3-371B-8A9D-B465C704BB79}.Release|x64.ActiveCfg = Release|x64
		{700D26DE-69F3-371B-8A9D-B465C704BB79}.Release|x64.Build.0 = Release|x64
		{700D26DE-69F3-371B-8A9D-B465C704BB79}.MinSizeRel|x64.ActiveCfg = MinSizeRel|x64
		{700D26DE-69F3-371B-8A9D-B465C704BB79}.MinSizeRel|x64.Build.0 = MinSizeRel|x64
		{700D26DE-69F3-371B-8A9D-B465C704BB79}.RelWithDebInfo|x64.ActiveCfg = RelWithDebInfo|x64
		{700D26DE-69F3-371B-8A9D-B465C704BB79}.RelWithDebInfo|x64.Build.0 = RelWithDebInfo|x64
		{83F39EB6-4364-3922-962D-9E5CFC43121B}.Debug|x64.ActiveCfg = Debug|x64
		{83F39EB6-4364-3922-962D-9E5CFC43121B}.Debug|x64.Build.0 = Debug|x64
		{83F39EB6-4364-3922-962D-9E5CFC43121B}.Release|x64.ActiveCfg = Release|x64
		{83F39EB6-4364-3922-962D-9E5CFC43121B}.Release|x64.Build.0 = Release|x64
		{83F39EB6-4364-3922-962D-9E5CFC43121B}.MinSizeRel|x64.ActiveCfg = MinSizeRel|x64
		{83F39EB6-4364-3922-962D-9E5CFC43121B}.MinSizeRel|x64.Build.0 = MinSizeRel|x64
		{83F39EB6-4364-3922-962D-9E5CFC43121B}.RelWithDebInfo|x64.ActiveCfg = RelWithDebInfo|x64
		{83F39EB6-4364-3922-962D-9E5CFC43121B}.RelWithDebInfo|x64.Build.0 = RelWithDebInfo|x64
		{66B08DE1-114B-37BD-9B0B-6E9650D6D60D}.Debug|x64.ActiveCfg = Debug|x64
		{66B08DE1-114B-37BD-9B0B-6E9650D6D60D}.Debug|x64.Build.0 = Debug|x64
		{66B08DE1-114B-37BD-9B0B-6E9650D6D60D}.Release|x64.ActiveCfg = Release|x64
		{66B08DE1-114B-37BD-9B0B-6E9650D6D60D}.Release|x64.Build.0 = Release|x64
		{66B08DE1-114B-37BD-9B0B-6E9650D6D60D}.MinSizeRel|x64.ActiveCfg = MinSizeRel|x64
		{66B08DE1-114B-37BD-9B0B-6E9650D6D60D}.MinSizeRel|x64.Build.0 = MinSizeRel|x64
		{66B08DE1-114B-37BD-9B0B-6E9650D6D60D}.RelWithDebInfo|x64.ActiveCfg = RelWithDebInfo|x64
		{66B08DE1-114B-37BD-9B0B-6E9650D6D60D}.RelWithDebInfo|x64.Build.0 = RelWithDebInfo|x64
		{5983CB68-7810-30BA-9AA1-E6CA60272EA9}.Debug|x64.ActiveCfg = Debug|x64
		{5983CB68-7810-30BA-9AA1-E6CA60272EA9}.Debug|x64.Build.0 = Debug|x64
		{5983CB68-7810-30BA-9AA1-E6CA60272EA9}.Release|x64.ActiveCfg = Release|x64
		{5983CB68-7810-30BA-9AA1-E6CA60272EA9}.Release|x64.Build.0 = Release|x64
		{5983CB68-7810-30BA-9AA1-E6CA60272EA9}.MinSizeRel|x64.ActiveCfg = MinSizeRel|x64
		{5983CB68-7810-30BA-9AA1-E6CA60272EA9}.MinSizeRel|x64.Build.0 = MinSizeRel|x64
		{5983CB68-7810-30BA-9AA1-E6CA60272EA9}.RelWithDebInfo|x64.ActiveCfg = RelWithDebInfo|x64
		{5983CB68-7810-30BA-9AA1-E6CA60272EA9}.RelWithDebInfo|x64.Build.0 = RelWithDebInfo|x64
		{E8D5A302-A70E-389B-9A2D-8BBB7D05647A}.Debug|x64.ActiveCfg = Debug|x64
		{E8D5A302-A70E-389B-9A2D-8BBB7D05647A}.Debug|x64.Build.0 = Debug|x64
		{E8D5A302-A70E-389B-9A2D-8BBB7D05647A}.Release|x64.ActiveCfg = Release|x64
		{E8D5A302-A70E-389B-9A2D-8BBB7D05647A}.Release|x64.Build.0 = Release|x64
		{E8D5A302-A70E-389B-9A2D-8BBB7D05647A}.MinSizeRel|x64.ActiveCfg = MinSizeRel|x64
		{E8D5A302-A70E-389B-9A2D-8BBB7D05647A}.MinSizeRel|x64.Build.0 = MinSizeRel|x64
		{E8D5A302-A70E-389B-9A2D-8BBB7D05647A}.RelWithDebInfo|x64.ActiveCfg = RelWithDebInfo|x64
		{E8D5A302-A70E-389B-9A2D-8BBB7D05647A}.RelWithDebInfo|x64.Build.0 = RelWithDebInfo|x64
		{D8E3D021-6EA8-3DAB-9BC2-4877B54062DF}.Debug|x64.ActiveCfg = Debug|x64
		{D8E3D021-6EA8-3DAB-9BC2-4877B54062DF}.Debug|x64.Build.0 = Debug|x64
		{D8E3D021-6EA8-3DAB-9BC2-4877B54062DF}.Release|x64.ActiveCfg = Release|x64
		{D8E3D021-6EA8-3DAB-9BC2-4877B54062DF}.Release|x64.Build.0 = Release|x64
		{D8E3D021-6EA8-3DAB-9BC2-4877B54062DF}.MinSizeRel|x64.ActiveCfg = MinSizeRel|x64
		{D8E3D021-6EA8-3DAB-9BC2-4877B54062DF}.MinSizeRel|x64.Build.0 = MinSizeRel|x64
		{D8E3D021-6EA8-3DAB-9BC2-4877B54062DF}.RelWithDebInfo|x64.ActiveCfg = RelWithDebInfo|x64
		{D8E3D021-6EA8-3DAB-9BC2-4877B54062DF}.RelWithDebInfo|x64.Build.0 = RelWithDebInfo|x64
		{7E9DD7EE-F343-3F44-8B68-719DEDD33073}.Debug|x64.ActiveCfg = Debug|x64
		{7E9DD7EE-F343-3F44-8B68-719DEDD33073}.Debug|x64.Build.0 = Debug|x64
		{7E9DD7EE-F343-3F44-8B68-719DEDD33073}.Release|x64.ActiveCfg = Release|x64
		{7E9DD7EE-F343-3F44-8B68-719DEDD33073}.Release|x64.Build.0 = Release|x64
		{7E9DD7EE-F343-3F44-8B68-719DEDD33073}.MinSizeRel|x64.ActiveCfg = MinSizeRel|x64
		{7E9DD7EE-F343-3F44-8B68-719DEDD33073}.MinSizeRel|x64.Build.0 = MinSizeRel|x64
		{7E9DD7EE-F343-3F44-8B68-719DEDD33073}.RelWithDebInfo|x64.ActiveCfg = RelWithDebInfo|x64
		{7E9DD7EE-F343-3F44-8B68-719DEDD33073}.RelWithDebInfo|x64.Build.0 = RelWithDebInfo|x64
		{1CB29F8F-40C2-3C05-8D79-C31CEF5D804A}.Debug|x64.ActiveCfg = Debug|x64
		{1CB29F8F-40C2-3C05-8D79-C31CEF5D804A}.Debug|x64.Build.0 = Debug|x64
		{1CB29F8F-40C2-3C05-8D79-C31CEF5D804A}.Release|x64.ActiveCfg = Release|x64
		{1CB29F8F-40C2-3C05-8D79-C31CEF5D804A}.Release|x64.Build.0 = Release|x64
		{1CB29F8F-40C2-3C05-8D79-C31CEF5D804A}.MinSizeRel|x64.ActiveCfg = MinSizeRel|x64
		{1CB29F8F-40C2-3C05-8D79-C31CEF5D804A}.MinSizeRel|x64.Build.0 = MinSizeRel|x64
		{1CB29F8F-40C2-3C05-8D79-C31CEF5D804A}.RelWithDebInfo|x64.ActiveCfg = RelWithDebInfo|x64
		{1CB29F8F-40C2-3C05-8D79-C31CEF5D804A}.RelWithDebInfo|x64.Build.0 = RelWithDebInfo|x64
		{D910E1BF-6C67-3421-805D-89F126701ECA}.Debug|x64.ActiveCfg = Debug|x64
		{D910E1BF-6C67-3421-805D-89F126701ECA}.Debug|x64.Build.0 = Debug|x64
		{D910E1BF-6C67-3421-805D-89F126701ECA}.Release|x64.ActiveCfg = Release|x64
		{D910E1BF-6C67-3421-805D-89F126701ECA}.Release|x64.Build.0 = Release|x64
		{D910E1BF-6C67-3421-805D-89F126701ECA}.MinSizeRel|x64.ActiveCfg = MinSizeRel|x64
		{D910E1BF-6C67-3421-805D-89F126701ECA}.MinSizeRel|x64.Build.0 = MinSizeRel|x64
		{D910E1BF-6C67-3421-805D-89F126701ECA}.RelWithDebInfo|x64.ActiveCfg = RelWithDebInfo|x64
		{D910E1BF-6C67-3421-805D-89F126701ECA}.RelWithDebInfo|x64.Build.0 = RelWithDebInfo|x64
		{C0C7E728-CEDF-3B82-BD0E-B9369B6E104D}.Debug|x64.ActiveCfg = Debug|x64
		{C0C7E728-CEDF-3B82-BD0E-B9369B6E104D}.Release|x64.ActiveCfg = Release|x64
		{C0C7E728-CEDF-3B82-BD0E-B9369B6E104D}.MinSizeRel|x64.ActiveCfg = MinSizeRel|x64
		{C0C7E728-CEDF-3B82-BD0E-B9369B6E104D}.RelWithDebInfo|x64.ActiveCfg = RelWithDebInfo|x64
		{9E62AD9C-DA31-32A2-A9D8-AAAE1E6ECC49}.Debug|x64.ActiveCfg = Debug|x64
		{9E62AD9C-DA31-32A2-A9D8-AAAE1E6ECC49}.Debug|x64.Build.0 = Debug|x64
		{9E62AD9C-DA31-32A2-A9D8-AAAE1E6ECC49}.Release|x64.ActiveCfg = Release|x64
		{9E62AD9C-DA31-32A2-A9D8-AAAE1E6ECC49}.Release|x64.Build.0 = Release|x64
		{9E62AD9C-DA31-32A2-A9D8-AAAE1E6ECC49}.MinSizeRel|x64.ActiveCfg = MinSizeRel|x64
		{9E62AD9C-DA31-32A2-A9D8-AAAE1E6ECC49}.MinSizeRel|x64.Build.0 = MinSizeRel|x64
		{9E62AD9C-DA31-32A2-A9D8-AAAE1E6ECC49}.RelWithDebInfo|x64.ActiveCfg = RelWithDebInfo|x64
		{9E62AD9C-DA31-32A2-A9D8-AAAE1E6ECC49}.RelWithDebInfo|x64.Build.0 = RelWithDebInfo|x64
		{5F760DB4-7462-367D-AE24-E5FAF695A2A4}.Debug|x64.ActiveCfg = Debug|x64
		{5F760DB4-7462-367D-AE24-E5FAF695A2A4}.Debug|x64.Build.0 = Debug|x64
		{5F760DB4-7462-367D-AE24-E5FAF695A2A4}.Release|x64.ActiveCfg = Release|x64
		{5F760DB4-7462-367D-AE24-E5FAF695A2A4}.Release|x64.Build.0 = Release|x64
		{5F760DB4-7462-367D-AE24-E5FAF695A2A4}.MinSizeRel|x64.ActiveCfg = MinSizeRel|x64
		{5F760DB4-7462-367D-AE24-E5FAF695A2A4}.MinSizeRel|x64.Build.0 = MinSizeRel|x64
		{5F760DB4-7462-367D-AE24-E5FAF695A2A4}.RelWithDebInfo|x64.ActiveCfg = RelWithDebInfo|x64
		{5F760DB4-7462-367D-AE24-E5FAF695A2A4}.RelWithDebInfo|x64.Build.0 = RelWithDebInfo|x64
		{A60680A7-86D8-348C-96D9-9946BCE688E3}.Debug|x64.ActiveCfg = Debug|x64
		{A60680A7-86D8-348C-96D9-9946BCE688E3}.Debug|x64.Build.0 = Debug|x64
		{A60680A7-86D8-348C-96D9-9946BCE688E3}.Release|x64.ActiveCfg = Release|x64
		{A60680A7-86D8-348C-96D9-9946BCE688E3}.Release|x64.Build.0 = Release|x64
		{A60680A7-86D8-348C-96D9-9946BCE688E3}.MinSizeRel|x64.ActiveCfg = MinSizeRel|x64
		{A60680A7-86D8-348C-96D9-9946BCE688E3}.MinSizeRel|x64.Build.0 = MinSizeRel|x64
		{A60680A7-86D8-348C-96D9-9946BCE688E3}.RelWithDebInfo|x64.ActiveCfg = RelWithDebInfo|x64
		{A60680A7-86D8-348C-96D9-9946BCE688E3}.RelWithDebInfo|x64.Build.0 = RelWithDebInfo|x64
		{E4405333-1AA9-3527-85AB-F448EA2612F4}.Debug|x64.ActiveCfg = Debug|x64
		{E4405333-1AA9-3527-85AB-F448EA2612F4}.Debug|x64.Build.0 = Debug|x64
		{E4405333-1AA9-3527-85AB-F448EA2612F4}.Release|x64.ActiveCfg = Release|x64
		{E4405333-1AA9-3527-85AB-F448EA2612F4}.Release|x64.Build.0 = Release|x64
		{E4405333-1AA9-3527-85AB-F448EA2612F4}.MinSizeRel|x64.ActiveCfg = MinSizeRel|x64
		{E4405333-1AA9-3527-85AB-F448EA2612F4}.MinSizeRel|x64.Build.0 = MinSizeRel|x64
		{E4405333-1AA9-3527-85AB-F448EA2612F4}.RelWithDebInfo|x64.ActiveCfg = RelWithDebInfo|x64
		{E4405333-1AA9-3527-85AB-F448EA2612F4}.RelWithDebInfo|x64.Build.0 = RelWithDebInfo|x64
		{6AD65203-93EB-3E87-B76E-730466FBAE3C}.Debug|x64.ActiveCfg = Debug|x64
		{6AD65203-93EB-3E87-B76E-730466FBAE3C}.Debug|x64.Build.0 = Debug|x64
		{6AD65203-93EB-3E87-B76E-730466FBAE3C}.Release|x64.ActiveCfg = Release|x64
		{6AD65203-93EB-3E87-B76E-730466FBAE3C}.Release|x64.Build.0 = Release|x64
		{6AD65203-93EB-3E87-B76E-730466FBAE3C}.MinSizeRel|x64.ActiveCfg = MinSizeRel|x64
		{6AD65203-93EB-3E87-B76E-730466FBAE3C}.MinSizeRel|x64.Build.0 = MinSizeRel|x64
		{6AD65203-93EB-3E87-B76E-730466FBAE3C}.RelWithDebInfo|x64.ActiveCfg = RelWithDebInfo|x64
		{6AD65203-93EB-3E87-B76E-730466FBAE3C}.RelWithDebInfo|x64.Build.0 = RelWithDebInfo|x64
		{F4B973E3-7CFF-357C-AA3F-C945BB9C511C}.Debug|x64.ActiveCfg = Debug|x64
		{F4B973E3-7CFF-357C-AA3F-C945BB9C511C}.Debug|x64.Build.0 = Debug|x64
		{F4B973E3-7CFF-357C-AA3F-C945BB9C511C}.Release|x64.ActiveCfg = Release|x64
		{F4B973E3-7CFF-357C-AA3F-C945BB9C511C}.Release|x64.Build.0 = Release|x64
		{F4B973E3-7CFF-357C-AA3F-C945BB9C511C}.MinSizeRel|x64.ActiveCfg = MinSizeRel|x64
		{F4B973E3-7CFF-357C-AA3F-C945BB9C511C}.MinSizeRel|x64.Build.0 = MinSizeRel|x64
		{F4B973E3-7CFF-357C-AA3F-C945BB9C511C}.RelWithDebInfo|x64.ActiveCfg = RelWithDebInfo|x64
		{F4B973E3-7CFF-357C-AA3F-C945BB9C511C}.RelWithDebInfo|x64.Build.0 = RelWithDebInfo|x64
		{57A7D7C0-0C91-3A20-9348-1A4502E3D36F}.Debug|x64.ActiveCfg = Debug|x64
		{57A7D7C0-0C91-3A20-9348-1A4502E3D36F}.Debug|x64.Build.0 = Debug|x64
		{57A7D7C0-0C91-3A20-9348-1A4502E3D36F}.Release|x64.ActiveCfg = Release|x64
		{57A7D7C0-0C91-3A20-9348-1A4502E3D36F}.Release|x64.Build.0 = Release|x64
		{57A7D7C0-0C91-3A20-9348-1A4502E3D36F}.MinSizeRel|x64.ActiveCfg = MinSizeRel|x64
		{57A7D7C0-0C91-3A20-9348-1A4502E3D36F}.MinSizeRel|x64.Build.0 = MinSizeRel|x64
		{57A7D7C0-0C91-3A20-9348-1A4502E3D36F}.RelWithDebInfo|x64.ActiveCfg = RelWithDebInfo|x64
		{57A7D7C0-0C91-3A20-9348-1A4502E3D36F}.RelWithDebInfo|x64.Build.0 = RelWithDebInfo|x64
		{FF0FE57D-8DBC-3E9A-A7E5-C6B77C7FB2D5}.Debug|x64.ActiveCfg = Debug|x64
		{FF0FE57D-8DBC-3E9A-A7E5-C6B77C7FB2D5}.Debug|x64.Build.0 = Debug|x64
		{FF0FE57D-8DBC-3E9A-A7E5-C6B77C7FB2D5}.Release|x64.ActiveCfg = Release|x64
		{FF0FE57D-8DBC-3E9A-A7E5-C6B77C7FB2D5}.Release|x64.Build.0 = Release|x64
		{FF0FE57D-8DBC-3E9A-A7E5-C6B77C7FB2D5}.MinSizeRel|x64.ActiveCfg = MinSizeRel|x64
		{FF0FE57D-8DBC-3E9A-A7E5-C6B77C7FB2D5}.MinSizeRel|x64.Build.0 = MinSizeRel|x64
		{FF0FE57D-8DBC-3E9A-A7E5-C6B77C7FB2D5}.RelWithDebInfo|x64.ActiveCfg = RelWithDebInfo|x64
		{FF0FE57D-8DBC-3E9A-A7E5-C6B77C7FB2D5}.RelWithDebInfo|x64.Build.0 = RelWithDebInfo|x64
		{B0E34153-31E4-3045-8976-29CE5007E88D}.Debug|x64.ActiveCfg = Debug|x64
		{B0E34153-31E4-3045-8976-29CE5007E88D}.Debug|x64.Build.0 = Debug|x64
		{B0E34153-31E4-3045-8976-29CE5007E88D}.Release|x64.ActiveCfg = Release|x64
		{B0E34153-31E4-3045-8976-29CE5007E88D}.Release|x64.Build.0 = Release|x64
		{B0E34153-31E4-3045-8976-29CE5007E88D}.MinSizeRel|x64.ActiveCfg = MinSizeRel|x64
		{B0E34153-31E4-3045-8976-29CE5007E88D}.MinSizeRel|x64.Build.0 = MinSizeRel|x64
		{B0E34153-31E4-3045-8976-29CE5007E88D}.RelWithDebInfo|x64.ActiveCfg = RelWithDebInfo|x64
		{B0E34153-31E4-3045-8976-29CE5007E88D}.RelWithDebInfo|x64.Build.0 = RelWithDebInfo|x64
		{2DB3D9AB-F04F-3BA2-8329-884E50B9BEC2}.Debug|x64.ActiveCfg = Debug|x64
		{2DB3D9AB-F04F-3BA2-8329-884E50B9BEC2}.Debug|x64.Build.0 = Debug|x64
		{2DB3D9AB-F04F-3BA2-8329-884E50B9BEC2}.Release|x64.ActiveCfg = Release|x64
		{2DB3D9AB-F04F-3BA2-8329-884E50B9BEC2}.Release|x64.Build.0 = Release|x64
		{2DB3D9AB-F04F-3BA2-8329-884E50B9BEC2}.MinSizeRel|x64.ActiveCfg = MinSizeRel|x64
		{2DB3D9AB-F04F-3BA2-8329-884E50B9BEC2}.MinSizeRel|x64.Build.0 = MinSizeRel|x64
		{2DB3D9AB-F04F-3BA2-8329-884E50B9BEC2}.RelWithDebInfo|x64.ActiveCfg = RelWithDebInfo|x64
		{2DB3D9AB-F04F-3BA2-8329-884E50B9BEC2}.RelWithDebInfo|x64.Build.0 = RelWithDebInfo|x64
		{19477AB2-7E73-388B-96A7-A58B4B9D0D69}.Debug|x64.ActiveCfg = Debug|x64
		{19477AB2-7E73-388B-96A7-A58B4B9D0D69}.Debug|x64.Build.0 = Debug|x64
		{19477AB2-7E73-388B-96A7-A58B4B9D0D69}.Release|x64.ActiveCfg = Release|x64
		{19477AB2-7E73-388B-96A7-A58B4B9D0D69}.Release|x64.Build.0 = Release|x64
		{19477AB2-7E73-388B-96A7-A58B4B9D0D69}.MinSizeRel|x64.ActiveCfg = MinSizeRel|x64
		{19477AB2-7E73-388B-96A7-A58B4B9D0D69}.MinSizeRel|x64.Build.0 = MinSizeRel|x64
		{19477AB2-7E73-388B-96A7-A58B4B9D0D69}.RelWithDebInfo|x64.ActiveCfg = RelWithDebInfo|x64
		{19477AB2-7E73-388B-96A7-A58B4B9D0D69}.RelWithDebInfo|x64.Build.0 = RelWithDebInfo|x64
		{843B791A-FB36-3B73-A751-330E19C9D294}.Debug|x64.ActiveCfg = Debug|x64
		{843B791A-FB36-3B73-A751-330E19C9D294}.Debug|x64.Build.0 = Debug|x64
		{843B791A-FB36-3B73-A751-330E19C9D294}.Release|x64.ActiveCfg = Release|x64
		{843B791A-FB36-3B73-A751-330E19C9D294}.Release|x64.Build.0 = Release|x64
		{843B791A-FB36-3B73-A751-330E19C9D294}.MinSizeRel|x64.ActiveCfg = MinSizeRel|x64
		{843B791A-FB36-3B73-A751-330E19C9D294}.MinSizeRel|x64.Build.0 = MinSizeRel|x64
		{843B791A-FB36-3B73-A751-330E19C9D294}.RelWithDebInfo|x64.ActiveCfg = RelWithDebInfo|x64
		{843B791A-FB36-3B73-A751-330E19C9D294}.RelWithDebInfo|x64.Build.0 = RelWithDebInfo|x64
		{946E0D09-CD1D-38E9-80D3-E6DBF2B255DF}.Debug|x64.ActiveCfg = Debug|x64
		{946E0D09-CD1D-38E9-80D3-E6DBF2B255DF}.Debug|x64.Build.0 = Debug|x64
		{946E0D09-CD1D-38E9-80D3-E6DBF2B255DF}.Release|x64.ActiveCfg = Release|x64
		{946E0D09-CD1D-38E9-80D3-E6DBF2B255DF}.Release|x64.Build.0 = Release|x64
		{946E0D09-CD1D-38E9-80D3-E6DBF2B255DF}.MinSizeRel|x64.ActiveCfg = MinSizeRel|x64
		{946E0D09-CD1D-38E9-80D3-E6DBF2B255DF}.MinSizeRel|x64.Build.0 = MinSizeRel|x64
		{946E0D09-CD1D-38E9-80D3-E6DBF2B255DF}.RelWithDebInfo|x64.ActiveCfg = RelWithDebInfo|x64
		{946E0D09-CD1D-38E9-80D3-E6DBF2B255DF}.RelWithDebInfo|x64.Build.0 = RelWithDebInfo|x64
		{F4737428-33FC-3A2C-BDE3-609E39D7226D}.Debug|x64.ActiveCfg = Debug|x64
		{F4737428-33FC-3A2C-BDE3-609E39D7226D}.Debug|x64.Build.0 = Debug|x64
		{F4737428-33FC-3A2C-BDE3-609E39D7226D}.Release|x64.ActiveCfg = Release|x64
		{F4737428-33FC-3A2C-BDE3-609E39D7226D}.Release|x64.Build.0 = Release|x64
		{F4737428-33FC-3A2C-BDE3-609E39D7226D}.MinSizeRel|x64.ActiveCfg = MinSizeRel|x64
		{F4737428-33FC-3A2C-BDE3-609E39D7226D}.MinSizeRel|x64.Build.0 = MinSizeRel|x64
		{F4737428-33FC-3A2C-BDE3-609E39D7226D}.RelWithDebInfo|x64.ActiveCfg = RelWithDebInfo|x64
		{F4737428-33FC-3A2C-BDE3-609E39D7226D}.RelWithDebInfo|x64.Build.0 = RelWithDebInfo|x64
		{0F3A89EA-5002-34BF-8CBB-BFB83B864A49}.Debug|x64.ActiveCfg = Debug|x64
		{0F3A89EA-5002-34BF-8CBB-BFB83B864A49}.Debug|x64.Build.0 = Debug|x64
		{0F3A89EA-5002-34BF-8CBB-BFB83B864A49}.Release|x64.ActiveCfg = Release|x64
		{0F3A89EA-5002-34BF-8CBB-BFB83B864A49}.Release|x64.Build.0 = Release|x64
		{0F3A89EA-5002-34BF-8CBB-BFB83B864A49}.MinSizeRel|x64.ActiveCfg = MinSizeRel|x64
		{0F3A89EA-5002-34BF-8CBB-BFB83B864A49}.MinSizeRel|x64.Build.0 = MinSizeRel|x64
		{0F3A89EA-5002-34BF-8CBB-BFB83B864A49}.RelWithDebInfo|x64.ActiveCfg = RelWithDebInfo|x64
		{0F3A89EA-5002-34BF-8CBB-BFB83B864A49}.RelWithDebInfo|x64.Build.0 = RelWithDebInfo|x64
		{892F4927-64FA-3429-851A-134C49321A40}.Debug|x64.ActiveCfg = Debug|x64
		{892F4927-64FA-3429-851A-134C49321A40}.Debug|x64.Build.0 = Debug|x64
		{892F4927-64FA-3429-851A-134C49321A40}.Release|x64.ActiveCfg = Release|x64
		{892F4927-64FA-3429-851A-134C49321A40}.Release|x64.Build.0 = Release|x64
		{892F4927-64FA-3429-851A-134C49321A40}.MinSizeRel|x64.ActiveCfg = MinSizeRel|x64
		{892F4927-64FA-3429-851A-134C49321A40}.MinSizeRel|x64.Build.0 = MinSizeRel|x64
		{892F4927-64FA-3429-851A-134C49321A40}.RelWithDebInfo|x64.ActiveCfg = RelWithDebInfo|x64
		{892F4927-64FA-3429-851A-134C49321A40}.RelWithDebInfo|x64.Build.0 = RelWithDebInfo|x64
		{D6741F59-B3EB-3453-96AB-3A594F0B7B03}.Debug|x64.ActiveCfg = Debug|x64
		{D6741F59-B3EB-3453-96AB-3A594F0B7B03}.Debug|x64.Build.0 = Debug|x64
		{D6741F59-B3EB-3453-96AB-3A594F0B7B03}.Release|x64.ActiveCfg = Release|x64
		{D6741F59-B3EB-3453-96AB-3A594F0B7B03}.Release|x64.Build.0 = Release|x64
		{D6741F59-B3EB-3453-96AB-3A594F0B7B03}.MinSizeRel|x64.ActiveCfg = MinSizeRel|x64
		{D6741F59-B3EB-3453-96AB-3A594F0B7B03}.MinSizeRel|x64.Build.0 = MinSizeRel|x64
		{D6741F59-B3EB-3453-96AB-3A594F0B7B03}.RelWithDebInfo|x64.ActiveCfg = RelWithDebInfo|x64
		{D6741F59-B3EB-3453-96AB-3A594F0B7B03}.RelWithDebInfo|x64.Build.0 = RelWithDebInfo|x64
		{79DAD132-1732-3D2F-8C28-32BB3C936AE9}.Debug|x64.ActiveCfg = Debug|x64
		{79DAD132-1732-3D2F-8C28-32BB3C936AE9}.Debug|x64.Build.0 = Debug|x64
		{79DAD132-1732-3D2F-8C28-32BB3C936AE9}.Release|x64.ActiveCfg = Release|x64
		{79DAD132-1732-3D2F-8C28-32BB3C936AE9}.Release|x64.Build.0 = Release|x64
		{79DAD132-1732-3D2F-8C28-32BB3C936AE9}.MinSizeRel|x64.ActiveCfg = MinSizeRel|x64
		{79DAD132-1732-3D2F-8C28-32BB3C936AE9}.MinSizeRel|x64.Build.0 = MinSizeRel|x64
		{79DAD132-1732-3D2F-8C28-32BB3C936AE9}.RelWithDebInfo|x64.ActiveCfg = RelWithDebInfo|x64
		{79DAD132-1732-3D2F-8C28-32BB3C936AE9}.RelWithDebInfo|x64.Build.0 = RelWithDebInfo|x64
		{1FD44CF0-C832-3FF2-AFA5-35F529FBE76B}.Debug|x64.ActiveCfg = Debug|x64
		{1FD44CF0-C832-3FF2-AFA5-35F529FBE76B}.Debug|x64.Build.0 = Debug|x64
		{1FD44CF0-C832-3FF2-AFA5-35F529FBE76B}.Release|x64.ActiveCfg = Release|x64
		{1FD44CF0-C832-3FF2-AFA5-35F529FBE76B}.Release|x64.Build.0 = Release|x64
		{1FD44CF0-C832-3FF2-AFA5-35F529FBE76B}.MinSizeRel|x64.ActiveCfg = MinSizeRel|x64
		{1FD44CF0-C832-3FF2-AFA5-35F529FBE76B}.MinSizeRel|x64.Build.0 = MinSizeRel|x64
		{1FD44CF0-C832-3FF2-AFA5-35F529FBE76B}.RelWithDebInfo|x64.ActiveCfg = RelWithDebInfo|x64
		{1FD44CF0-C832-3FF2-AFA5-35F529FBE76B}.RelWithDebInfo|x64.Build.0 = RelWithDebInfo|x64
		{3B086C22-EB40-3BEA-A4B4-0A05F3F0992B}.Debug|x64.ActiveCfg = Debug|x64
		{3B086C22-EB40-3BEA-A4B4-0A05F3F0992B}.Debug|x64.Build.0 = Debug|x64
		{3B086C22-EB40-3BEA-A4B4-0A05F3F0992B}.Release|x64.ActiveCfg = Release|x64
		{3B086C22-EB40-3BEA-A4B4-0A05F3F0992B}.Release|x64.Build.0 = Release|x64
		{3B086C22-EB40-3BEA-A4B4-0A05F3F0992B}.MinSizeRel|x64.ActiveCfg = MinSizeRel|x64
		{3B086C22-EB40-3BEA-A4B4-0A05F3F0992B}.MinSizeRel|x64.Build.0 = MinSizeRel|x64
		{3B086C22-EB40-3BEA-A4B4-0A05F3F0992B}.RelWithDebInfo|x64.ActiveCfg = RelWithDebInfo|x64
		{3B086C22-EB40-3BEA-A4B4-0A05F3F0992B}.RelWithDebInfo|x64.Build.0 = RelWithDebInfo|x64
		{C2A81D0D-EC14-36FF-8544-2231E154F05C}.Debug|x64.ActiveCfg = Debug|x64
		{C2A81D0D-EC14-36FF-8544-2231E154F05C}.Debug|x64.Build.0 = Debug|x64
		{C2A81D0D-EC14-36FF-8544-2231E154F05C}.Release|x64.ActiveCfg = Release|x64
		{C2A81D0D-EC14-36FF-8544-2231E154F05C}.Release|x64.Build.0 = Release|x64
		{C2A81D0D-EC14-36FF-8544-2231E154F05C}.MinSizeRel|x64.ActiveCfg = MinSizeRel|x64
		{C2A81D0D-EC14-36FF-8544-2231E154F05C}.MinSizeRel|x64.Build.0 = MinSizeRel|x64
		{C2A81D0D-EC14-36FF-8544-2231E154F05C}.RelWithDebInfo|x64.ActiveCfg = RelWithDebInfo|x64
		{C2A81D0D-EC14-36FF-8544-2231E154F05C}.RelWithDebInfo|x64.Build.0 = RelWithDebInfo|x64
		{6E8C2420-D5A4-3DF0-8419-62932C96F044}.Debug|x64.ActiveCfg = Debug|x64
		{6E8C2420-D5A4-3DF0-8419-62932C96F044}.Debug|x64.Build.0 = Debug|x64
		{6E8C2420-D5A4-3DF0-8419-62932C96F044}.Release|x64.ActiveCfg = Release|x64
		{6E8C2420-D5A4-3DF0-8419-62932C96F044}.Release|x64.Build.0 = Release|x64
		{6E8C2420-D5A4-3DF0-8419-62932C96F044}.MinSizeRel|x64.ActiveCfg = MinSizeRel|x64
		{6E8C2420-D5A4-3DF0-8419-62932C96F044}.MinSizeRel|x64.Build.0 = MinSizeRel|x64
		{6E8C2420-D5A4-3DF0-8419-62932C96F044}.RelWithDebInfo|x64.ActiveCfg = RelWithDebInfo|x64
		{6E8C2420-D5A4-3DF0-8419-62932C96F044}.RelWithDebInfo|x64.Build.0 = RelWithDebInfo|x64
		{733936FD-BBAA-3E07-8374-BF5D6DE28DF7}.Debug|x64.ActiveCfg = Debug|x64
		{733936FD-BBAA-3E07-8374-BF5D6DE28DF7}.Debug|x64.Build.0 = Debug|x64
		{733936FD-BBAA-3E07-8374-BF5D6DE28DF7}.Release|x64.ActiveCfg = Release|x64
		{733936FD-BBAA-3E07-8374-BF5D6DE28DF7}.Release|x64.Build.0 = Release|x64
		{733936FD-BBAA-3E07-8374-BF5D6DE28DF7}.MinSizeRel|x64.ActiveCfg = MinSizeRel|x64
		{733936FD-BBAA-3E07-8374-BF5D6DE28DF7}.MinSizeRel|x64.Build.0 = MinSizeRel|x64
		{733936FD-BBAA-3E07-8374-BF5D6DE28DF7}.RelWithDebInfo|x64.ActiveCfg = RelWithDebInfo|x64
		{733936FD-BBAA-3E07-8374-BF5D6DE28DF7}.RelWithDebInfo|x64.Build.0 = RelWithDebInfo|x64
		{FBC2B41A-3FB2-3236-88B2-73A34EC20B2B}.Debug|x64.ActiveCfg = Debug|x64
		{FBC2B41A-3FB2-3236-88B2-73A34EC20B2B}.Debug|x64.Build.0 = Debug|x64
		{FBC2B41A-3FB2-3236-88B2-73A34EC20B2B}.Release|x64.ActiveCfg = Release|x64
		{FBC2B41A-3FB2-3236-88B2-73A34EC20B2B}.Release|x64.Build.0 = Release|x64
		{FBC2B41A-3FB2-3236-88B2-73A34EC20B2B}.MinSizeRel|x64.ActiveCfg = MinSizeRel|x64
		{FBC2B41A-3FB2-3236-88B2-73A34EC20B2B}.MinSizeRel|x64.Build.0 = MinSizeRel|x64
		{FBC2B41A-3FB2-3236-88B2-73A34EC20B2B}.RelWithDebInfo|x64.ActiveCfg = RelWithDebInfo|x64
		{FBC2B41A-3FB2-3236-88B2-73A34EC20B2B}.RelWithDebInfo|x64.Build.0 = RelWithDebInfo|x64
		{0DF5E0B3-19A2-39A0-BC35-FB73DECBA7DB}.Debug|x64.ActiveCfg = Debug|x64
		{0DF5E0B3-19A2-39A0-BC35-FB73DECBA7DB}.Debug|x64.Build.0 = Debug|x64
		{0DF5E0B3-19A2-39A0-BC35-FB73DECBA7DB}.Release|x64.ActiveCfg = Release|x64
		{0DF5E0B3-19A2-39A0-BC35-FB73DECBA7DB}.Release|x64.Build.0 = Release|x64
		{0DF5E0B3-19A2-39A0-BC35-FB73DECBA7DB}.MinSizeRel|x64.ActiveCfg = MinSizeRel|x64
		{0DF5E0B3-19A2-39A0-BC35-FB73DECBA7DB}.MinSizeRel|x64.Build.0 = MinSizeRel|x64
		{0DF5E0B3-19A2-39A0-BC35-FB73DECBA7DB}.RelWithDebInfo|x64.ActiveCfg = RelWithDebInfo|x64
		{0DF5E0B3-19A2-39A0-BC35-FB73DECBA7DB}.RelWithDebInfo|x64.Build.0 = RelWithDebInfo|x64
		{6F7B2ACF-89A2-331D-91E5-F5EC7ACB8BAB}.Debug|x64.ActiveCfg = Debug|x64
		{6F7B2ACF-89A2-331D-91E5-F5EC7ACB8BAB}.Debug|x64.Build.0 = Debug|x64
		{6F7B2ACF-89A2-331D-91E5-F5EC7ACB8BAB}.Release|x64.ActiveCfg = Release|x64
		{6F7B2ACF-89A2-331D-91E5-F5EC7ACB8BAB}.Release|x64.Build.0 = Release|x64
		{6F7B2ACF-89A2-331D-91E5-F5EC7ACB8BAB}.MinSizeRel|x64.ActiveCfg = MinSizeRel|x64
		{6F7B2ACF-89A2-331D-91E5-F5EC7ACB8BAB}.MinSizeRel|x64.Build.0 = MinSizeRel|x64
		{6F7B2ACF-89A2-331D-91E5-F5EC7ACB8BAB}.RelWithDebInfo|x64.ActiveCfg = RelWithDebInfo|x64
		{6F7B2ACF-89A2-331D-91E5-F5EC7ACB8BAB}.RelWithDebInfo|x64.Build.0 = RelWithDebInfo|x64
		{C0D929BE-CD14-38CB-B9FD-8951B03D792A}.Debug|x64.ActiveCfg = Debug|x64
		{C0D929BE-CD14-38CB-B9FD-8951B03D792A}.Debug|x64.Build.0 = Debug|x64
		{C0D929BE-CD14-38CB-B9FD-8951B03D792A}.Release|x64.ActiveCfg = Release|x64
		{C0D929BE-CD14-38CB-B9FD-8951B03D792A}.Release|x64.Build.0 = Release|x64
		{C0D929BE-CD14-38CB-B9FD-8951B03D792A}.MinSizeRel|x64.ActiveCfg = MinSizeRel|x64
		{C0D929BE-CD14-38CB-B9FD-8951B03D792A}.MinSizeRel|x64.Build.0 = MinSizeRel|x64
		{C0D929BE-CD14-38CB-B9FD-8951B03D792A}.RelWithDebInfo|x64.ActiveCfg = RelWithDebInfo|x64
		{C0D929BE-CD14-38CB-B9FD-8951B03D792A}.RelWithDebInfo|x64.Build.0 = RelWithDebInfo|x64
		{59FB1A1A-4EF3-369B-A4DD-C118A4BC9669}.Debug|x64.ActiveCfg = Debug|x64
		{59FB1A1A-4EF3-369B-A4DD-C118A4BC9669}.Debug|x64.Build.0 = Debug|x64
		{59FB1A1A-4EF3-369B-A4DD-C118A4BC9669}.Release|x64.ActiveCfg = Release|x64
		{59FB1A1A-4EF3-369B-A4DD-C118A4BC9669}.Release|x64.Build.0 = Release|x64
		{59FB1A1A-4EF3-369B-A4DD-C118A4BC9669}.MinSizeRel|x64.ActiveCfg = MinSizeRel|x64
		{59FB1A1A-4EF3-369B-A4DD-C118A4BC9669}.MinSizeRel|x64.Build.0 = MinSizeRel|x64
		{59FB1A1A-4EF3-369B-A4DD-C118A4BC9669}.RelWithDebInfo|x64.ActiveCfg = RelWithDebInfo|x64
		{59FB1A1A-4EF3-369B-A4DD-C118A4BC9669}.RelWithDebInfo|x64.Build.0 = RelWithDebInfo|x64
		{03C75D16-6F8F-36E9-B17A-43C60795E9D3}.Debug|x64.ActiveCfg = Debug|x64
		{03C75D16-6F8F-36E9-B17A-43C60795E9D3}.Debug|x64.Build.0 = Debug|x64
		{03C75D16-6F8F-36E9-B17A-43C60795E9D3}.Release|x64.ActiveCfg = Release|x64
		{03C75D16-6F8F-36E9-B17A-43C60795E9D3}.Release|x64.Build.0 = Release|x64
		{03C75D16-6F8F-36E9-B17A-43C60795E9D3}.MinSizeRel|x64.ActiveCfg = MinSizeRel|x64
		{03C75D16-6F8F-36E9-B17A-43C60795E9D3}.MinSizeRel|x64.Build.0 = MinSizeRel|x64
		{03C75D16-6F8F-36E9-B17A-43C60795E9D3}.RelWithDebInfo|x64.ActiveCfg = RelWithDebInfo|x64
		{03C75D16-6F8F-36E9-B17A-43C60795E9D3}.RelWithDebInfo|x64.Build.0 = RelWithDebInfo|x64
		{47D90135-C8E5-35C2-BE68-3AF2AA87EC42}.Debug|x64.ActiveCfg = Debug|x64
		{47D90135-C8E5-35C2-BE68-3AF2AA87EC42}.Debug|x64.Build.0 = Debug|x64
		{47D90135-C8E5-35C2-BE68-3AF2AA87EC42}.Release|x64.ActiveCfg = Release|x64
		{47D90135-C8E5-35C2-BE68-3AF2AA87EC42}.Release|x64.Build.0 = Release|x64
		{47D90135-C8E5-35C2-BE68-3AF2AA87EC42}.MinSizeRel|x64.ActiveCfg = MinSizeRel|x64
		{47D90135-C8E5-35C2-BE68-3AF2AA87EC42}.MinSizeRel|x64.Build.0 = MinSizeRel|x64
		{47D90135-C8E5-35C2-BE68-3AF2AA87EC42}.RelWithDebInfo|x64.ActiveCfg = RelWithDebInfo|x64
		{47D90135-C8E5-35C2-BE68-3AF2AA87EC42}.RelWithDebInfo|x64.Build.0 = RelWithDebInfo|x64
		{A54821AC-8BA1-32D5-98F3-A81ACDAA8464}.Debug|x64.ActiveCfg = Debug|x64
		{A54821AC-8BA1-32D5-98F3-A81ACDAA8464}.Debug|x64.Build.0 = Debug|x64
		{A54821AC-8BA1-32D5-98F3-A81ACDAA8464}.Release|x64.ActiveCfg = Release|x64
		{A54821AC-8BA1-32D5-98F3-A81ACDAA8464}.Release|x64.Build.0 = Release|x64
		{A54821AC-8BA1-32D5-98F3-A81ACDAA8464}.MinSizeRel|x64.ActiveCfg = MinSizeRel|x64
		{A54821AC-8BA1-32D5-98F3-A81ACDAA8464}.MinSizeRel|x64.Build.0 = MinSizeRel|x64
		{A54821AC-8BA1-32D5-98F3-A81ACDAA8464}.RelWithDebInfo|x64.ActiveCfg = RelWithDebInfo|x64
		{A54821AC-8BA1-32D5-98F3-A81ACDAA8464}.RelWithDebInfo|x64.Build.0 = RelWithDebInfo|x64
		{9C8F5483-3016-3FB1-B5A6-295A443E4007}.Debug|x64.ActiveCfg = Debug|x64
		{9C8F5483-3016-3FB1-B5A6-295A443E4007}.Debug|x64.Build.0 = Debug|x64
		{9C8F5483-3016-3FB1-B5A6-295A443E4007}.Release|x64.ActiveCfg = Release|x64
		{9C8F5483-3016-3FB1-B5A6-295A443E4007}.Release|x64.Build.0 = Release|x64
		{9C8F5483-3016-3FB1-B5A6-295A443E4007}.MinSizeRel|x64.ActiveCfg = MinSizeRel|x64
		{9C8F5483-3016-3FB1-B5A6-295A443E4007}.MinSizeRel|x64.Build.0 = MinSizeRel|x64
		{9C8F5483-3016-3FB1-B5A6-295A443E4007}.RelWithDebInfo|x64.ActiveCfg = RelWithDebInfo|x64
		{9C8F5483-3016-3FB1-B5A6-295A443E4007}.RelWithDebInfo|x64.Build.0 = RelWithDebInfo|x64
		{CC1C265E-F92A-3B90-AC14-ABFF44D5A4C4}.Debug|x64.ActiveCfg = Debug|x64
		{CC1C265E-F92A-3B90-AC14-ABFF44D5A4C4}.Debug|x64.Build.0 = Debug|x64
		{CC1C265E-F92A-3B90-AC14-ABFF44D5A4C4}.Release|x64.ActiveCfg = Release|x64
		{CC1C265E-F92A-3B90-AC14-ABFF44D5A4C4}.Release|x64.Build.0 = Release|x64
		{CC1C265E-F92A-3B90-AC14-ABFF44D5A4C4}.MinSizeRel|x64.ActiveCfg = MinSizeRel|x64
		{CC1C265E-F92A-3B90-AC14-ABFF44D5A4C4}.MinSizeRel|x64.Build.0 = MinSizeRel|x64
		{CC1C265E-F92A-3B90-AC14-ABFF44D5A4C4}.RelWithDebInfo|x64.ActiveCfg = RelWithDebInfo|x64
		{CC1C265E-F92A-3B90-AC14-ABFF44D5A4C4}.RelWithDebInfo|x64.Build.0 = RelWithDebInfo|x64
		{FC21EEDA-81A6-3794-86B1-C54246A7B6FF}.Debug|x64.ActiveCfg = Debug|x64
		{FC21EEDA-81A6-3794-86B1-C54246A7B6FF}.Debug|x64.Build.0 = Debug|x64
		{FC21EEDA-81A6-3794-86B1-C54246A7B6FF}.Release|x64.ActiveCfg = Release|x64
		{FC21EEDA-81A6-3794-86B1-C54246A7B6FF}.Release|x64.Build.0 = Release|x64
		{FC21EEDA-81A6-3794-86B1-C54246A7B6FF}.MinSizeRel|x64.ActiveCfg = MinSizeRel|x64
		{FC21EEDA-81A6-3794-86B1-C54246A7B6FF}.MinSizeRel|x64.Build.0 = MinSizeRel|x64
		{FC21EEDA-81A6-3794-86B1-C54246A7B6FF}.RelWithDebInfo|x64.ActiveCfg = RelWithDebInfo|x64
		{FC21EEDA-81A6-3794-86B1-C54246A7B6FF}.RelWithDebInfo|x64.Build.0 = RelWithDebInfo|x64
		{3ACBBCD1-22FE-3AA0-8DE9-C494C00C6E7B}.Debug|x64.ActiveCfg = Debug|x64
		{3ACBBCD1-22FE-3AA0-8DE9-C494C00C6E7B}.Debug|x64.Build.0 = Debug|x64
		{3ACBBCD1-22FE-3AA0-8DE9-C494C00C6E7B}.Release|x64.ActiveCfg = Release|x64
		{3ACBBCD1-22FE-3AA0-8DE9-C494C00C6E7B}.Release|x64.Build.0 = Release|x64
		{3ACBBCD1-22FE-3AA0-8DE9-C494C00C6E7B}.MinSizeRel|x64.ActiveCfg = MinSizeRel|x64
		{3ACBBCD1-22FE-3AA0-8DE9-C494C00C6E7B}.MinSizeRel|x64.Build.0 = MinSizeRel|x64
		{3ACBBCD1-22FE-3AA0-8DE9-C494C00C6E7B}.RelWithDebInfo|x64.ActiveCfg = RelWithDebInfo|x64
		{3ACBBCD1-22FE-3AA0-8DE9-C494C00C6E7B}.RelWithDebInfo|x64.Build.0 = RelWithDebInfo|x64
		{29801A84-1BF0-30E5-A4C8-EEE88814E796}.Debug|x64.ActiveCfg = Debug|x64
		{29801A84-1BF0-30E5-A4C8-EEE88814E796}.Debug|x64.Build.0 = Debug|x64
		{29801A84-1BF0-30E5-A4C8-EEE88814E796}.Release|x64.ActiveCfg = Release|x64
		{29801A84-1BF0-30E5-A4C8-EEE88814E796}.Release|x64.Build.0 = Release|x64
		{29801A84-1BF0-30E5-A4C8-EEE88814E796}.MinSizeRel|x64.ActiveCfg = MinSizeRel|x64
		{29801A84-1BF0-30E5-A4C8-EEE88814E796}.MinSizeRel|x64.Build.0 = MinSizeRel|x64
		{29801A84-1BF0-30E5-A4C8-EEE88814E796}.RelWithDebInfo|x64.ActiveCfg = RelWithDebInfo|x64
		{29801A84-1BF0-30E5-A4C8-EEE88814E796}.RelWithDebInfo|x64.Build.0 = RelWithDebInfo|x64
		{AB517186-DA57-3BDC-922D-FF9906EEDA6C}.Debug|x64.ActiveCfg = Debug|x64
		{AB517186-DA57-3BDC-922D-FF9906EEDA6C}.Debug|x64.Build.0 = Debug|x64
		{AB517186-DA57-3BDC-922D-FF9906EEDA6C}.Release|x64.ActiveCfg = Release|x64
		{AB517186-DA57-3BDC-922D-FF9906EEDA6C}.Release|x64.Build.0 = Release|x64
		{AB517186-DA57-3BDC-922D-FF9906EEDA6C}.MinSizeRel|x64.ActiveCfg = MinSizeRel|x64
		{AB517186-DA57-3BDC-922D-FF9906EEDA6C}.MinSizeRel|x64.Build.0 = MinSizeRel|x64
		{AB517186-DA57-3BDC-922D-FF9906EEDA6C}.RelWithDebInfo|x64.ActiveCfg = RelWithDebInfo|x64
		{AB517186-DA57-3BDC-922D-FF9906EEDA6C}.RelWithDebInfo|x64.Build.0 = RelWithDebInfo|x64
		{AA2C3916-0749-3E48-B1E1-42E314AAC8A1}.Debug|x64.ActiveCfg = Debug|x64
		{AA2C3916-0749-3E48-B1E1-42E314AAC8A1}.Debug|x64.Build.0 = Debug|x64
		{AA2C3916-0749-3E48-B1E1-42E314AAC8A1}.Release|x64.ActiveCfg = Release|x64
		{AA2C3916-0749-3E48-B1E1-42E314AAC8A1}.Release|x64.Build.0 = Release|x64
		{AA2C3916-0749-3E48-B1E1-42E314AAC8A1}.MinSizeRel|x64.ActiveCfg = MinSizeRel|x64
		{AA2C3916-0749-3E48-B1E1-42E314AAC8A1}.MinSizeRel|x64.Build.0 = MinSizeRel|x64
		{AA2C3916-0749-3E48-B1E1-42E314AAC8A1}.RelWithDebInfo|x64.ActiveCfg = RelWithDebInfo|x64
		{AA2C3916-0749-3E48-B1E1-42E314AAC8A1}.RelWithDebInfo|x64.Build.0 = RelWithDebInfo|x64
		{B06BFCEA-25F6-3706-A2D2-ABE2F0740497}.Debug|x64.ActiveCfg = Debug|x64
		{B06BFCEA-25F6-3706-A2D2-ABE2F0740497}.Debug|x64.Build.0 = Debug|x64
		{B06BFCEA-25F6-3706-A2D2-ABE2F0740497}.Release|x64.ActiveCfg = Release|x64
		{B06BFCEA-25F6-3706-A2D2-ABE2F0740497}.Release|x64.Build.0 = Release|x64
		{B06BFCEA-25F6-3706-A2D2-ABE2F0740497}.MinSizeRel|x64.ActiveCfg = MinSizeRel|x64
		{B06BFCEA-25F6-3706-A2D2-ABE2F0740497}.MinSizeRel|x64.Build.0 = MinSizeRel|x64
		{B06BFCEA-25F6-3706-A2D2-ABE2F0740497}.RelWithDebInfo|x64.ActiveCfg = RelWithDebInfo|x64
		{B06BFCEA-25F6-3706-A2D2-ABE2F0740497}.RelWithDebInfo|x64.Build.0 = RelWithDebInfo|x64
	EndGlobalSection
	GlobalSection(ExtensibilityGlobals) = postSolution
		SolutionGuid = {30F067EF-717F-3908-8597-A980D37053AC}
	EndGlobalSection
	GlobalSection(ExtensibilityAddIns) = postSolution
	EndGlobalSection
EndGlobal
